Microsoft Visual Studio Solution File, Format Version 12.00
# Visual Studio 15
VisualStudioVersion = 15.0.27130.2027
MinimumVisualStudioVersion = 10.0.40219.1
Project("{8BC9CEB8-8B4A-11D0-8D11-00A0C91BC942}") = "common", "common\win32\win32common.vcxproj", "{F51D094D-FBE1-4773-89F0-1321C5210CEC}"
EndProject
Project("{8BC9CEB8-8B4A-11D0-8D11-00A0C91BC942}") = "ghttp", "ghttp\ghttp.vcxproj", "{1338A207-2F4F-4FCA-9305-79A4609D7296}"
EndProject
Project("{8BC9CEB8-8B4A-11D0-8D11-00A0C91BC942}") = "ghttpc", "ghttp\ghttpc\ghttpc.vcxproj", "{75D6C79F-699B-4C66-ADC8-818E77295A08}"
EndProject
Project("{8BC9CEB8-8B4A-11D0-8D11-00A0C91BC942}") = "GP", "GP\GP.vcxproj", "{73FD8394-2799-4875-9B77-2DB5F5243CD2}"
EndProject
Project("{2150E333-8FDC-42A3-9474-1A3956D46DE8}") = "Tests", "Tests", "{0550F45B-87E2-4CAA-B5D0-8898F5E50CBC}"
EndProject
Project("{8BC9CEB8-8B4A-11D0-8D11-00A0C91BC942}") = "gpstress", "GP\gpstress\gpstress.vcxproj", "{ADC08350-16C5-4822-A04A-1AD5133CF64D}"
EndProject
Project("{8BC9CEB8-8B4A-11D0-8D11-00A0C91BC942}") = "gptest", "GP\gptest\gptest.vcxproj", "{E6B3FC4E-7F99-47F1-A57E-55ED2F3863A8}"
EndProject
Project("{8BC9CEB8-8B4A-11D0-8D11-00A0C91BC942}") = "gptestc", "GP\gptestc\gptestc.vcxproj", "{053EC363-5360-4CE4-B476-A5108293C5FA}"
EndProject
Project("{8BC9CEB8-8B4A-11D0-8D11-00A0C91BC942}") = "gt2", "gt2\gt2.vcxproj", "{E6C66FDF-1934-4A5F-A80E-01E0576ABFAC}"
EndProject
Project("{8BC9CEB8-8B4A-11D0-8D11-00A0C91BC942}") = "gt2action", "gt2\gt2action\gt2action.vcxproj", "{A982C0BF-D9A9-4CB3-91EA-C4D95CD96361}"
EndProject
Project("{8BC9CEB8-8B4A-11D0-8D11-00A0C91BC942}") = "gt2hostmig", "gt2\gt2hostmig\gt2hostmig.vcxproj", "{1CE7906B-6082-4042-B34F-9373D77DB425}"
EndProject
Project("{8BC9CEB8-8B4A-11D0-8D11-00A0C91BC942}") = "gt2nat", "gt2\gt2nat\gt2nat.vcxproj", "{1DDD5585-F0E6-45F3-92D6-BC671A9BA4E6}"
EndProject
Project("{8BC9CEB8-8B4A-11D0-8D11-00A0C91BC942}") = "gt2proxy", "gt2\gt2proxy\gt2proxy.vcxproj", "{48BE03E2-3540-4386-BC9E-7E4B9F35135F}"
EndProject
Project("{8BC9CEB8-8B4A-11D0-8D11-00A0C91BC942}") = "gt2testc", "gt2\gt2testc\gt2testc.vcxproj", "{CB6F5752-72AA-4F19-957A-BAC6EE1002A9}"
EndProject
Project("{8BC9CEB8-8B4A-11D0-8D11-00A0C91BC942}") = "gt2test", "gt2\gt2test\gt2test.vcxproj", "{666F1A4F-216F-40D3-900F-7BAA3FEC31A9}"
EndProject
Project("{8BC9CEB8-8B4A-11D0-8D11-00A0C91BC942}") = "qr2", "qr2\qr2.vcxproj", "{77247CB4-15AB-464E-AEF1-BCE353A818DD}"
EndProject
Project("{8BC9CEB8-8B4A-11D0-8D11-00A0C91BC942}") = "qr2csample", "qr2\qr2csample\qr2csample.vcxproj", "{3D185399-A7E6-4C67-9D3E-6B81E0D9EDA2}"
EndProject
Project("{8BC9CEB8-8B4A-11D0-8D11-00A0C91BC942}") = "natneg", "natneg\natneg.vcxproj", "{FE7DB30D-02B0-4E90-861A-30F76343E437}"
EndProject
Project("{8BC9CEB8-8B4A-11D0-8D11-00A0C91BC942}") = "simpletest", "natneg\simpletest\simpletest.vcxproj", "{B515ADDA-B172-4AFD-9434-7039AE31B892}"
EndProject
Project("{8BC9CEB8-8B4A-11D0-8D11-00A0C91BC942}") = "ghttpmfc", "ghttp\ghttpmfc\ghttpmfc.vcxproj", "{0DC21D1C-D515-43C9-969C-29B89E0A8A20}"
EndProject
Project("{8BC9CEB8-8B4A-11D0-8D11-00A0C91BC942}") = "CdkeyGen", "gcdkey\CdkeyGen\CdkeyGen.vcxproj", "{25364C96-DA21-4ED5-AABD-BD3EFAB6357B}"
EndProject
Project("{8BC9CEB8-8B4A-11D0-8D11-00A0C91BC942}") = "ClientTest", "gcdkey\ClientTest\ClientTest.vcxproj", "{E6CF8D9C-138F-4940-B1F2-BE5F369F4034}"
EndProject
Project("{8BC9CEB8-8B4A-11D0-8D11-00A0C91BC942}") = "ServerTest", "gcdkey\ServerTest\ServerTest.vcxproj", "{D247EC2E-5318-41A4-8EB4-AF9DBC33A017}"
EndProject
Project("{8BC9CEB8-8B4A-11D0-8D11-00A0C91BC942}") = "ServerTestQR2", "gcdkey\ServerTestQR2\ServerTestQR2.vcxproj", "{55A76B25-95BD-4F54-9122-8418D2D5F8BD}"
EndProject
Project("{8BC9CEB8-8B4A-11D0-8D11-00A0C91BC942}") = "chatty", "Chat\chatty\chatty.vcxproj", "{E6E425F1-DBD7-41B1-810A-1101C686BD2A}"
EndProject
Project("{8BC9CEB8-8B4A-11D0-8D11-00A0C91BC942}") = "gp_stats", "gstats\gp_stats\gp_stats.vcxproj", "{498F506A-B4A6-41C7-897F-5327D3557E5A}"
EndProject
Project("{8BC9CEB8-8B4A-11D0-8D11-00A0C91BC942}") = "ladderTrack", "gstats\ladderTrack\ladderTrack.vcxproj", "{4E864039-AD93-4493-ACDE-836F3C15E240}"
EndProject
Project("{8BC9CEB8-8B4A-11D0-8D11-00A0C91BC942}") = "multiTrack", "gstats\multiTrack\multiTrack.vcxproj", "{844143D4-0F5E-4943-852C-1FD3DA5F83FF}"
EndProject
Project("{8BC9CEB8-8B4A-11D0-8D11-00A0C91BC942}") = "persisttest", "gstats\persisttest\persisttest.vcxproj", "{1AB01231-08D1-41C5-829A-6297850B0663}"
EndProject
Project("{8BC9CEB8-8B4A-11D0-8D11-00A0C91BC942}") = "statstest", "gstats\statstest\statstest.vcxproj", "{B6D667C1-66B2-446D-97AA-06CB110E9D3B}"
EndProject
Project("{8BC9CEB8-8B4A-11D0-8D11-00A0C91BC942}") = "track", "gstats\track\track.vcxproj", "{43D71A90-1415-4DBE-B0B1-6FF03337C3B3}"
EndProject
Project("{8BC9CEB8-8B4A-11D0-8D11-00A0C91BC942}") = "gstats", "gstats\gstats.vcxproj", "{EF3E3592-B5B3-4CB1-AFB7-F09A5E4E3A37}"
EndProject
Project("{8BC9CEB8-8B4A-11D0-8D11-00A0C91BC942}") = "peerc", "Peer\peerc\peerc.vcxproj", "{FA18F7D0-AF35-48EC-B687-566352AF0297}"
EndProject
Project("{8BC9CEB8-8B4A-11D0-8D11-00A0C91BC942}") = "PeerLobby", "Peer\PeerLobby\PeerLobby.vcxproj", "{A42D144D-87D8-4E0A-B91E-1E34D2622119}"
EndProject
Project("{8BC9CEB8-8B4A-11D0-8D11-00A0C91BC942}") = "Peer", "Peer\Peer.vcxproj", "{8C2D3A6B-3345-44F4-B594-D707521BB260}"
EndProject
Project("{8BC9CEB8-8B4A-11D0-8D11-00A0C91BC942}") = "PeerTest", "Peer\PeerTest\PeerTest.vcxproj", "{4B95C508-48A3-43A1-9901-00D7AADDC025}"
EndProject
Project("{8BC9CEB8-8B4A-11D0-8D11-00A0C91BC942}") = "pingTest", "pinger\pingTest\pingTest.vcxproj", "{A4DFD8D0-DD9B-436C-83BE-EF6AF411C4C9}"
EndProject
Project("{8BC9CEB8-8B4A-11D0-8D11-00A0C91BC942}") = "pinger", "pinger\pinger.vcxproj", "{CE37CD7F-1F13-48A3-A372-E96151B01BE0}"
EndProject
Project("{8BC9CEB8-8B4A-11D0-8D11-00A0C91BC942}") = "pt", "pt\pt.vcxproj", "{F6C0D393-FA4A-47CC-8A75-986D041B131D}"
EndProject
Project("{8BC9CEB8-8B4A-11D0-8D11-00A0C91BC942}") = "pttestc", "pt\pttestc\pttestc.vcxproj", "{53A8FE67-0E19-4D4E-8A76-4FC3F0C74E26}"
EndProject
Project("{8BC9CEB8-8B4A-11D0-8D11-00A0C91BC942}") = "saketest", "sake\saketest\saketest.vcxproj", "{95F496C3-80E5-45DE-ADE4-9FBF0AAAB54E}"
EndProject
Project("{8BC9CEB8-8B4A-11D0-8D11-00A0C91BC942}") = "sake", "sake\sake.vcxproj", "{8E65BE16-C1E6-4B71-A1F3-1CDD78A39B34}"
EndProject
Project("{8BC9CEB8-8B4A-11D0-8D11-00A0C91BC942}") = "ScRaceSample", "sc\scRaceSample\scRaceSample.vcxproj", "{7E5068CF-6332-4DD2-9BD5-FF612C210754}"
EndProject
Project("{8BC9CEB8-8B4A-11D0-8D11-00A0C91BC942}") = "sctest", "sc\sctest\sctest.vcxproj", "{B066EC8A-9F19-4854-AEEE-0B0EC4F31BCC}"
EndProject
Project("{8BC9CEB8-8B4A-11D0-8D11-00A0C91BC942}") = "sctestmatchless", "sc\sctestmatchless\sctestmatchless.vcxproj", "{75E5DD78-5AA2-4154-BEC6-92DC66897852}"
EndProject
Project("{8BC9CEB8-8B4A-11D0-8D11-00A0C91BC942}") = "sc", "sc\sc.vcxproj", "{249D7D84-AB2A-41A9-9814-644FDA85E469}"
EndProject
Project("{8BC9CEB8-8B4A-11D0-8D11-00A0C91BC942}") = "sbctest", "serverbrowsing\sbctest\sbctest.vcxproj", "{8B03DE7D-6B1F-4A92-ADA7-BFE785FFC924}"
EndProject
Project("{8BC9CEB8-8B4A-11D0-8D11-00A0C91BC942}") = "sbmfcsample", "serverbrowsing\sbmfcsample\sbmfcsample.vcxproj", "{AD1174F8-1834-47E4-BE67-F963D659059B}"
EndProject
Project("{8BC9CEB8-8B4A-11D0-8D11-00A0C91BC942}") = "querytest", "serverbrowsing\querytest\querytest.vcxproj", "{0EA17926-F21E-4855-BAA8-9284502EE1FE}"
EndProject
Project("{8BC9CEB8-8B4A-11D0-8D11-00A0C91BC942}") = "serverbrowsing", "serverbrowsing\serverbrowsing.vcxproj", "{C0A9FA4C-7B01-4C78-954D-BB5B9CBA58D9}"
EndProject
Project("{8BC9CEB8-8B4A-11D0-8D11-00A0C91BC942}") = "authtest", "webservices\authtest\authtest.vcxproj", "{DBAE204C-144E-4DA1-8233-80C822524AF9}"
EndProject
Project("{8BC9CEB8-8B4A-11D0-8D11-00A0C91BC942}") = "webservices", "webservices\webservices.vcxproj", "{D869A1C6-9EA1-47E8-88AA-05E40EF63367}"
EndProject
Project("{8BC9CEB8-8B4A-11D0-8D11-00A0C91BC942}") = "brigades", "brigades\brigades.vcxproj", "{CCA3795B-81FB-472A-9BC3-F4034FC3935E}"
EndProject
Project("{8BC9CEB8-8B4A-11D0-8D11-00A0C91BC942}") = "Chat", "Chat\Chat.vcxproj", "{783FE9C5-0EDD-4286-922D-A224D47ED561}"
EndProject
Project("{8BC9CEB8-8B4A-11D0-8D11-00A0C91BC942}") = "gcdkey", "gcdkey\gcdkey.vcxproj", "{F129C841-474D-4453-813C-3482996AB040}"
EndProject
Global
	GlobalSection(SolutionConfigurationPlatforms) = preSolution
		Debug|x86 = Debug|x86
		Release|x86 = Release|x86
		Template|x86 = Template|x86
		Unicode Debug|x86 = Unicode Debug|x86
		Unicode Release|x86 = Unicode Release|x86
	EndGlobalSection
	GlobalSection(ProjectConfigurationPlatforms) = postSolution
		{F51D094D-FBE1-4773-89F0-1321C5210CEC}.Debug|x86.ActiveCfg = Debug|Win32
		{F51D094D-FBE1-4773-89F0-1321C5210CEC}.Debug|x86.Build.0 = Debug|Win32
		{F51D094D-FBE1-4773-89F0-1321C5210CEC}.Release|x86.ActiveCfg = Release|Win32
		{F51D094D-FBE1-4773-89F0-1321C5210CEC}.Release|x86.Build.0 = Release|Win32
		{F51D094D-FBE1-4773-89F0-1321C5210CEC}.Template|x86.ActiveCfg = Release|Win32
		{F51D094D-FBE1-4773-89F0-1321C5210CEC}.Template|x86.Build.0 = Release|Win32
		{F51D094D-FBE1-4773-89F0-1321C5210CEC}.Unicode Debug|x86.ActiveCfg = Debug|Win32
		{F51D094D-FBE1-4773-89F0-1321C5210CEC}.Unicode Debug|x86.Build.0 = Debug|Win32
		{F51D094D-FBE1-4773-89F0-1321C5210CEC}.Unicode Release|x86.ActiveCfg = Release|Win32
		{F51D094D-FBE1-4773-89F0-1321C5210CEC}.Unicode Release|x86.Build.0 = Release|Win32
		{1338A207-2F4F-4FCA-9305-79A4609D7296}.Debug|x86.ActiveCfg = Debug|Win32
		{1338A207-2F4F-4FCA-9305-79A4609D7296}.Debug|x86.Build.0 = Debug|Win32
		{1338A207-2F4F-4FCA-9305-79A4609D7296}.Release|x86.ActiveCfg = Release|Win32
		{1338A207-2F4F-4FCA-9305-79A4609D7296}.Release|x86.Build.0 = Release|Win32
		{1338A207-2F4F-4FCA-9305-79A4609D7296}.Template|x86.ActiveCfg = Release|Win32
		{1338A207-2F4F-4FCA-9305-79A4609D7296}.Template|x86.Build.0 = Release|Win32
		{1338A207-2F4F-4FCA-9305-79A4609D7296}.Unicode Debug|x86.ActiveCfg = Debug|Win32
		{1338A207-2F4F-4FCA-9305-79A4609D7296}.Unicode Debug|x86.Build.0 = Debug|Win32
		{1338A207-2F4F-4FCA-9305-79A4609D7296}.Unicode Release|x86.ActiveCfg = Release|Win32
		{1338A207-2F4F-4FCA-9305-79A4609D7296}.Unicode Release|x86.Build.0 = Release|Win32
		{75D6C79F-699B-4C66-ADC8-818E77295A08}.Debug|x86.ActiveCfg = Debug|Win32
		{75D6C79F-699B-4C66-ADC8-818E77295A08}.Debug|x86.Build.0 = Debug|Win32
		{75D6C79F-699B-4C66-ADC8-818E77295A08}.Release|x86.ActiveCfg = Release|Win32
		{75D6C79F-699B-4C66-ADC8-818E77295A08}.Release|x86.Build.0 = Release|Win32
		{75D6C79F-699B-4C66-ADC8-818E77295A08}.Template|x86.ActiveCfg = Unicode Release|Win32
		{75D6C79F-699B-4C66-ADC8-818E77295A08}.Template|x86.Build.0 = Unicode Release|Win32
		{75D6C79F-699B-4C66-ADC8-818E77295A08}.Unicode Debug|x86.ActiveCfg = Unicode Debug|Win32
		{75D6C79F-699B-4C66-ADC8-818E77295A08}.Unicode Debug|x86.Build.0 = Unicode Debug|Win32
		{75D6C79F-699B-4C66-ADC8-818E77295A08}.Unicode Release|x86.ActiveCfg = Unicode Release|Win32
		{75D6C79F-699B-4C66-ADC8-818E77295A08}.Unicode Release|x86.Build.0 = Unicode Release|Win32
		{73FD8394-2799-4875-9B77-2DB5F5243CD2}.Debug|x86.ActiveCfg = Debug|Win32
		{73FD8394-2799-4875-9B77-2DB5F5243CD2}.Debug|x86.Build.0 = Debug|Win32
		{73FD8394-2799-4875-9B77-2DB5F5243CD2}.Release|x86.ActiveCfg = Release|Win32
		{73FD8394-2799-4875-9B77-2DB5F5243CD2}.Release|x86.Build.0 = Release|Win32
		{73FD8394-2799-4875-9B77-2DB5F5243CD2}.Template|x86.ActiveCfg = Release|Win32
		{73FD8394-2799-4875-9B77-2DB5F5243CD2}.Template|x86.Build.0 = Release|Win32
		{73FD8394-2799-4875-9B77-2DB5F5243CD2}.Unicode Debug|x86.ActiveCfg = Debug|Win32
		{73FD8394-2799-4875-9B77-2DB5F5243CD2}.Unicode Debug|x86.Build.0 = Debug|Win32
		{73FD8394-2799-4875-9B77-2DB5F5243CD2}.Unicode Release|x86.ActiveCfg = Release|Win32
		{73FD8394-2799-4875-9B77-2DB5F5243CD2}.Unicode Release|x86.Build.0 = Release|Win32
		{ADC08350-16C5-4822-A04A-1AD5133CF64D}.Debug|x86.ActiveCfg = Debug|Win32
		{ADC08350-16C5-4822-A04A-1AD5133CF64D}.Debug|x86.Build.0 = Debug|Win32
		{ADC08350-16C5-4822-A04A-1AD5133CF64D}.Release|x86.ActiveCfg = Release|Win32
		{ADC08350-16C5-4822-A04A-1AD5133CF64D}.Release|x86.Build.0 = Release|Win32
		{ADC08350-16C5-4822-A04A-1AD5133CF64D}.Template|x86.ActiveCfg = Release|Win32
		{ADC08350-16C5-4822-A04A-1AD5133CF64D}.Template|x86.Build.0 = Release|Win32
		{ADC08350-16C5-4822-A04A-1AD5133CF64D}.Unicode Debug|x86.ActiveCfg = Debug|Win32
		{ADC08350-16C5-4822-A04A-1AD5133CF64D}.Unicode Debug|x86.Build.0 = Debug|Win32
		{ADC08350-16C5-4822-A04A-1AD5133CF64D}.Unicode Release|x86.ActiveCfg = Release|Win32
		{ADC08350-16C5-4822-A04A-1AD5133CF64D}.Unicode Release|x86.Build.0 = Release|Win32
		{E6B3FC4E-7F99-47F1-A57E-55ED2F3863A8}.Debug|x86.ActiveCfg = Debug|Win32
		{E6B3FC4E-7F99-47F1-A57E-55ED2F3863A8}.Debug|x86.Build.0 = Debug|Win32
		{E6B3FC4E-7F99-47F1-A57E-55ED2F3863A8}.Release|x86.ActiveCfg = Release|Win32
		{E6B3FC4E-7F99-47F1-A57E-55ED2F3863A8}.Release|x86.Build.0 = Release|Win32
		{E6B3FC4E-7F99-47F1-A57E-55ED2F3863A8}.Template|x86.ActiveCfg = Release|Win32
		{E6B3FC4E-7F99-47F1-A57E-55ED2F3863A8}.Template|x86.Build.0 = Release|Win32
		{E6B3FC4E-7F99-47F1-A57E-55ED2F3863A8}.Unicode Debug|x86.ActiveCfg = Debug|Win32
		{E6B3FC4E-7F99-47F1-A57E-55ED2F3863A8}.Unicode Debug|x86.Build.0 = Debug|Win32
		{E6B3FC4E-7F99-47F1-A57E-55ED2F3863A8}.Unicode Release|x86.ActiveCfg = Release|Win32
		{E6B3FC4E-7F99-47F1-A57E-55ED2F3863A8}.Unicode Release|x86.Build.0 = Release|Win32
		{053EC363-5360-4CE4-B476-A5108293C5FA}.Debug|x86.ActiveCfg = Debug|Win32
		{053EC363-5360-4CE4-B476-A5108293C5FA}.Debug|x86.Build.0 = Debug|Win32
		{053EC363-5360-4CE4-B476-A5108293C5FA}.Release|x86.ActiveCfg = Release|Win32
		{053EC363-5360-4CE4-B476-A5108293C5FA}.Release|x86.Build.0 = Release|Win32
		{053EC363-5360-4CE4-B476-A5108293C5FA}.Template|x86.ActiveCfg = Unicode Release|Win32
		{053EC363-5360-4CE4-B476-A5108293C5FA}.Template|x86.Build.0 = Unicode Release|Win32
		{053EC363-5360-4CE4-B476-A5108293C5FA}.Unicode Debug|x86.ActiveCfg = Unicode Debug|Win32
		{053EC363-5360-4CE4-B476-A5108293C5FA}.Unicode Debug|x86.Build.0 = Unicode Debug|Win32
		{053EC363-5360-4CE4-B476-A5108293C5FA}.Unicode Release|x86.ActiveCfg = Unicode Release|Win32
		{053EC363-5360-4CE4-B476-A5108293C5FA}.Unicode Release|x86.Build.0 = Unicode Release|Win32
		{E6C66FDF-1934-4A5F-A80E-01E0576ABFAC}.Debug|x86.ActiveCfg = Debug|Win32
		{E6C66FDF-1934-4A5F-A80E-01E0576ABFAC}.Debug|x86.Build.0 = Debug|Win32
		{E6C66FDF-1934-4A5F-A80E-01E0576ABFAC}.Release|x86.ActiveCfg = Release|Win32
		{E6C66FDF-1934-4A5F-A80E-01E0576ABFAC}.Release|x86.Build.0 = Release|Win32
		{E6C66FDF-1934-4A5F-A80E-01E0576ABFAC}.Template|x86.ActiveCfg = Release|Win32
		{E6C66FDF-1934-4A5F-A80E-01E0576ABFAC}.Template|x86.Build.0 = Release|Win32
		{E6C66FDF-1934-4A5F-A80E-01E0576ABFAC}.Unicode Debug|x86.ActiveCfg = Debug|Win32
		{E6C66FDF-1934-4A5F-A80E-01E0576ABFAC}.Unicode Debug|x86.Build.0 = Debug|Win32
		{E6C66FDF-1934-4A5F-A80E-01E0576ABFAC}.Unicode Release|x86.ActiveCfg = Release|Win32
		{E6C66FDF-1934-4A5F-A80E-01E0576ABFAC}.Unicode Release|x86.Build.0 = Release|Win32
		{A982C0BF-D9A9-4CB3-91EA-C4D95CD96361}.Debug|x86.ActiveCfg = Debug|Win32
		{A982C0BF-D9A9-4CB3-91EA-C4D95CD96361}.Debug|x86.Build.0 = Debug|Win32
		{A982C0BF-D9A9-4CB3-91EA-C4D95CD96361}.Release|x86.ActiveCfg = Release|Win32
		{A982C0BF-D9A9-4CB3-91EA-C4D95CD96361}.Release|x86.Build.0 = Release|Win32
		{A982C0BF-D9A9-4CB3-91EA-C4D95CD96361}.Template|x86.ActiveCfg = Release|Win32
		{A982C0BF-D9A9-4CB3-91EA-C4D95CD96361}.Template|x86.Build.0 = Release|Win32
		{A982C0BF-D9A9-4CB3-91EA-C4D95CD96361}.Unicode Debug|x86.ActiveCfg = Debug|Win32
		{A982C0BF-D9A9-4CB3-91EA-C4D95CD96361}.Unicode Debug|x86.Build.0 = Debug|Win32
		{A982C0BF-D9A9-4CB3-91EA-C4D95CD96361}.Unicode Release|x86.ActiveCfg = Release|Win32
		{A982C0BF-D9A9-4CB3-91EA-C4D95CD96361}.Unicode Release|x86.Build.0 = Release|Win32
		{1CE7906B-6082-4042-B34F-9373D77DB425}.Debug|x86.ActiveCfg = Debug|Win32
		{1CE7906B-6082-4042-B34F-9373D77DB425}.Debug|x86.Build.0 = Debug|Win32
		{1CE7906B-6082-4042-B34F-9373D77DB425}.Release|x86.ActiveCfg = Release|Win32
		{1CE7906B-6082-4042-B34F-9373D77DB425}.Release|x86.Build.0 = Release|Win32
		{1CE7906B-6082-4042-B34F-9373D77DB425}.Template|x86.ActiveCfg = Release|Win32
		{1CE7906B-6082-4042-B34F-9373D77DB425}.Template|x86.Build.0 = Release|Win32
		{1CE7906B-6082-4042-B34F-9373D77DB425}.Unicode Debug|x86.ActiveCfg = Debug|Win32
		{1CE7906B-6082-4042-B34F-9373D77DB425}.Unicode Debug|x86.Build.0 = Debug|Win32
		{1CE7906B-6082-4042-B34F-9373D77DB425}.Unicode Release|x86.ActiveCfg = Release|Win32
		{1CE7906B-6082-4042-B34F-9373D77DB425}.Unicode Release|x86.Build.0 = Release|Win32
		{1DDD5585-F0E6-45F3-92D6-BC671A9BA4E6}.Debug|x86.ActiveCfg = Debug|Win32
		{1DDD5585-F0E6-45F3-92D6-BC671A9BA4E6}.Debug|x86.Build.0 = Debug|Win32
		{1DDD5585-F0E6-45F3-92D6-BC671A9BA4E6}.Release|x86.ActiveCfg = Release|Win32
		{1DDD5585-F0E6-45F3-92D6-BC671A9BA4E6}.Release|x86.Build.0 = Release|Win32
		{1DDD5585-F0E6-45F3-92D6-BC671A9BA4E6}.Template|x86.ActiveCfg = Release|Win32
		{1DDD5585-F0E6-45F3-92D6-BC671A9BA4E6}.Template|x86.Build.0 = Release|Win32
		{1DDD5585-F0E6-45F3-92D6-BC671A9BA4E6}.Unicode Debug|x86.ActiveCfg = Debug|Win32
		{1DDD5585-F0E6-45F3-92D6-BC671A9BA4E6}.Unicode Debug|x86.Build.0 = Debug|Win32
		{1DDD5585-F0E6-45F3-92D6-BC671A9BA4E6}.Unicode Release|x86.ActiveCfg = Release|Win32
		{1DDD5585-F0E6-45F3-92D6-BC671A9BA4E6}.Unicode Release|x86.Build.0 = Release|Win32
		{48BE03E2-3540-4386-BC9E-7E4B9F35135F}.Debug|x86.ActiveCfg = Debug|Win32
		{48BE03E2-3540-4386-BC9E-7E4B9F35135F}.Debug|x86.Build.0 = Debug|Win32
		{48BE03E2-3540-4386-BC9E-7E4B9F35135F}.Release|x86.ActiveCfg = Release|Win32
		{48BE03E2-3540-4386-BC9E-7E4B9F35135F}.Release|x86.Build.0 = Release|Win32
		{48BE03E2-3540-4386-BC9E-7E4B9F35135F}.Template|x86.ActiveCfg = Release|Win32
		{48BE03E2-3540-4386-BC9E-7E4B9F35135F}.Template|x86.Build.0 = Release|Win32
		{48BE03E2-3540-4386-BC9E-7E4B9F35135F}.Unicode Debug|x86.ActiveCfg = Debug|Win32
		{48BE03E2-3540-4386-BC9E-7E4B9F35135F}.Unicode Debug|x86.Build.0 = Debug|Win32
		{48BE03E2-3540-4386-BC9E-7E4B9F35135F}.Unicode Release|x86.ActiveCfg = Release|Win32
		{48BE03E2-3540-4386-BC9E-7E4B9F35135F}.Unicode Release|x86.Build.0 = Release|Win32
		{CB6F5752-72AA-4F19-957A-BAC6EE1002A9}.Debug|x86.ActiveCfg = Debug|Win32
		{CB6F5752-72AA-4F19-957A-BAC6EE1002A9}.Debug|x86.Build.0 = Debug|Win32
		{CB6F5752-72AA-4F19-957A-BAC6EE1002A9}.Release|x86.ActiveCfg = Release|Win32
		{CB6F5752-72AA-4F19-957A-BAC6EE1002A9}.Release|x86.Build.0 = Release|Win32
		{CB6F5752-72AA-4F19-957A-BAC6EE1002A9}.Template|x86.ActiveCfg = Unicode Release|Win32
		{CB6F5752-72AA-4F19-957A-BAC6EE1002A9}.Template|x86.Build.0 = Unicode Release|Win32
		{CB6F5752-72AA-4F19-957A-BAC6EE1002A9}.Unicode Debug|x86.ActiveCfg = Unicode Debug|Win32
		{CB6F5752-72AA-4F19-957A-BAC6EE1002A9}.Unicode Debug|x86.Build.0 = Unicode Debug|Win32
		{CB6F5752-72AA-4F19-957A-BAC6EE1002A9}.Unicode Release|x86.ActiveCfg = Unicode Release|Win32
		{CB6F5752-72AA-4F19-957A-BAC6EE1002A9}.Unicode Release|x86.Build.0 = Unicode Release|Win32
		{666F1A4F-216F-40D3-900F-7BAA3FEC31A9}.Debug|x86.ActiveCfg = Debug|Win32
		{666F1A4F-216F-40D3-900F-7BAA3FEC31A9}.Debug|x86.Build.0 = Debug|Win32
		{666F1A4F-216F-40D3-900F-7BAA3FEC31A9}.Release|x86.ActiveCfg = Release|Win32
		{666F1A4F-216F-40D3-900F-7BAA3FEC31A9}.Release|x86.Build.0 = Release|Win32
		{666F1A4F-216F-40D3-900F-7BAA3FEC31A9}.Template|x86.ActiveCfg = Release|Win32
		{666F1A4F-216F-40D3-900F-7BAA3FEC31A9}.Template|x86.Build.0 = Release|Win32
		{666F1A4F-216F-40D3-900F-7BAA3FEC31A9}.Unicode Debug|x86.ActiveCfg = Debug|Win32
		{666F1A4F-216F-40D3-900F-7BAA3FEC31A9}.Unicode Debug|x86.Build.0 = Debug|Win32
		{666F1A4F-216F-40D3-900F-7BAA3FEC31A9}.Unicode Release|x86.ActiveCfg = Release|Win32
		{666F1A4F-216F-40D3-900F-7BAA3FEC31A9}.Unicode Release|x86.Build.0 = Release|Win32
		{77247CB4-15AB-464E-AEF1-BCE353A818DD}.Debug|x86.ActiveCfg = Debug|Win32
		{77247CB4-15AB-464E-AEF1-BCE353A818DD}.Debug|x86.Build.0 = Debug|Win32
		{77247CB4-15AB-464E-AEF1-BCE353A818DD}.Release|x86.ActiveCfg = Release|Win32
		{77247CB4-15AB-464E-AEF1-BCE353A818DD}.Release|x86.Build.0 = Release|Win32
		{77247CB4-15AB-464E-AEF1-BCE353A818DD}.Template|x86.ActiveCfg = Release|Win32
		{77247CB4-15AB-464E-AEF1-BCE353A818DD}.Template|x86.Build.0 = Release|Win32
		{77247CB4-15AB-464E-AEF1-BCE353A818DD}.Unicode Debug|x86.ActiveCfg = Debug|Win32
		{77247CB4-15AB-464E-AEF1-BCE353A818DD}.Unicode Debug|x86.Build.0 = Debug|Win32
		{77247CB4-15AB-464E-AEF1-BCE353A818DD}.Unicode Release|x86.ActiveCfg = Release|Win32
		{77247CB4-15AB-464E-AEF1-BCE353A818DD}.Unicode Release|x86.Build.0 = Release|Win32
		{3D185399-A7E6-4C67-9D3E-6B81E0D9EDA2}.Debug|x86.ActiveCfg = Debug|Win32
		{3D185399-A7E6-4C67-9D3E-6B81E0D9EDA2}.Debug|x86.Build.0 = Debug|Win32
		{3D185399-A7E6-4C67-9D3E-6B81E0D9EDA2}.Release|x86.ActiveCfg = Release|Win32
		{3D185399-A7E6-4C67-9D3E-6B81E0D9EDA2}.Release|x86.Build.0 = Release|Win32
		{3D185399-A7E6-4C67-9D3E-6B81E0D9EDA2}.Template|x86.ActiveCfg = Template|Win32
		{3D185399-A7E6-4C67-9D3E-6B81E0D9EDA2}.Template|x86.Build.0 = Template|Win32
		{3D185399-A7E6-4C67-9D3E-6B81E0D9EDA2}.Unicode Debug|x86.ActiveCfg = Unicode Debug|Win32
		{3D185399-A7E6-4C67-9D3E-6B81E0D9EDA2}.Unicode Debug|x86.Build.0 = Unicode Debug|Win32
		{3D185399-A7E6-4C67-9D3E-6B81E0D9EDA2}.Unicode Release|x86.ActiveCfg = Unicode Release|Win32
		{3D185399-A7E6-4C67-9D3E-6B81E0D9EDA2}.Unicode Release|x86.Build.0 = Unicode Release|Win32
		{FE7DB30D-02B0-4E90-861A-30F76343E437}.Debug|x86.ActiveCfg = Debug|Win32
		{FE7DB30D-02B0-4E90-861A-30F76343E437}.Debug|x86.Build.0 = Debug|Win32
		{FE7DB30D-02B0-4E90-861A-30F76343E437}.Release|x86.ActiveCfg = Release|Win32
		{FE7DB30D-02B0-4E90-861A-30F76343E437}.Release|x86.Build.0 = Release|Win32
		{FE7DB30D-02B0-4E90-861A-30F76343E437}.Template|x86.ActiveCfg = Release|Win32
		{FE7DB30D-02B0-4E90-861A-30F76343E437}.Template|x86.Build.0 = Release|Win32
		{FE7DB30D-02B0-4E90-861A-30F76343E437}.Unicode Debug|x86.ActiveCfg = Debug|Win32
		{FE7DB30D-02B0-4E90-861A-30F76343E437}.Unicode Debug|x86.Build.0 = Debug|Win32
		{FE7DB30D-02B0-4E90-861A-30F76343E437}.Unicode Release|x86.ActiveCfg = Release|Win32
		{FE7DB30D-02B0-4E90-861A-30F76343E437}.Unicode Release|x86.Build.0 = Release|Win32
		{B515ADDA-B172-4AFD-9434-7039AE31B892}.Debug|x86.ActiveCfg = Debug|Win32
		{B515ADDA-B172-4AFD-9434-7039AE31B892}.Debug|x86.Build.0 = Debug|Win32
		{B515ADDA-B172-4AFD-9434-7039AE31B892}.Release|x86.ActiveCfg = Release|Win32
		{B515ADDA-B172-4AFD-9434-7039AE31B892}.Release|x86.Build.0 = Release|Win32
		{B515ADDA-B172-4AFD-9434-7039AE31B892}.Template|x86.ActiveCfg = Release|Win32
		{B515ADDA-B172-4AFD-9434-7039AE31B892}.Template|x86.Build.0 = Release|Win32
		{B515ADDA-B172-4AFD-9434-7039AE31B892}.Unicode Debug|x86.ActiveCfg = Debug|Win32
		{B515ADDA-B172-4AFD-9434-7039AE31B892}.Unicode Debug|x86.Build.0 = Debug|Win32
		{B515ADDA-B172-4AFD-9434-7039AE31B892}.Unicode Release|x86.ActiveCfg = Release|Win32
		{B515ADDA-B172-4AFD-9434-7039AE31B892}.Unicode Release|x86.Build.0 = Release|Win32
		{0DC21D1C-D515-43C9-969C-29B89E0A8A20}.Debug|x86.ActiveCfg = Debug|Win32
		{0DC21D1C-D515-43C9-969C-29B89E0A8A20}.Debug|x86.Build.0 = Debug|Win32
		{0DC21D1C-D515-43C9-969C-29B89E0A8A20}.Release|x86.ActiveCfg = Release|Win32
		{0DC21D1C-D515-43C9-969C-29B89E0A8A20}.Release|x86.Build.0 = Release|Win32
		{0DC21D1C-D515-43C9-969C-29B89E0A8A20}.Template|x86.ActiveCfg = Release|Win32
		{0DC21D1C-D515-43C9-969C-29B89E0A8A20}.Template|x86.Build.0 = Release|Win32
		{0DC21D1C-D515-43C9-969C-29B89E0A8A20}.Unicode Debug|x86.ActiveCfg = Debug|Win32
		{0DC21D1C-D515-43C9-969C-29B89E0A8A20}.Unicode Debug|x86.Build.0 = Debug|Win32
		{0DC21D1C-D515-43C9-969C-29B89E0A8A20}.Unicode Release|x86.ActiveCfg = Release|Win32
		{0DC21D1C-D515-43C9-969C-29B89E0A8A20}.Unicode Release|x86.Build.0 = Release|Win32
		{25364C96-DA21-4ED5-AABD-BD3EFAB6357B}.Debug|x86.ActiveCfg = Debug|Win32
		{25364C96-DA21-4ED5-AABD-BD3EFAB6357B}.Debug|x86.Build.0 = Debug|Win32
		{25364C96-DA21-4ED5-AABD-BD3EFAB6357B}.Release|x86.ActiveCfg = Release|Win32
		{25364C96-DA21-4ED5-AABD-BD3EFAB6357B}.Release|x86.Build.0 = Release|Win32
		{25364C96-DA21-4ED5-AABD-BD3EFAB6357B}.Template|x86.ActiveCfg = Release|Win32
		{25364C96-DA21-4ED5-AABD-BD3EFAB6357B}.Template|x86.Build.0 = Release|Win32
		{25364C96-DA21-4ED5-AABD-BD3EFAB6357B}.Unicode Debug|x86.ActiveCfg = Debug|Win32
		{25364C96-DA21-4ED5-AABD-BD3EFAB6357B}.Unicode Debug|x86.Build.0 = Debug|Win32
		{25364C96-DA21-4ED5-AABD-BD3EFAB6357B}.Unicode Release|x86.ActiveCfg = Release|Win32
		{25364C96-DA21-4ED5-AABD-BD3EFAB6357B}.Unicode Release|x86.Build.0 = Release|Win32
		{E6CF8D9C-138F-4940-B1F2-BE5F369F4034}.Debug|x86.ActiveCfg = Debug|Win32
		{E6CF8D9C-138F-4940-B1F2-BE5F369F4034}.Debug|x86.Build.0 = Debug|Win32
		{E6CF8D9C-138F-4940-B1F2-BE5F369F4034}.Release|x86.ActiveCfg = Release|Win32
		{E6CF8D9C-138F-4940-B1F2-BE5F369F4034}.Release|x86.Build.0 = Release|Win32
		{E6CF8D9C-138F-4940-B1F2-BE5F369F4034}.Template|x86.ActiveCfg = Release|Win32
		{E6CF8D9C-138F-4940-B1F2-BE5F369F4034}.Template|x86.Build.0 = Release|Win32
		{E6CF8D9C-138F-4940-B1F2-BE5F369F4034}.Unicode Debug|x86.ActiveCfg = Debug|Win32
		{E6CF8D9C-138F-4940-B1F2-BE5F369F4034}.Unicode Debug|x86.Build.0 = Debug|Win32
		{E6CF8D9C-138F-4940-B1F2-BE5F369F4034}.Unicode Release|x86.ActiveCfg = Release|Win32
		{E6CF8D9C-138F-4940-B1F2-BE5F369F4034}.Unicode Release|x86.Build.0 = Release|Win32
		{D247EC2E-5318-41A4-8EB4-AF9DBC33A017}.Debug|x86.ActiveCfg = Debug|Win32
		{D247EC2E-5318-41A4-8EB4-AF9DBC33A017}.Debug|x86.Build.0 = Debug|Win32
		{D247EC2E-5318-41A4-8EB4-AF9DBC33A017}.Release|x86.ActiveCfg = Release|Win32
		{D247EC2E-5318-41A4-8EB4-AF9DBC33A017}.Release|x86.Build.0 = Release|Win32
		{D247EC2E-5318-41A4-8EB4-AF9DBC33A017}.Template|x86.ActiveCfg = Release|Win32
		{D247EC2E-5318-41A4-8EB4-AF9DBC33A017}.Template|x86.Build.0 = Release|Win32
		{D247EC2E-5318-41A4-8EB4-AF9DBC33A017}.Unicode Debug|x86.ActiveCfg = Debug|Win32
		{D247EC2E-5318-41A4-8EB4-AF9DBC33A017}.Unicode Debug|x86.Build.0 = Debug|Win32
		{D247EC2E-5318-41A4-8EB4-AF9DBC33A017}.Unicode Release|x86.ActiveCfg = Release|Win32
		{D247EC2E-5318-41A4-8EB4-AF9DBC33A017}.Unicode Release|x86.Build.0 = Release|Win32
		{55A76B25-95BD-4F54-9122-8418D2D5F8BD}.Debug|x86.ActiveCfg = Debug|Win32
		{55A76B25-95BD-4F54-9122-8418D2D5F8BD}.Debug|x86.Build.0 = Debug|Win32
		{55A76B25-95BD-4F54-9122-8418D2D5F8BD}.Release|x86.ActiveCfg = Release|Win32
		{55A76B25-95BD-4F54-9122-8418D2D5F8BD}.Release|x86.Build.0 = Release|Win32
		{55A76B25-95BD-4F54-9122-8418D2D5F8BD}.Template|x86.ActiveCfg = Release|Win32
		{55A76B25-95BD-4F54-9122-8418D2D5F8BD}.Template|x86.Build.0 = Release|Win32
		{55A76B25-95BD-4F54-9122-8418D2D5F8BD}.Unicode Debug|x86.ActiveCfg = Debug|Win32
		{55A76B25-95BD-4F54-9122-8418D2D5F8BD}.Unicode Debug|x86.Build.0 = Debug|Win32
		{55A76B25-95BD-4F54-9122-8418D2D5F8BD}.Unicode Release|x86.ActiveCfg = Release|Win32
		{55A76B25-95BD-4F54-9122-8418D2D5F8BD}.Unicode Release|x86.Build.0 = Release|Win32
		{E6E425F1-DBD7-41B1-810A-1101C686BD2A}.Debug|x86.ActiveCfg = Debug|Win32
		{E6E425F1-DBD7-41B1-810A-1101C686BD2A}.Debug|x86.Build.0 = Debug|Win32
		{E6E425F1-DBD7-41B1-810A-1101C686BD2A}.Release|x86.ActiveCfg = Release|Win32
		{E6E425F1-DBD7-41B1-810A-1101C686BD2A}.Release|x86.Build.0 = Release|Win32
		{E6E425F1-DBD7-41B1-810A-1101C686BD2A}.Template|x86.ActiveCfg = Release|Win32
		{E6E425F1-DBD7-41B1-810A-1101C686BD2A}.Template|x86.Build.0 = Release|Win32
		{E6E425F1-DBD7-41B1-810A-1101C686BD2A}.Unicode Debug|x86.ActiveCfg = Debug|Win32
		{E6E425F1-DBD7-41B1-810A-1101C686BD2A}.Unicode Debug|x86.Build.0 = Debug|Win32
		{E6E425F1-DBD7-41B1-810A-1101C686BD2A}.Unicode Release|x86.ActiveCfg = Release|Win32
		{E6E425F1-DBD7-41B1-810A-1101C686BD2A}.Unicode Release|x86.Build.0 = Release|Win32
		{498F506A-B4A6-41C7-897F-5327D3557E5A}.Debug|x86.ActiveCfg = Debug|Win32
		{498F506A-B4A6-41C7-897F-5327D3557E5A}.Debug|x86.Build.0 = Debug|Win32
		{498F506A-B4A6-41C7-897F-5327D3557E5A}.Release|x86.ActiveCfg = Release|Win32
		{498F506A-B4A6-41C7-897F-5327D3557E5A}.Release|x86.Build.0 = Release|Win32
		{498F506A-B4A6-41C7-897F-5327D3557E5A}.Template|x86.ActiveCfg = Release|Win32
		{498F506A-B4A6-41C7-897F-5327D3557E5A}.Template|x86.Build.0 = Release|Win32
		{498F506A-B4A6-41C7-897F-5327D3557E5A}.Unicode Debug|x86.ActiveCfg = Debug|Win32
		{498F506A-B4A6-41C7-897F-5327D3557E5A}.Unicode Debug|x86.Build.0 = Debug|Win32
		{498F506A-B4A6-41C7-897F-5327D3557E5A}.Unicode Release|x86.ActiveCfg = Release|Win32
		{498F506A-B4A6-41C7-897F-5327D3557E5A}.Unicode Release|x86.Build.0 = Release|Win32
		{4E864039-AD93-4493-ACDE-836F3C15E240}.Debug|x86.ActiveCfg = Debug|Win32
		{4E864039-AD93-4493-ACDE-836F3C15E240}.Debug|x86.Build.0 = Debug|Win32
		{4E864039-AD93-4493-ACDE-836F3C15E240}.Release|x86.ActiveCfg = Release|Win32
		{4E864039-AD93-4493-ACDE-836F3C15E240}.Release|x86.Build.0 = Release|Win32
		{4E864039-AD93-4493-ACDE-836F3C15E240}.Template|x86.ActiveCfg = Release|Win32
		{4E864039-AD93-4493-ACDE-836F3C15E240}.Template|x86.Build.0 = Release|Win32
		{4E864039-AD93-4493-ACDE-836F3C15E240}.Unicode Debug|x86.ActiveCfg = Debug|Win32
		{4E864039-AD93-4493-ACDE-836F3C15E240}.Unicode Debug|x86.Build.0 = Debug|Win32
		{4E864039-AD93-4493-ACDE-836F3C15E240}.Unicode Release|x86.ActiveCfg = Release|Win32
		{4E864039-AD93-4493-ACDE-836F3C15E240}.Unicode Release|x86.Build.0 = Release|Win32
		{844143D4-0F5E-4943-852C-1FD3DA5F83FF}.Debug|x86.ActiveCfg = Debug|Win32
		{844143D4-0F5E-4943-852C-1FD3DA5F83FF}.Debug|x86.Build.0 = Debug|Win32
		{844143D4-0F5E-4943-852C-1FD3DA5F83FF}.Release|x86.ActiveCfg = Release|Win32
		{844143D4-0F5E-4943-852C-1FD3DA5F83FF}.Release|x86.Build.0 = Release|Win32
		{844143D4-0F5E-4943-852C-1FD3DA5F83FF}.Template|x86.ActiveCfg = Release|Win32
		{844143D4-0F5E-4943-852C-1FD3DA5F83FF}.Template|x86.Build.0 = Release|Win32
		{844143D4-0F5E-4943-852C-1FD3DA5F83FF}.Unicode Debug|x86.ActiveCfg = Debug|Win32
		{844143D4-0F5E-4943-852C-1FD3DA5F83FF}.Unicode Debug|x86.Build.0 = Debug|Win32
		{844143D4-0F5E-4943-852C-1FD3DA5F83FF}.Unicode Release|x86.ActiveCfg = Release|Win32
		{844143D4-0F5E-4943-852C-1FD3DA5F83FF}.Unicode Release|x86.Build.0 = Release|Win32
		{1AB01231-08D1-41C5-829A-6297850B0663}.Debug|x86.ActiveCfg = Debug|Win32
		{1AB01231-08D1-41C5-829A-6297850B0663}.Debug|x86.Build.0 = Debug|Win32
		{1AB01231-08D1-41C5-829A-6297850B0663}.Release|x86.ActiveCfg = Release|Win32
		{1AB01231-08D1-41C5-829A-6297850B0663}.Release|x86.Build.0 = Release|Win32
		{1AB01231-08D1-41C5-829A-6297850B0663}.Template|x86.ActiveCfg = Unicode Release|Win32
		{1AB01231-08D1-41C5-829A-6297850B0663}.Template|x86.Build.0 = Unicode Release|Win32
		{1AB01231-08D1-41C5-829A-6297850B0663}.Unicode Debug|x86.ActiveCfg = Unicode Debug|Win32
		{1AB01231-08D1-41C5-829A-6297850B0663}.Unicode Debug|x86.Build.0 = Unicode Debug|Win32
		{1AB01231-08D1-41C5-829A-6297850B0663}.Unicode Release|x86.ActiveCfg = Unicode Release|Win32
		{1AB01231-08D1-41C5-829A-6297850B0663}.Unicode Release|x86.Build.0 = Unicode Release|Win32
		{B6D667C1-66B2-446D-97AA-06CB110E9D3B}.Debug|x86.ActiveCfg = Debug|Win32
		{B6D667C1-66B2-446D-97AA-06CB110E9D3B}.Debug|x86.Build.0 = Debug|Win32
		{B6D667C1-66B2-446D-97AA-06CB110E9D3B}.Release|x86.ActiveCfg = Release|Win32
		{B6D667C1-66B2-446D-97AA-06CB110E9D3B}.Release|x86.Build.0 = Release|Win32
		{B6D667C1-66B2-446D-97AA-06CB110E9D3B}.Template|x86.ActiveCfg = Release|Win32
		{B6D667C1-66B2-446D-97AA-06CB110E9D3B}.Template|x86.Build.0 = Release|Win32
		{B6D667C1-66B2-446D-97AA-06CB110E9D3B}.Unicode Debug|x86.ActiveCfg = Debug|Win32
		{B6D667C1-66B2-446D-97AA-06CB110E9D3B}.Unicode Debug|x86.Build.0 = Debug|Win32
		{B6D667C1-66B2-446D-97AA-06CB110E9D3B}.Unicode Release|x86.ActiveCfg = Release|Win32
		{B6D667C1-66B2-446D-97AA-06CB110E9D3B}.Unicode Release|x86.Build.0 = Release|Win32
		{43D71A90-1415-4DBE-B0B1-6FF03337C3B3}.Debug|x86.ActiveCfg = Debug|Win32
		{43D71A90-1415-4DBE-B0B1-6FF03337C3B3}.Debug|x86.Build.0 = Debug|Win32
		{43D71A90-1415-4DBE-B0B1-6FF03337C3B3}.Release|x86.ActiveCfg = Release|Win32
		{43D71A90-1415-4DBE-B0B1-6FF03337C3B3}.Release|x86.Build.0 = Release|Win32
		{43D71A90-1415-4DBE-B0B1-6FF03337C3B3}.Template|x86.ActiveCfg = Release|Win32
		{43D71A90-1415-4DBE-B0B1-6FF03337C3B3}.Template|x86.Build.0 = Release|Win32
		{43D71A90-1415-4DBE-B0B1-6FF03337C3B3}.Unicode Debug|x86.ActiveCfg = Debug|Win32
		{43D71A90-1415-4DBE-B0B1-6FF03337C3B3}.Unicode Debug|x86.Build.0 = Debug|Win32
		{43D71A90-1415-4DBE-B0B1-6FF03337C3B3}.Unicode Release|x86.ActiveCfg = Release|Win32
		{43D71A90-1415-4DBE-B0B1-6FF03337C3B3}.Unicode Release|x86.Build.0 = Release|Win32
		{EF3E3592-B5B3-4CB1-AFB7-F09A5E4E3A37}.Debug|x86.ActiveCfg = Debug|Win32
		{EF3E3592-B5B3-4CB1-AFB7-F09A5E4E3A37}.Debug|x86.Build.0 = Debug|Win32
		{EF3E3592-B5B3-4CB1-AFB7-F09A5E4E3A37}.Release|x86.ActiveCfg = Release|Win32
		{EF3E3592-B5B3-4CB1-AFB7-F09A5E4E3A37}.Release|x86.Build.0 = Release|Win32
		{EF3E3592-B5B3-4CB1-AFB7-F09A5E4E3A37}.Template|x86.ActiveCfg = Release|Win32
		{EF3E3592-B5B3-4CB1-AFB7-F09A5E4E3A37}.Template|x86.Build.0 = Release|Win32
		{EF3E3592-B5B3-4CB1-AFB7-F09A5E4E3A37}.Unicode Debug|x86.ActiveCfg = Debug|Win32
		{EF3E3592-B5B3-4CB1-AFB7-F09A5E4E3A37}.Unicode Debug|x86.Build.0 = Debug|Win32
		{EF3E3592-B5B3-4CB1-AFB7-F09A5E4E3A37}.Unicode Release|x86.ActiveCfg = Release|Win32
		{EF3E3592-B5B3-4CB1-AFB7-F09A5E4E3A37}.Unicode Release|x86.Build.0 = Release|Win32
		{FA18F7D0-AF35-48EC-B687-566352AF0297}.Debug|x86.ActiveCfg = Debug|Win32
		{FA18F7D0-AF35-48EC-B687-566352AF0297}.Debug|x86.Build.0 = Debug|Win32
		{FA18F7D0-AF35-48EC-B687-566352AF0297}.Release|x86.ActiveCfg = Release|Win32
		{FA18F7D0-AF35-48EC-B687-566352AF0297}.Release|x86.Build.0 = Release|Win32
		{FA18F7D0-AF35-48EC-B687-566352AF0297}.Template|x86.ActiveCfg = Unicode Release|Win32
		{FA18F7D0-AF35-48EC-B687-566352AF0297}.Template|x86.Build.0 = Unicode Release|Win32
		{FA18F7D0-AF35-48EC-B687-566352AF0297}.Unicode Debug|x86.ActiveCfg = Unicode Debug|Win32
		{FA18F7D0-AF35-48EC-B687-566352AF0297}.Unicode Debug|x86.Build.0 = Unicode Debug|Win32
		{FA18F7D0-AF35-48EC-B687-566352AF0297}.Unicode Release|x86.ActiveCfg = Unicode Release|Win32
		{FA18F7D0-AF35-48EC-B687-566352AF0297}.Unicode Release|x86.Build.0 = Unicode Release|Win32
		{A42D144D-87D8-4E0A-B91E-1E34D2622119}.Debug|x86.ActiveCfg = Debug|Win32
		{A42D144D-87D8-4E0A-B91E-1E34D2622119}.Debug|x86.Build.0 = Debug|Win32
		{A42D144D-87D8-4E0A-B91E-1E34D2622119}.Release|x86.ActiveCfg = Release|Win32
		{A42D144D-87D8-4E0A-B91E-1E34D2622119}.Release|x86.Build.0 = Release|Win32
		{A42D144D-87D8-4E0A-B91E-1E34D2622119}.Template|x86.ActiveCfg = Release|Win32
		{A42D144D-87D8-4E0A-B91E-1E34D2622119}.Template|x86.Build.0 = Release|Win32
		{A42D144D-87D8-4E0A-B91E-1E34D2622119}.Unicode Debug|x86.ActiveCfg = Debug|Win32
		{A42D144D-87D8-4E0A-B91E-1E34D2622119}.Unicode Debug|x86.Build.0 = Debug|Win32
		{A42D144D-87D8-4E0A-B91E-1E34D2622119}.Unicode Release|x86.ActiveCfg = Release|Win32
		{A42D144D-87D8-4E0A-B91E-1E34D2622119}.Unicode Release|x86.Build.0 = Release|Win32
		{8C2D3A6B-3345-44F4-B594-D707521BB260}.Debug|x86.ActiveCfg = Debug|Win32
		{8C2D3A6B-3345-44F4-B594-D707521BB260}.Debug|x86.Build.0 = Debug|Win32
		{8C2D3A6B-3345-44F4-B594-D707521BB260}.Release|x86.ActiveCfg = Release|Win32
		{8C2D3A6B-3345-44F4-B594-D707521BB260}.Release|x86.Build.0 = Release|Win32
		{8C2D3A6B-3345-44F4-B594-D707521BB260}.Template|x86.ActiveCfg = Release|Win32
		{8C2D3A6B-3345-44F4-B594-D707521BB260}.Template|x86.Build.0 = Release|Win32
		{8C2D3A6B-3345-44F4-B594-D707521BB260}.Unicode Debug|x86.ActiveCfg = Debug|Win32
		{8C2D3A6B-3345-44F4-B594-D707521BB260}.Unicode Debug|x86.Build.0 = Debug|Win32
		{8C2D3A6B-3345-44F4-B594-D707521BB260}.Unicode Release|x86.ActiveCfg = Release|Win32
		{8C2D3A6B-3345-44F4-B594-D707521BB260}.Unicode Release|x86.Build.0 = Release|Win32
		{4B95C508-48A3-43A1-9901-00D7AADDC025}.Debug|x86.ActiveCfg = Debug|Win32
		{4B95C508-48A3-43A1-9901-00D7AADDC025}.Debug|x86.Build.0 = Debug|Win32
		{4B95C508-48A3-43A1-9901-00D7AADDC025}.Release|x86.ActiveCfg = Release|Win32
		{4B95C508-48A3-43A1-9901-00D7AADDC025}.Release|x86.Build.0 = Release|Win32
		{4B95C508-48A3-43A1-9901-00D7AADDC025}.Template|x86.ActiveCfg = Release|Win32
		{4B95C508-48A3-43A1-9901-00D7AADDC025}.Template|x86.Build.0 = Release|Win32
		{4B95C508-48A3-43A1-9901-00D7AADDC025}.Unicode Debug|x86.ActiveCfg = Debug|Win32
		{4B95C508-48A3-43A1-9901-00D7AADDC025}.Unicode Debug|x86.Build.0 = Debug|Win32
		{4B95C508-48A3-43A1-9901-00D7AADDC025}.Unicode Release|x86.ActiveCfg = Release|Win32
		{4B95C508-48A3-43A1-9901-00D7AADDC025}.Unicode Release|x86.Build.0 = Release|Win32
		{A4DFD8D0-DD9B-436C-83BE-EF6AF411C4C9}.Debug|x86.ActiveCfg = Debug|Win32
		{A4DFD8D0-DD9B-436C-83BE-EF6AF411C4C9}.Debug|x86.Build.0 = Debug|Win32
		{A4DFD8D0-DD9B-436C-83BE-EF6AF411C4C9}.Release|x86.ActiveCfg = Release|Win32
		{A4DFD8D0-DD9B-436C-83BE-EF6AF411C4C9}.Release|x86.Build.0 = Release|Win32
		{A4DFD8D0-DD9B-436C-83BE-EF6AF411C4C9}.Template|x86.ActiveCfg = Template|Win32
		{A4DFD8D0-DD9B-436C-83BE-EF6AF411C4C9}.Template|x86.Build.0 = Template|Win32
		{A4DFD8D0-DD9B-436C-83BE-EF6AF411C4C9}.Unicode Debug|x86.ActiveCfg = Debug|Win32
		{A4DFD8D0-DD9B-436C-83BE-EF6AF411C4C9}.Unicode Debug|x86.Build.0 = Debug|Win32
		{A4DFD8D0-DD9B-436C-83BE-EF6AF411C4C9}.Unicode Release|x86.ActiveCfg = Release|Win32
		{A4DFD8D0-DD9B-436C-83BE-EF6AF411C4C9}.Unicode Release|x86.Build.0 = Release|Win32
		{CE37CD7F-1F13-48A3-A372-E96151B01BE0}.Debug|x86.ActiveCfg = Debug|Win32
		{CE37CD7F-1F13-48A3-A372-E96151B01BE0}.Debug|x86.Build.0 = Debug|Win32
		{CE37CD7F-1F13-48A3-A372-E96151B01BE0}.Release|x86.ActiveCfg = Release|Win32
		{CE37CD7F-1F13-48A3-A372-E96151B01BE0}.Release|x86.Build.0 = Release|Win32
		{CE37CD7F-1F13-48A3-A372-E96151B01BE0}.Template|x86.ActiveCfg = Template|Win32
		{CE37CD7F-1F13-48A3-A372-E96151B01BE0}.Template|x86.Build.0 = Template|Win32
		{CE37CD7F-1F13-48A3-A372-E96151B01BE0}.Unicode Debug|x86.ActiveCfg = Debug|Win32
		{CE37CD7F-1F13-48A3-A372-E96151B01BE0}.Unicode Debug|x86.Build.0 = Debug|Win32
		{CE37CD7F-1F13-48A3-A372-E96151B01BE0}.Unicode Release|x86.ActiveCfg = Release|Win32
		{CE37CD7F-1F13-48A3-A372-E96151B01BE0}.Unicode Release|x86.Build.0 = Release|Win32
		{F6C0D393-FA4A-47CC-8A75-986D041B131D}.Debug|x86.ActiveCfg = Debug|Win32
		{F6C0D393-FA4A-47CC-8A75-986D041B131D}.Debug|x86.Build.0 = Debug|Win32
		{F6C0D393-FA4A-47CC-8A75-986D041B131D}.Release|x86.ActiveCfg = Release|Win32
		{F6C0D393-FA4A-47CC-8A75-986D041B131D}.Release|x86.Build.0 = Release|Win32
		{F6C0D393-FA4A-47CC-8A75-986D041B131D}.Template|x86.ActiveCfg = Template|Win32
		{F6C0D393-FA4A-47CC-8A75-986D041B131D}.Template|x86.Build.0 = Template|Win32
		{F6C0D393-FA4A-47CC-8A75-986D041B131D}.Unicode Debug|x86.ActiveCfg = Debug|Win32
		{F6C0D393-FA4A-47CC-8A75-986D041B131D}.Unicode Debug|x86.Build.0 = Debug|Win32
		{F6C0D393-FA4A-47CC-8A75-986D041B131D}.Unicode Release|x86.ActiveCfg = Release|Win32
		{F6C0D393-FA4A-47CC-8A75-986D041B131D}.Unicode Release|x86.Build.0 = Release|Win32
		{53A8FE67-0E19-4D4E-8A76-4FC3F0C74E26}.Debug|x86.ActiveCfg = Debug|Win32
		{53A8FE67-0E19-4D4E-8A76-4FC3F0C74E26}.Debug|x86.Build.0 = Debug|Win32
		{53A8FE67-0E19-4D4E-8A76-4FC3F0C74E26}.Release|x86.ActiveCfg = Release|Win32
		{53A8FE67-0E19-4D4E-8A76-4FC3F0C74E26}.Release|x86.Build.0 = Release|Win32
		{53A8FE67-0E19-4D4E-8A76-4FC3F0C74E26}.Template|x86.ActiveCfg = Template|Win32
		{53A8FE67-0E19-4D4E-8A76-4FC3F0C74E26}.Template|x86.Build.0 = Template|Win32
		{53A8FE67-0E19-4D4E-8A76-4FC3F0C74E26}.Unicode Debug|x86.ActiveCfg = Unicode Debug|Win32
		{53A8FE67-0E19-4D4E-8A76-4FC3F0C74E26}.Unicode Debug|x86.Build.0 = Unicode Debug|Win32
		{53A8FE67-0E19-4D4E-8A76-4FC3F0C74E26}.Unicode Release|x86.ActiveCfg = Unicode Release|Win32
		{53A8FE67-0E19-4D4E-8A76-4FC3F0C74E26}.Unicode Release|x86.Build.0 = Unicode Release|Win32
		{95F496C3-80E5-45DE-ADE4-9FBF0AAAB54E}.Debug|x86.ActiveCfg = Debug|Win32
		{95F496C3-80E5-45DE-ADE4-9FBF0AAAB54E}.Debug|x86.Build.0 = Debug|Win32
		{95F496C3-80E5-45DE-ADE4-9FBF0AAAB54E}.Release|x86.ActiveCfg = Release|Win32
		{95F496C3-80E5-45DE-ADE4-9FBF0AAAB54E}.Release|x86.Build.0 = Release|Win32
		{95F496C3-80E5-45DE-ADE4-9FBF0AAAB54E}.Template|x86.ActiveCfg = Template|Win32
		{95F496C3-80E5-45DE-ADE4-9FBF0AAAB54E}.Template|x86.Build.0 = Template|Win32
		{95F496C3-80E5-45DE-ADE4-9FBF0AAAB54E}.Unicode Debug|x86.ActiveCfg = Unicode Debug|Win32
		{95F496C3-80E5-45DE-ADE4-9FBF0AAAB54E}.Unicode Debug|x86.Build.0 = Unicode Debug|Win32
		{95F496C3-80E5-45DE-ADE4-9FBF0AAAB54E}.Unicode Release|x86.ActiveCfg = Unicode Release|Win32
		{95F496C3-80E5-45DE-ADE4-9FBF0AAAB54E}.Unicode Release|x86.Build.0 = Unicode Release|Win32
		{8E65BE16-C1E6-4B71-A1F3-1CDD78A39B34}.Debug|x86.ActiveCfg = Debug|Win32
		{8E65BE16-C1E6-4B71-A1F3-1CDD78A39B34}.Debug|x86.Build.0 = Debug|Win32
		{8E65BE16-C1E6-4B71-A1F3-1CDD78A39B34}.Release|x86.ActiveCfg = Release|Win32
		{8E65BE16-C1E6-4B71-A1F3-1CDD78A39B34}.Release|x86.Build.0 = Release|Win32
		{8E65BE16-C1E6-4B71-A1F3-1CDD78A39B34}.Template|x86.ActiveCfg = Template|Win32
		{8E65BE16-C1E6-4B71-A1F3-1CDD78A39B34}.Template|x86.Build.0 = Template|Win32
		{8E65BE16-C1E6-4B71-A1F3-1CDD78A39B34}.Unicode Debug|x86.ActiveCfg = Debug|Win32
		{8E65BE16-C1E6-4B71-A1F3-1CDD78A39B34}.Unicode Debug|x86.Build.0 = Debug|Win32
		{8E65BE16-C1E6-4B71-A1F3-1CDD78A39B34}.Unicode Release|x86.ActiveCfg = Release|Win32
		{8E65BE16-C1E6-4B71-A1F3-1CDD78A39B34}.Unicode Release|x86.Build.0 = Release|Win32
		{7E5068CF-6332-4DD2-9BD5-FF612C210754}.Debug|x86.ActiveCfg = Debug|Win32
		{7E5068CF-6332-4DD2-9BD5-FF612C210754}.Debug|x86.Build.0 = Debug|Win32
		{7E5068CF-6332-4DD2-9BD5-FF612C210754}.Release|x86.ActiveCfg = Release|Win32
		{7E5068CF-6332-4DD2-9BD5-FF612C210754}.Release|x86.Build.0 = Release|Win32
		{7E5068CF-6332-4DD2-9BD5-FF612C210754}.Template|x86.ActiveCfg = Template|Win32
		{7E5068CF-6332-4DD2-9BD5-FF612C210754}.Template|x86.Build.0 = Template|Win32
		{7E5068CF-6332-4DD2-9BD5-FF612C210754}.Unicode Debug|x86.ActiveCfg = Debug|Win32
		{7E5068CF-6332-4DD2-9BD5-FF612C210754}.Unicode Debug|x86.Build.0 = Debug|Win32
		{7E5068CF-6332-4DD2-9BD5-FF612C210754}.Unicode Release|x86.ActiveCfg = Release|Win32
		{7E5068CF-6332-4DD2-9BD5-FF612C210754}.Unicode Release|x86.Build.0 = Release|Win32
		{B066EC8A-9F19-4854-AEEE-0B0EC4F31BCC}.Debug|x86.ActiveCfg = Debug|Win32
		{B066EC8A-9F19-4854-AEEE-0B0EC4F31BCC}.Debug|x86.Build.0 = Debug|Win32
		{B066EC8A-9F19-4854-AEEE-0B0EC4F31BCC}.Release|x86.ActiveCfg = Release|Win32
		{B066EC8A-9F19-4854-AEEE-0B0EC4F31BCC}.Release|x86.Build.0 = Release|Win32
		{B066EC8A-9F19-4854-AEEE-0B0EC4F31BCC}.Template|x86.ActiveCfg = Template|Win32
		{B066EC8A-9F19-4854-AEEE-0B0EC4F31BCC}.Template|x86.Build.0 = Template|Win32
		{B066EC8A-9F19-4854-AEEE-0B0EC4F31BCC}.Unicode Debug|x86.ActiveCfg = Unicode Debug|Win32
		{B066EC8A-9F19-4854-AEEE-0B0EC4F31BCC}.Unicode Debug|x86.Build.0 = Unicode Debug|Win32
		{B066EC8A-9F19-4854-AEEE-0B0EC4F31BCC}.Unicode Release|x86.ActiveCfg = Unicode Release|Win32
		{B066EC8A-9F19-4854-AEEE-0B0EC4F31BCC}.Unicode Release|x86.Build.0 = Unicode Release|Win32
		{75E5DD78-5AA2-4154-BEC6-92DC66897852}.Debug|x86.ActiveCfg = Debug|Win32
		{75E5DD78-5AA2-4154-BEC6-92DC66897852}.Debug|x86.Build.0 = Debug|Win32
		{75E5DD78-5AA2-4154-BEC6-92DC66897852}.Release|x86.ActiveCfg = Release|Win32
		{75E5DD78-5AA2-4154-BEC6-92DC66897852}.Release|x86.Build.0 = Release|Win32
		{75E5DD78-5AA2-4154-BEC6-92DC66897852}.Template|x86.ActiveCfg = Template|Win32
		{75E5DD78-5AA2-4154-BEC6-92DC66897852}.Template|x86.Build.0 = Template|Win32
		{75E5DD78-5AA2-4154-BEC6-92DC66897852}.Unicode Debug|x86.ActiveCfg = Unicode Debug|Win32
		{75E5DD78-5AA2-4154-BEC6-92DC66897852}.Unicode Debug|x86.Build.0 = Unicode Debug|Win32
		{75E5DD78-5AA2-4154-BEC6-92DC66897852}.Unicode Release|x86.ActiveCfg = Unicode Release|Win32
		{75E5DD78-5AA2-4154-BEC6-92DC66897852}.Unicode Release|x86.Build.0 = Unicode Release|Win32
		{249D7D84-AB2A-41A9-9814-644FDA85E469}.Debug|x86.ActiveCfg = Debug|Win32
		{249D7D84-AB2A-41A9-9814-644FDA85E469}.Debug|x86.Build.0 = Debug|Win32
		{249D7D84-AB2A-41A9-9814-644FDA85E469}.Release|x86.ActiveCfg = Release|Win32
		{249D7D84-AB2A-41A9-9814-644FDA85E469}.Release|x86.Build.0 = Release|Win32
		{249D7D84-AB2A-41A9-9814-644FDA85E469}.Template|x86.ActiveCfg = Release|Win32
		{249D7D84-AB2A-41A9-9814-644FDA85E469}.Template|x86.Build.0 = Release|Win32
		{249D7D84-AB2A-41A9-9814-644FDA85E469}.Unicode Debug|x86.ActiveCfg = Debug|Win32
		{249D7D84-AB2A-41A9-9814-644FDA85E469}.Unicode Debug|x86.Build.0 = Debug|Win32
		{249D7D84-AB2A-41A9-9814-644FDA85E469}.Unicode Release|x86.ActiveCfg = Release|Win32
		{249D7D84-AB2A-41A9-9814-644FDA85E469}.Unicode Release|x86.Build.0 = Release|Win32
		{8B03DE7D-6B1F-4A92-ADA7-BFE785FFC924}.Debug|x86.ActiveCfg = Debug|Win32
		{8B03DE7D-6B1F-4A92-ADA7-BFE785FFC924}.Debug|x86.Build.0 = Debug|Win32
		{8B03DE7D-6B1F-4A92-ADA7-BFE785FFC924}.Release|x86.ActiveCfg = Release|Win32
		{8B03DE7D-6B1F-4A92-ADA7-BFE785FFC924}.Release|x86.Build.0 = Release|Win32
		{8B03DE7D-6B1F-4A92-ADA7-BFE785FFC924}.Template|x86.ActiveCfg = Template|Win32
		{8B03DE7D-6B1F-4A92-ADA7-BFE785FFC924}.Template|x86.Build.0 = Template|Win32
		{8B03DE7D-6B1F-4A92-ADA7-BFE785FFC924}.Unicode Debug|x86.ActiveCfg = Unicode Debug|Win32
		{8B03DE7D-6B1F-4A92-ADA7-BFE785FFC924}.Unicode Debug|x86.Build.0 = Unicode Debug|Win32
		{8B03DE7D-6B1F-4A92-ADA7-BFE785FFC924}.Unicode Release|x86.ActiveCfg = Unicode Release|Win32
		{8B03DE7D-6B1F-4A92-ADA7-BFE785FFC924}.Unicode Release|x86.Build.0 = Unicode Release|Win32
		{AD1174F8-1834-47E4-BE67-F963D659059B}.Debug|x86.ActiveCfg = Debug|Win32
		{AD1174F8-1834-47E4-BE67-F963D659059B}.Debug|x86.Build.0 = Debug|Win32
		{AD1174F8-1834-47E4-BE67-F963D659059B}.Release|x86.ActiveCfg = Release|Win32
		{AD1174F8-1834-47E4-BE67-F963D659059B}.Release|x86.Build.0 = Release|Win32
		{AD1174F8-1834-47E4-BE67-F963D659059B}.Template|x86.ActiveCfg = Template|Win32
		{AD1174F8-1834-47E4-BE67-F963D659059B}.Template|x86.Build.0 = Template|Win32
		{AD1174F8-1834-47E4-BE67-F963D659059B}.Unicode Debug|x86.ActiveCfg = Debug|Win32
		{AD1174F8-1834-47E4-BE67-F963D659059B}.Unicode Debug|x86.Build.0 = Debug|Win32
		{AD1174F8-1834-47E4-BE67-F963D659059B}.Unicode Release|x86.ActiveCfg = Release|Win32
		{AD1174F8-1834-47E4-BE67-F963D659059B}.Unicode Release|x86.Build.0 = Release|Win32
		{0EA17926-F21E-4855-BAA8-9284502EE1FE}.Debug|x86.ActiveCfg = Debug|Win32
		{0EA17926-F21E-4855-BAA8-9284502EE1FE}.Debug|x86.Build.0 = Debug|Win32
		{0EA17926-F21E-4855-BAA8-9284502EE1FE}.Release|x86.ActiveCfg = Release|Win32
		{0EA17926-F21E-4855-BAA8-9284502EE1FE}.Release|x86.Build.0 = Release|Win32
		{0EA17926-F21E-4855-BAA8-9284502EE1FE}.Template|x86.ActiveCfg = Template|Win32
		{0EA17926-F21E-4855-BAA8-9284502EE1FE}.Template|x86.Build.0 = Template|Win32
		{0EA17926-F21E-4855-BAA8-9284502EE1FE}.Unicode Debug|x86.ActiveCfg = Debug|Win32
		{0EA17926-F21E-4855-BAA8-9284502EE1FE}.Unicode Debug|x86.Build.0 = Debug|Win32
		{0EA17926-F21E-4855-BAA8-9284502EE1FE}.Unicode Release|x86.ActiveCfg = Release|Win32
		{0EA17926-F21E-4855-BAA8-9284502EE1FE}.Unicode Release|x86.Build.0 = Release|Win32
		{C0A9FA4C-7B01-4C78-954D-BB5B9CBA58D9}.Debug|x86.ActiveCfg = Debug|Win32
		{C0A9FA4C-7B01-4C78-954D-BB5B9CBA58D9}.Debug|x86.Build.0 = Debug|Win32
		{C0A9FA4C-7B01-4C78-954D-BB5B9CBA58D9}.Release|x86.ActiveCfg = Release|Win32
		{C0A9FA4C-7B01-4C78-954D-BB5B9CBA58D9}.Release|x86.Build.0 = Release|Win32
		{C0A9FA4C-7B01-4C78-954D-BB5B9CBA58D9}.Template|x86.ActiveCfg = Template|Win32
		{C0A9FA4C-7B01-4C78-954D-BB5B9CBA58D9}.Template|x86.Build.0 = Template|Win32
		{C0A9FA4C-7B01-4C78-954D-BB5B9CBA58D9}.Unicode Debug|x86.ActiveCfg = Debug|Win32
		{C0A9FA4C-7B01-4C78-954D-BB5B9CBA58D9}.Unicode Debug|x86.Build.0 = Debug|Win32
		{C0A9FA4C-7B01-4C78-954D-BB5B9CBA58D9}.Unicode Release|x86.ActiveCfg = Release|Win32
		{C0A9FA4C-7B01-4C78-954D-BB5B9CBA58D9}.Unicode Release|x86.Build.0 = Release|Win32
		{DBAE204C-144E-4DA1-8233-80C822524AF9}.Debug|x86.ActiveCfg = Debug|Win32
		{DBAE204C-144E-4DA1-8233-80C822524AF9}.Debug|x86.Build.0 = Debug|Win32
		{DBAE204C-144E-4DA1-8233-80C822524AF9}.Release|x86.ActiveCfg = Release|Win32
		{DBAE204C-144E-4DA1-8233-80C822524AF9}.Release|x86.Build.0 = Release|Win32
		{DBAE204C-144E-4DA1-8233-80C822524AF9}.Template|x86.ActiveCfg = Unicode Release|Win32
		{DBAE204C-144E-4DA1-8233-80C822524AF9}.Template|x86.Build.0 = Unicode Release|Win32
		{DBAE204C-144E-4DA1-8233-80C822524AF9}.Unicode Debug|x86.ActiveCfg = Unicode Debug|Win32
		{DBAE204C-144E-4DA1-8233-80C822524AF9}.Unicode Debug|x86.Build.0 = Unicode Debug|Win32
		{DBAE204C-144E-4DA1-8233-80C822524AF9}.Unicode Release|x86.ActiveCfg = Unicode Release|Win32
		{DBAE204C-144E-4DA1-8233-80C822524AF9}.Unicode Release|x86.Build.0 = Unicode Release|Win32
		{D869A1C6-9EA1-47E8-88AA-05E40EF63367}.Debug|x86.ActiveCfg = Debug|Win32
		{D869A1C6-9EA1-47E8-88AA-05E40EF63367}.Debug|x86.Build.0 = Debug|Win32
		{D869A1C6-9EA1-47E8-88AA-05E40EF63367}.Release|x86.ActiveCfg = Release|Win32
		{D869A1C6-9EA1-47E8-88AA-05E40EF63367}.Release|x86.Build.0 = Release|Win32
		{D869A1C6-9EA1-47E8-88AA-05E40EF63367}.Template|x86.ActiveCfg = Release|Win32
		{D869A1C6-9EA1-47E8-88AA-05E40EF63367}.Template|x86.Build.0 = Release|Win32
		{D869A1C6-9EA1-47E8-88AA-05E40EF63367}.Unicode Debug|x86.ActiveCfg = Debug|Win32
		{D869A1C6-9EA1-47E8-88AA-05E40EF63367}.Unicode Debug|x86.Build.0 = Debug|Win32
		{D869A1C6-9EA1-47E8-88AA-05E40EF63367}.Unicode Release|x86.ActiveCfg = Release|Win32
		{D869A1C6-9EA1-47E8-88AA-05E40EF63367}.Unicode Release|x86.Build.0 = Release|Win32
		{CCA3795B-81FB-472A-9BC3-F4034FC3935E}.Debug|x86.ActiveCfg = Debug|Win32
		{CCA3795B-81FB-472A-9BC3-F4034FC3935E}.Debug|x86.Build.0 = Debug|Win32
		{CCA3795B-81FB-472A-9BC3-F4034FC3935E}.Release|x86.ActiveCfg = Release|Win32
		{CCA3795B-81FB-472A-9BC3-F4034FC3935E}.Release|x86.Build.0 = Release|Win32
		{CCA3795B-81FB-472A-9BC3-F4034FC3935E}.Template|x86.ActiveCfg = Release|Win32
		{CCA3795B-81FB-472A-9BC3-F4034FC3935E}.Template|x86.Build.0 = Release|Win32
		{CCA3795B-81FB-472A-9BC3-F4034FC3935E}.Unicode Debug|x86.ActiveCfg = Debug|Win32
		{CCA3795B-81FB-472A-9BC3-F4034FC3935E}.Unicode Debug|x86.Build.0 = Debug|Win32
		{CCA3795B-81FB-472A-9BC3-F4034FC3935E}.Unicode Release|x86.ActiveCfg = Release|Win32
		{CCA3795B-81FB-472A-9BC3-F4034FC3935E}.Unicode Release|x86.Build.0 = Release|Win32
		{783FE9C5-0EDD-4286-922D-A224D47ED561}.Debug|x86.ActiveCfg = Debug|Win32
		{783FE9C5-0EDD-4286-922D-A224D47ED561}.Debug|x86.Build.0 = Debug|Win32
		{783FE9C5-0EDD-4286-922D-A224D47ED561}.Release|x86.ActiveCfg = Release|Win32
		{783FE9C5-0EDD-4286-922D-A224D47ED561}.Release|x86.Build.0 = Release|Win32
		{783FE9C5-0EDD-4286-922D-A224D47ED561}.Template|x86.ActiveCfg = Release|Win32
		{783FE9C5-0EDD-4286-922D-A224D47ED561}.Template|x86.Build.0 = Release|Win32
		{783FE9C5-0EDD-4286-922D-A224D47ED561}.Unicode Debug|x86.ActiveCfg = Debug|Win32
		{783FE9C5-0EDD-4286-922D-A224D47ED561}.Unicode Debug|x86.Build.0 = Debug|Win32
		{783FE9C5-0EDD-4286-922D-A224D47ED561}.Unicode Release|x86.ActiveCfg = Release|Win32
		{783FE9C5-0EDD-4286-922D-A224D47ED561}.Unicode Release|x86.Build.0 = Release|Win32
		{F129C841-474D-4453-813C-3482996AB040}.Debug|x86.ActiveCfg = Debug|Win32
		{F129C841-474D-4453-813C-3482996AB040}.Debug|x86.Build.0 = Debug|Win32
		{F129C841-474D-4453-813C-3482996AB040}.Release|x86.ActiveCfg = Release|Win32
		{F129C841-474D-4453-813C-3482996AB040}.Release|x86.Build.0 = Release|Win32
		{F129C841-474D-4453-813C-3482996AB040}.Template|x86.ActiveCfg = Release|Win32
		{F129C841-474D-4453-813C-3482996AB040}.Template|x86.Build.0 = Release|Win32
		{F129C841-474D-4453-813C-3482996AB040}.Unicode Debug|x86.ActiveCfg = Debug|Win32
		{F129C841-474D-4453-813C-3482996AB040}.Unicode Debug|x86.Build.0 = Debug|Win32
		{F129C841-474D-4453-813C-3482996AB040}.Unicode Release|x86.ActiveCfg = Release|Win32
		{F129C841-474D-4453-813C-3482996AB040}.Unicode Release|x86.Build.0 = Release|Win32
	EndGlobalSection
	GlobalSection(SolutionProperties) = preSolution
		HideSolutionNode = FALSE
	EndGlobalSection
	GlobalSection(NestedProjects) = preSolution
		{75D6C79F-699B-4C66-ADC8-818E77295A08} = {0550F45B-87E2-4CAA-B5D0-8898F5E50CBC}
		{ADC08350-16C5-4822-A04A-1AD5133CF64D} = {0550F45B-87E2-4CAA-B5D0-8898F5E50CBC}
		{E6B3FC4E-7F99-47F1-A57E-55ED2F3863A8} = {0550F45B-87E2-4CAA-B5D0-8898F5E50CBC}
		{053EC363-5360-4CE4-B476-A5108293C5FA} = {0550F45B-87E2-4CAA-B5D0-8898F5E50CBC}
		{A982C0BF-D9A9-4CB3-91EA-C4D95CD96361} = {0550F45B-87E2-4CAA-B5D0-8898F5E50CBC}
		{1CE7906B-6082-4042-B34F-9373D77DB425} = {0550F45B-87E2-4CAA-B5D0-8898F5E50CBC}
		{1DDD5585-F0E6-45F3-92D6-BC671A9BA4E6} = {0550F45B-87E2-4CAA-B5D0-8898F5E50CBC}
		{48BE03E2-3540-4386-BC9E-7E4B9F35135F} = {0550F45B-87E2-4CAA-B5D0-8898F5E50CBC}
		{CB6F5752-72AA-4F19-957A-BAC6EE1002A9} = {0550F45B-87E2-4CAA-B5D0-8898F5E50CBC}
		{666F1A4F-216F-40D3-900F-7BAA3FEC31A9} = {0550F45B-87E2-4CAA-B5D0-8898F5E50CBC}
		{3D185399-A7E6-4C67-9D3E-6B81E0D9EDA2} = {0550F45B-87E2-4CAA-B5D0-8898F5E50CBC}
		{B515ADDA-B172-4AFD-9434-7039AE31B892} = {0550F45B-87E2-4CAA-B5D0-8898F5E50CBC}
		{0DC21D1C-D515-43C9-969C-29B89E0A8A20} = {0550F45B-87E2-4CAA-B5D0-8898F5E50CBC}
		{25364C96-DA21-4ED5-AABD-BD3EFAB6357B} = {0550F45B-87E2-4CAA-B5D0-8898F5E50CBC}
		{E6CF8D9C-138F-4940-B1F2-BE5F369F4034} = {0550F45B-87E2-4CAA-B5D0-8898F5E50CBC}
		{D247EC2E-5318-41A4-8EB4-AF9DBC33A017} = {0550F45B-87E2-4CAA-B5D0-8898F5E50CBC}
		{55A76B25-95BD-4F54-9122-8418D2D5F8BD} = {0550F45B-87E2-4CAA-B5D0-8898F5E50CBC}
		{E6E425F1-DBD7-41B1-810A-1101C686BD2A} = {0550F45B-87E2-4CAA-B5D0-8898F5E50CBC}
		{498F506A-B4A6-41C7-897F-5327D3557E5A} = {0550F45B-87E2-4CAA-B5D0-8898F5E50CBC}
		{4E864039-AD93-4493-ACDE-836F3C15E240} = {0550F45B-87E2-4CAA-B5D0-8898F5E50CBC}
		{844143D4-0F5E-4943-852C-1FD3DA5F83FF} = {0550F45B-87E2-4CAA-B5D0-8898F5E50CBC}
		{1AB01231-08D1-41C5-829A-6297850B0663} = {0550F45B-87E2-4CAA-B5D0-8898F5E50CBC}
		{B6D667C1-66B2-446D-97AA-06CB110E9D3B} = {0550F45B-87E2-4CAA-B5D0-8898F5E50CBC}
		{43D71A90-1415-4DBE-B0B1-6FF03337C3B3} = {0550F45B-87E2-4CAA-B5D0-8898F5E50CBC}
		{FA18F7D0-AF35-48EC-B687-566352AF0297} = {0550F45B-87E2-4CAA-B5D0-8898F5E50CBC}
		{A42D144D-87D8-4E0A-B91E-1E34D2622119} = {0550F45B-87E2-4CAA-B5D0-8898F5E50CBC}
		{4B95C508-48A3-43A1-9901-00D7AADDC025} = {0550F45B-87E2-4CAA-B5D0-8898F5E50CBC}
		{A4DFD8D0-DD9B-436C-83BE-EF6AF411C4C9} = {0550F45B-87E2-4CAA-B5D0-8898F5E50CBC}
		{53A8FE67-0E19-4D4E-8A76-4FC3F0C74E26} = {0550F45B-87E2-4CAA-B5D0-8898F5E50CBC}
		{95F496C3-80E5-45DE-ADE4-9FBF0AAAB54E} = {0550F45B-87E2-4CAA-B5D0-8898F5E50CBC}
		{7E5068CF-6332-4DD2-9BD5-FF612C210754} = {0550F45B-87E2-4CAA-B5D0-8898F5E50CBC}
		{B066EC8A-9F19-4854-AEEE-0B0EC4F31BCC} = {0550F45B-87E2-4CAA-B5D0-8898F5E50CBC}
		{75E5DD78-5AA2-4154-BEC6-92DC66897852} = {0550F45B-87E2-4CAA-B5D0-8898F5E50CBC}
		{8B03DE7D-6B1F-4A92-ADA7-BFE785FFC924} = {0550F45B-87E2-4CAA-B5D0-8898F5E50CBC}
		{AD1174F8-1834-47E4-BE67-F963D659059B} = {0550F45B-87E2-4CAA-B5D0-8898F5E50CBC}
		{0EA17926-F21E-4855-BAA8-9284502EE1FE} = {0550F45B-87E2-4CAA-B5D0-8898F5E50CBC}
		{DBAE204C-144E-4DA1-8233-80C822524AF9} = {0550F45B-87E2-4CAA-B5D0-8898F5E50CBC}
	EndGlobalSection
	GlobalSection(ExtensibilityGlobals) = postSolution
		SolutionGuid = {1A02EDF1-0605-49CD-92EB-0519FC070838}
	EndGlobalSection
EndGlobal
