Microsoft Visual Studio Solution File, Format Version 12.00
# Visual Studio 15
VisualStudioVersion = 15.0.27130.2027
MinimumVisualStudioVersion = 10.0.40219.1
Project("{8BC9CEB8-8B4A-11D0-8D11-00A0C91BC942}") = "common", "common\win32\win32common.vcxproj", "{F51D094D-FBE1-4773-89F0-1321C5210CEC}"
EndProject
Project("{8BC9CEB8-8B4A-11D0-8D11-00A0C91BC942}") = "ghttp", "ghttp\ghttp.vcxproj", "{1338A207-2F4F-4FCA-9305-79A4609D7296}"
EndProject
Project("{8BC9CEB8-8B4A-11D0-8D11-00A0C91BC942}") = "ghttpc", "ghttp\ghttpc\ghttpc.vcxproj", "{75D6C79F-699B-4C66-ADC8-818E77295A08}"
EndProject
Project("{8BC9CEB8-8B4A-11D0-8D11-00A0C91BC942}") = "GP", "GP\GP.vcxproj", "{73FD8394-2799-4875-9B77-2DB5F5243CD2}"
EndProject
Project("{2150E333-8FDC-42A3-9474-1A3956D46DE8}") = "Tests", "Tests", "{0550F45B-87E2-4CAA-B5D0-8898F5E50CBC}"
EndProject
Project("{8BC9CEB8-8B4A-11D0-8D11-00A0C91BC942}") = "gpstress", "GP\gpstress\gpstress.vcxproj", "{ADC08350-16C5-4822-A04A-1AD5133CF64D}"
EndProject
Project("{8BC9CEB8-8B4A-11D0-8D11-00A0C91BC942}") = "gptest", "GP\gptest\gptest.vcxproj", "{E6B3FC4E-7F99-47F1-A57E-55ED2F3863A8}"
EndProject
Project("{8BC9CEB8-8B4A-11D0-8D11-00A0C91BC942}") = "gptestc", "GP\gptestc\gptestc.vcxproj", "{053EC363-5360-4CE4-B476-A5108293C5FA}"
EndProject
Project("{8BC9CEB8-8B4A-11D0-8D11-00A0C91BC942}") = "gt2", "gt2\gt2.vcxproj", "{E6C66FDF-1934-4A5F-A80E-01E0576ABFAC}"
EndProject
Project("{8BC9CEB8-8B4A-11D0-8D11-00A0C91BC942}") = "gt2action", "gt2\gt2action\gt2action.vcxproj", "{A982C0BF-D9A9-4CB3-91EA-C4D95CD96361}"
EndProject
Project("{8BC9CEB8-8B4A-11D0-8D11-00A0C91BC942}") = "gt2hostmig", "gt2\gt2hostmig\gt2hostmig.vcxproj", "{1CE7906B-6082-4042-B34F-9373D77DB425}"
EndProject
Project("{8BC9CEB8-8B4A-11D0-8D11-00A0C91BC942}") = "gt2nat", "gt2\gt2nat\gt2nat.vcxproj", "{1DDD5585-F0E6-45F3-92D6-BC671A9BA4E6}"
EndProject
Project("{8BC9CEB8-8B4A-11D0-8D11-00A0C91BC942}") = "gt2proxy", "gt2\gt2proxy\gt2proxy.vcxproj", "{48BE03E2-3540-4386-BC9E-7E4B9F35135F}"
EndProject
Project("{8BC9CEB8-8B4A-11D0-8D11-00A0C91BC942}") = "gt2testc", "gt2\gt2testc\gt2testc.vcxproj", "{CB6F5752-72AA-4F19-957A-BAC6EE1002A9}"
EndProject
Project("{8BC9CEB8-8B4A-11D0-8D11-00A0C91BC942}") = "gt2test", "gt2\gt2test\gt2test.vcxproj", "{666F1A4F-216F-40D3-900F-7BAA3FEC31A9}"
EndProject
Project("{8BC9CEB8-8B4A-11D0-8D11-00A0C91BC942}") = "qr2", "qr2\qr2.vcxproj", "{77247CB4-15AB-464E-AEF1-BCE353A818DD}"
EndProject
Project("{8BC9CEB8-8B4A-11D0-8D11-00A0C91BC942}") = "qr2csample", "qr2\qr2csample\qr2csample.vcxproj", "{3D185399-A7E6-4C67-9D3E-6B81E0D9EDA2}"
EndProject
Project("{8BC9CEB8-8B4A-11D0-8D11-00A0C91BC942}") = "natneg", "natneg\natneg.vcxproj", "{FE7DB30D-02B0-4E90-861A-30F76343E437}"
EndProject
Project("{8BC9CEB8-8B4A-11D0-8D11-00A0C91BC942}") = "simpletest", "natneg\simpletest\simpletest.vcxproj", "{B515ADDA-B172-4AFD-9434-7039AE31B892}"
EndProject
Global
	GlobalSection(SolutionConfigurationPlatforms) = preSolution
		Debug|x86 = Debug|x86
		Release|x86 = Release|x86
		Template|x86 = Template|x86
		Unicode Debug|x86 = Unicode Debug|x86
		Unicode Release|x86 = Unicode Release|x86
	EndGlobalSection
	GlobalSection(ProjectConfigurationPlatforms) = postSolution
		{F51D094D-FBE1-4773-89F0-1321C5210CEC}.Debug|x86.ActiveCfg = Debug|Win32
		{F51D094D-FBE1-4773-89F0-1321C5210CEC}.Debug|x86.Build.0 = Debug|Win32
		{F51D094D-FBE1-4773-89F0-1321C5210CEC}.Release|x86.ActiveCfg = Release|Win32
		{F51D094D-FBE1-4773-89F0-1321C5210CEC}.Release|x86.Build.0 = Release|Win32
		{F51D094D-FBE1-4773-89F0-1321C5210CEC}.Template|x86.ActiveCfg = Release|Win32
		{F51D094D-FBE1-4773-89F0-1321C5210CEC}.Template|x86.Build.0 = Release|Win32
		{F51D094D-FBE1-4773-89F0-1321C5210CEC}.Unicode Debug|x86.ActiveCfg = Debug|Win32
		{F51D094D-FBE1-4773-89F0-1321C5210CEC}.Unicode Debug|x86.Build.0 = Debug|Win32
		{F51D094D-FBE1-4773-89F0-1321C5210CEC}.Unicode Release|x86.ActiveCfg = Release|Win32
		{F51D094D-FBE1-4773-89F0-1321C5210CEC}.Unicode Release|x86.Build.0 = Release|Win32
		{1338A207-2F4F-4FCA-9305-79A4609D7296}.Debug|x86.ActiveCfg = Debug|Win32
		{1338A207-2F4F-4FCA-9305-79A4609D7296}.Debug|x86.Build.0 = Debug|Win32
		{1338A207-2F4F-4FCA-9305-79A4609D7296}.Release|x86.ActiveCfg = Release|Win32
		{1338A207-2F4F-4FCA-9305-79A4609D7296}.Release|x86.Build.0 = Release|Win32
		{1338A207-2F4F-4FCA-9305-79A4609D7296}.Template|x86.ActiveCfg = Release|Win32
		{1338A207-2F4F-4FCA-9305-79A4609D7296}.Template|x86.Build.0 = Release|Win32
		{1338A207-2F4F-4FCA-9305-79A4609D7296}.Unicode Debug|x86.ActiveCfg = Debug|Win32
		{1338A207-2F4F-4FCA-9305-79A4609D7296}.Unicode Debug|x86.Build.0 = Debug|Win32
		{1338A207-2F4F-4FCA-9305-79A4609D7296}.Unicode Release|x86.ActiveCfg = Release|Win32
		{1338A207-2F4F-4FCA-9305-79A4609D7296}.Unicode Release|x86.Build.0 = Release|Win32
		{75D6C79F-699B-4C66-ADC8-818E77295A08}.Debug|x86.ActiveCfg = Debug|Win32
		{75D6C79F-699B-4C66-ADC8-818E77295A08}.Debug|x86.Build.0 = Debug|Win32
		{75D6C79F-699B-4C66-ADC8-818E77295A08}.Release|x86.ActiveCfg = Release|Win32
		{75D6C79F-699B-4C66-ADC8-818E77295A08}.Release|x86.Build.0 = Release|Win32
		{75D6C79F-699B-4C66-ADC8-818E77295A08}.Template|x86.ActiveCfg = Unicode Release|Win32
		{75D6C79F-699B-4C66-ADC8-818E77295A08}.Template|x86.Build.0 = Unicode Release|Win32
		{75D6C79F-699B-4C66-ADC8-818E77295A08}.Unicode Debug|x86.ActiveCfg = Unicode Debug|Win32
		{75D6C79F-699B-4C66-ADC8-818E77295A08}.Unicode Debug|x86.Build.0 = Unicode Debug|Win32
		{75D6C79F-699B-4C66-ADC8-818E77295A08}.Unicode Release|x86.ActiveCfg = Unicode Release|Win32
		{75D6C79F-699B-4C66-ADC8-818E77295A08}.Unicode Release|x86.Build.0 = Unicode Release|Win32
		{73FD8394-2799-4875-9B77-2DB5F5243CD2}.Debug|x86.ActiveCfg = Debug|Win32
		{73FD8394-2799-4875-9B77-2DB5F5243CD2}.Debug|x86.Build.0 = Debug|Win32
		{73FD8394-2799-4875-9B77-2DB5F5243CD2}.Release|x86.ActiveCfg = Release|Win32
		{73FD8394-2799-4875-9B77-2DB5F5243CD2}.Release|x86.Build.0 = Release|Win32
		{73FD8394-2799-4875-9B77-2DB5F5243CD2}.Template|x86.ActiveCfg = Release|Win32
		{73FD8394-2799-4875-9B77-2DB5F5243CD2}.Template|x86.Build.0 = Release|Win32
		{73FD8394-2799-4875-9B77-2DB5F5243CD2}.Unicode Debug|x86.ActiveCfg = Debug|Win32
		{73FD8394-2799-4875-9B77-2DB5F5243CD2}.Unicode Debug|x86.Build.0 = Debug|Win32
		{73FD8394-2799-4875-9B77-2DB5F5243CD2}.Unicode Release|x86.ActiveCfg = Release|Win32
		{73FD8394-2799-4875-9B77-2DB5F5243CD2}.Unicode Release|x86.Build.0 = Release|Win32
		{ADC08350-16C5-4822-A04A-1AD5133CF64D}.Debug|x86.ActiveCfg = Debug|Win32
		{ADC08350-16C5-4822-A04A-1AD5133CF64D}.Debug|x86.Build.0 = Debug|Win32
		{ADC08350-16C5-4822-A04A-1AD5133CF64D}.Release|x86.ActiveCfg = Release|Win32
		{ADC08350-16C5-4822-A04A-1AD5133CF64D}.Release|x86.Build.0 = Release|Win32
		{ADC08350-16C5-4822-A04A-1AD5133CF64D}.Template|x86.ActiveCfg = Release|Win32
		{ADC08350-16C5-4822-A04A-1AD5133CF64D}.Template|x86.Build.0 = Release|Win32
		{ADC08350-16C5-4822-A04A-1AD5133CF64D}.Unicode Debug|x86.ActiveCfg = Debug|Win32
		{ADC08350-16C5-4822-A04A-1AD5133CF64D}.Unicode Debug|x86.Build.0 = Debug|Win32
		{ADC08350-16C5-4822-A04A-1AD5133CF64D}.Unicode Release|x86.ActiveCfg = Release|Win32
		{ADC08350-16C5-4822-A04A-1AD5133CF64D}.Unicode Release|x86.Build.0 = Release|Win32
		{E6B3FC4E-7F99-47F1-A57E-55ED2F3863A8}.Debug|x86.ActiveCfg = Debug|Win32
		{E6B3FC4E-7F99-47F1-A57E-55ED2F3863A8}.Debug|x86.Build.0 = Debug|Win32
		{E6B3FC4E-7F99-47F1-A57E-55ED2F3863A8}.Release|x86.ActiveCfg = Release|Win32
		{E6B3FC4E-7F99-47F1-A57E-55ED2F3863A8}.Release|x86.Build.0 = Release|Win32
		{E6B3FC4E-7F99-47F1-A57E-55ED2F3863A8}.Template|x86.ActiveCfg = Release|Win32
		{E6B3FC4E-7F99-47F1-A57E-55ED2F3863A8}.Template|x86.Build.0 = Release|Win32
		{E6B3FC4E-7F99-47F1-A57E-55ED2F3863A8}.Unicode Debug|x86.ActiveCfg = Debug|Win32
		{E6B3FC4E-7F99-47F1-A57E-55ED2F3863A8}.Unicode Debug|x86.Build.0 = Debug|Win32
		{E6B3FC4E-7F99-47F1-A57E-55ED2F3863A8}.Unicode Release|x86.ActiveCfg = Release|Win32
		{E6B3FC4E-7F99-47F1-A57E-55ED2F3863A8}.Unicode Release|x86.Build.0 = Release|Win32
		{053EC363-5360-4CE4-B476-A5108293C5FA}.Debug|x86.ActiveCfg = Debug|Win32
		{053EC363-5360-4CE4-B476-A5108293C5FA}.Debug|x86.Build.0 = Debug|Win32
		{053EC363-5360-4CE4-B476-A5108293C5FA}.Release|x86.ActiveCfg = Release|Win32
		{053EC363-5360-4CE4-B476-A5108293C5FA}.Release|x86.Build.0 = Release|Win32
		{053EC363-5360-4CE4-B476-A5108293C5FA}.Template|x86.ActiveCfg = Unicode Release|Win32
		{053EC363-5360-4CE4-B476-A5108293C5FA}.Template|x86.Build.0 = Unicode Release|Win32
		{053EC363-5360-4CE4-B476-A5108293C5FA}.Unicode Debug|x86.ActiveCfg = Unicode Debug|Win32
		{053EC363-5360-4CE4-B476-A5108293C5FA}.Unicode Debug|x86.Build.0 = Unicode Debug|Win32
		{053EC363-5360-4CE4-B476-A5108293C5FA}.Unicode Release|x86.ActiveCfg = Unicode Release|Win32
		{053EC363-5360-4CE4-B476-A5108293C5FA}.Unicode Release|x86.Build.0 = Unicode Release|Win32
		{E6C66FDF-1934-4A5F-A80E-01E0576ABFAC}.Debug|x86.ActiveCfg = Debug|Win32
		{E6C66FDF-1934-4A5F-A80E-01E0576ABFAC}.Debug|x86.Build.0 = Debug|Win32
		{E6C66FDF-1934-4A5F-A80E-01E0576ABFAC}.Release|x86.ActiveCfg = Release|Win32
		{E6C66FDF-1934-4A5F-A80E-01E0576ABFAC}.Release|x86.Build.0 = Release|Win32
		{E6C66FDF-1934-4A5F-A80E-01E0576ABFAC}.Template|x86.ActiveCfg = Release|Win32
		{E6C66FDF-1934-4A5F-A80E-01E0576ABFAC}.Template|x86.Build.0 = Release|Win32
		{E6C66FDF-1934-4A5F-A80E-01E0576ABFAC}.Unicode Debug|x86.ActiveCfg = Debug|Win32
		{E6C66FDF-1934-4A5F-A80E-01E0576ABFAC}.Unicode Debug|x86.Build.0 = Debug|Win32
		{E6C66FDF-1934-4A5F-A80E-01E0576ABFAC}.Unicode Release|x86.ActiveCfg = Release|Win32
		{E6C66FDF-1934-4A5F-A80E-01E0576ABFAC}.Unicode Release|x86.Build.0 = Release|Win32
		{A982C0BF-D9A9-4CB3-91EA-C4D95CD96361}.Debug|x86.ActiveCfg = Debug|Win32
		{A982C0BF-D9A9-4CB3-91EA-C4D95CD96361}.Debug|x86.Build.0 = Debug|Win32
		{A982C0BF-D9A9-4CB3-91EA-C4D95CD96361}.Release|x86.ActiveCfg = Release|Win32
		{A982C0BF-D9A9-4CB3-91EA-C4D95CD96361}.Release|x86.Build.0 = Release|Win32
		{A982C0BF-D9A9-4CB3-91EA-C4D95CD96361}.Template|x86.ActiveCfg = Release|Win32
		{A982C0BF-D9A9-4CB3-91EA-C4D95CD96361}.Template|x86.Build.0 = Release|Win32
		{A982C0BF-D9A9-4CB3-91EA-C4D95CD96361}.Unicode Debug|x86.ActiveCfg = Debug|Win32
		{A982C0BF-D9A9-4CB3-91EA-C4D95CD96361}.Unicode Debug|x86.Build.0 = Debug|Win32
		{A982C0BF-D9A9-4CB3-91EA-C4D95CD96361}.Unicode Release|x86.ActiveCfg = Release|Win32
		{A982C0BF-D9A9-4CB3-91EA-C4D95CD96361}.Unicode Release|x86.Build.0 = Release|Win32
		{1CE7906B-6082-4042-B34F-9373D77DB425}.Debug|x86.ActiveCfg = Debug|Win32
		{1CE7906B-6082-4042-B34F-9373D77DB425}.Debug|x86.Build.0 = Debug|Win32
		{1CE7906B-6082-4042-B34F-9373D77DB425}.Release|x86.ActiveCfg = Release|Win32
		{1CE7906B-6082-4042-B34F-9373D77DB425}.Release|x86.Build.0 = Release|Win32
		{1CE7906B-6082-4042-B34F-9373D77DB425}.Template|x86.ActiveCfg = Release|Win32
		{1CE7906B-6082-4042-B34F-9373D77DB425}.Template|x86.Build.0 = Release|Win32
		{1CE7906B-6082-4042-B34F-9373D77DB425}.Unicode Debug|x86.ActiveCfg = Debug|Win32
		{1CE7906B-6082-4042-B34F-9373D77DB425}.Unicode Debug|x86.Build.0 = Debug|Win32
		{1CE7906B-6082-4042-B34F-9373D77DB425}.Unicode Release|x86.ActiveCfg = Release|Win32
		{1CE7906B-6082-4042-B34F-9373D77DB425}.Unicode Release|x86.Build.0 = Release|Win32
		{1DDD5585-F0E6-45F3-92D6-BC671A9BA4E6}.Debug|x86.ActiveCfg = Debug|Win32
		{1DDD5585-F0E6-45F3-92D6-BC671A9BA4E6}.Debug|x86.Build.0 = Debug|Win32
		{1DDD5585-F0E6-45F3-92D6-BC671A9BA4E6}.Release|x86.ActiveCfg = Release|Win32
		{1DDD5585-F0E6-45F3-92D6-BC671A9BA4E6}.Release|x86.Build.0 = Release|Win32
		{1DDD5585-F0E6-45F3-92D6-BC671A9BA4E6}.Template|x86.ActiveCfg = Release|Win32
		{1DDD5585-F0E6-45F3-92D6-BC671A9BA4E6}.Template|x86.Build.0 = Release|Win32
		{1DDD5585-F0E6-45F3-92D6-BC671A9BA4E6}.Unicode Debug|x86.ActiveCfg = Debug|Win32
		{1DDD5585-F0E6-45F3-92D6-BC671A9BA4E6}.Unicode Debug|x86.Build.0 = Debug|Win32
		{1DDD5585-F0E6-45F3-92D6-BC671A9BA4E6}.Unicode Release|x86.ActiveCfg = Release|Win32
		{1DDD5585-F0E6-45F3-92D6-BC671A9BA4E6}.Unicode Release|x86.Build.0 = Release|Win32
		{48BE03E2-3540-4386-BC9E-7E4B9F35135F}.Debug|x86.ActiveCfg = Debug|Win32
		{48BE03E2-3540-4386-BC9E-7E4B9F35135F}.Debug|x86.Build.0 = Debug|Win32
		{48BE03E2-3540-4386-BC9E-7E4B9F35135F}.Release|x86.ActiveCfg = Release|Win32
		{48BE03E2-3540-4386-BC9E-7E4B9F35135F}.Release|x86.Build.0 = Release|Win32
		{48BE03E2-3540-4386-BC9E-7E4B9F35135F}.Template|x86.ActiveCfg = Release|Win32
		{48BE03E2-3540-4386-BC9E-7E4B9F35135F}.Template|x86.Build.0 = Release|Win32
		{48BE03E2-3540-4386-BC9E-7E4B9F35135F}.Unicode Debug|x86.ActiveCfg = Debug|Win32
		{48BE03E2-3540-4386-BC9E-7E4B9F35135F}.Unicode Debug|x86.Build.0 = Debug|Win32
		{48BE03E2-3540-4386-BC9E-7E4B9F35135F}.Unicode Release|x86.ActiveCfg = Release|Win32
		{48BE03E2-3540-4386-BC9E-7E4B9F35135F}.Unicode Release|x86.Build.0 = Release|Win32
		{CB6F5752-72AA-4F19-957A-BAC6EE1002A9}.Debug|x86.ActiveCfg = Debug|Win32
		{CB6F5752-72AA-4F19-957A-BAC6EE1002A9}.Debug|x86.Build.0 = Debug|Win32
		{CB6F5752-72AA-4F19-957A-BAC6EE1002A9}.Release|x86.ActiveCfg = Release|Win32
		{CB6F5752-72AA-4F19-957A-BAC6EE1002A9}.Release|x86.Build.0 = Release|Win32
		{CB6F5752-72AA-4F19-957A-BAC6EE1002A9}.Template|x86.ActiveCfg = Unicode Release|Win32
		{CB6F5752-72AA-4F19-957A-BAC6EE1002A9}.Template|x86.Build.0 = Unicode Release|Win32
		{CB6F5752-72AA-4F19-957A-BAC6EE1002A9}.Unicode Debug|x86.ActiveCfg = Unicode Debug|Win32
		{CB6F5752-72AA-4F19-957A-BAC6EE1002A9}.Unicode Debug|x86.Build.0 = Unicode Debug|Win32
		{CB6F5752-72AA-4F19-957A-BAC6EE1002A9}.Unicode Release|x86.ActiveCfg = Unicode Release|Win32
		{CB6F5752-72AA-4F19-957A-BAC6EE1002A9}.Unicode Release|x86.Build.0 = Unicode Release|Win32
		{666F1A4F-216F-40D3-900F-7BAA3FEC31A9}.Debug|x86.ActiveCfg = Debug|Win32
		{666F1A4F-216F-40D3-900F-7BAA3FEC31A9}.Debug|x86.Build.0 = Debug|Win32
		{666F1A4F-216F-40D3-900F-7BAA3FEC31A9}.Release|x86.ActiveCfg = Release|Win32
		{666F1A4F-216F-40D3-900F-7BAA3FEC31A9}.Release|x86.Build.0 = Release|Win32
		{666F1A4F-216F-40D3-900F-7BAA3FEC31A9}.Template|x86.ActiveCfg = Release|Win32
		{666F1A4F-216F-40D3-900F-7BAA3FEC31A9}.Template|x86.Build.0 = Release|Win32
		{666F1A4F-216F-40D3-900F-7BAA3FEC31A9}.Unicode Debug|x86.ActiveCfg = Debug|Win32
		{666F1A4F-216F-40D3-900F-7BAA3FEC31A9}.Unicode Debug|x86.Build.0 = Debug|Win32
		{666F1A4F-216F-40D3-900F-7BAA3FEC31A9}.Unicode Release|x86.ActiveCfg = Release|Win32
		{666F1A4F-216F-40D3-900F-7BAA3FEC31A9}.Unicode Release|x86.Build.0 = Release|Win32
		{77247CB4-15AB-464E-AEF1-BCE353A818DD}.Debug|x86.ActiveCfg = Debug|Win32
		{77247CB4-15AB-464E-AEF1-BCE353A818DD}.Debug|x86.Build.0 = Debug|Win32
		{77247CB4-15AB-464E-AEF1-BCE353A818DD}.Release|x86.ActiveCfg = Release|Win32
		{77247CB4-15AB-464E-AEF1-BCE353A818DD}.Release|x86.Build.0 = Release|Win32
		{77247CB4-15AB-464E-AEF1-BCE353A818DD}.Template|x86.ActiveCfg = Release|Win32
		{77247CB4-15AB-464E-AEF1-BCE353A818DD}.Template|x86.Build.0 = Release|Win32
		{77247CB4-15AB-464E-AEF1-BCE353A818DD}.Unicode Debug|x86.ActiveCfg = Debug|Win32
		{77247CB4-15AB-464E-AEF1-BCE353A818DD}.Unicode Debug|x86.Build.0 = Debug|Win32
		{77247CB4-15AB-464E-AEF1-BCE353A818DD}.Unicode Release|x86.ActiveCfg = Release|Win32
		{77247CB4-15AB-464E-AEF1-BCE353A818DD}.Unicode Release|x86.Build.0 = Release|Win32
		{3D185399-A7E6-4C67-9D3E-6B81E0D9EDA2}.Debug|x86.ActiveCfg = Debug|Win32
		{3D185399-A7E6-4C67-9D3E-6B81E0D9EDA2}.Debug|x86.Build.0 = Debug|Win32
		{3D185399-A7E6-4C67-9D3E-6B81E0D9EDA2}.Release|x86.ActiveCfg = Release|Win32
		{3D185399-A7E6-4C67-9D3E-6B81E0D9EDA2}.Release|x86.Build.0 = Release|Win32
		{3D185399-A7E6-4C67-9D3E-6B81E0D9EDA2}.Template|x86.ActiveCfg = Template|Win32
		{3D185399-A7E6-4C67-9D3E-6B81E0D9EDA2}.Template|x86.Build.0 = Template|Win32
		{3D185399-A7E6-4C67-9D3E-6B81E0D9EDA2}.Unicode Debug|x86.ActiveCfg = Unicode Debug|Win32
		{3D185399-A7E6-4C67-9D3E-6B81E0D9EDA2}.Unicode Debug|x86.Build.0 = Unicode Debug|Win32
		{3D185399-A7E6-4C67-9D3E-6B81E0D9EDA2}.Unicode Release|x86.ActiveCfg = Unicode Release|Win32
		{3D185399-A7E6-4C67-9D3E-6B81E0D9EDA2}.Unicode Release|x86.Build.0 = Unicode Release|Win32
		{FE7DB30D-02B0-4E90-861A-30F76343E437}.Debug|x86.ActiveCfg = Debug|Win32
		{FE7DB30D-02B0-4E90-861A-30F76343E437}.Debug|x86.Build.0 = Debug|Win32
		{FE7DB30D-02B0-4E90-861A-30F76343E437}.Release|x86.ActiveCfg = Release|Win32
		{FE7DB30D-02B0-4E90-861A-30F76343E437}.Release|x86.Build.0 = Release|Win32
		{FE7DB30D-02B0-4E90-861A-30F76343E437}.Template|x86.ActiveCfg = Release|Win32
		{FE7DB30D-02B0-4E90-861A-30F76343E437}.Template|x86.Build.0 = Release|Win32
		{FE7DB30D-02B0-4E90-861A-30F76343E437}.Unicode Debug|x86.ActiveCfg = Debug|Win32
		{FE7DB30D-02B0-4E90-861A-30F76343E437}.Unicode Debug|x86.Build.0 = Debug|Win32
		{FE7DB30D-02B0-4E90-861A-30F76343E437}.Unicode Release|x86.ActiveCfg = Release|Win32
		{FE7DB30D-02B0-4E90-861A-30F76343E437}.Unicode Release|x86.Build.0 = Release|Win32
		{B515ADDA-B172-4AFD-9434-7039AE31B892}.Debug|x86.ActiveCfg = Debug|Win32
		{B515ADDA-B172-4AFD-9434-7039AE31B892}.Debug|x86.Build.0 = Debug|Win32
		{B515ADDA-B172-4AFD-9434-7039AE31B892}.Release|x86.ActiveCfg = Release|Win32
		{B515ADDA-B172-4AFD-9434-7039AE31B892}.Release|x86.Build.0 = Release|Win32
		{B515ADDA-B172-4AFD-9434-7039AE31B892}.Template|x86.ActiveCfg = Release|Win32
		{B515ADDA-B172-4AFD-9434-7039AE31B892}.Template|x86.Build.0 = Release|Win32
		{B515ADDA-B172-4AFD-9434-7039AE31B892}.Unicode Debug|x86.ActiveCfg = Debug|Win32
		{B515ADDA-B172-4AFD-9434-7039AE31B892}.Unicode Debug|x86.Build.0 = Debug|Win32
		{B515ADDA-B172-4AFD-9434-7039AE31B892}.Unicode Release|x86.ActiveCfg = Release|Win32
		{B515ADDA-B172-4AFD-9434-7039AE31B892}.Unicode Release|x86.Build.0 = Release|Win32
	EndGlobalSection
	GlobalSection(SolutionProperties) = preSolution
		HideSolutionNode = FALSE
	EndGlobalSection
	GlobalSection(NestedProjects) = preSolution
		{1338A207-2F4F-4FCA-9305-79A4609D7296} = {0550F45B-87E2-4CAA-B5D0-8898F5E50CBC}
		{75D6C79F-699B-4C66-ADC8-818E77295A08} = {0550F45B-87E2-4CAA-B5D0-8898F5E50CBC}
		{ADC08350-16C5-4822-A04A-1AD5133CF64D} = {0550F45B-87E2-4CAA-B5D0-8898F5E50CBC}
		{E6B3FC4E-7F99-47F1-A57E-55ED2F3863A8} = {0550F45B-87E2-4CAA-B5D0-8898F5E50CBC}
		{053EC363-5360-4CE4-B476-A5108293C5FA} = {0550F45B-87E2-4CAA-B5D0-8898F5E50CBC}
		{A982C0BF-D9A9-4CB3-91EA-C4D95CD96361} = {0550F45B-87E2-4CAA-B5D0-8898F5E50CBC}
		{1CE7906B-6082-4042-B34F-9373D77DB425} = {0550F45B-87E2-4CAA-B5D0-8898F5E50CBC}
		{1DDD5585-F0E6-45F3-92D6-BC671A9BA4E6} = {0550F45B-87E2-4CAA-B5D0-8898F5E50CBC}
		{48BE03E2-3540-4386-BC9E-7E4B9F35135F} = {0550F45B-87E2-4CAA-B5D0-8898F5E50CBC}
		{CB6F5752-72AA-4F19-957A-BAC6EE1002A9} = {0550F45B-87E2-4CAA-B5D0-8898F5E50CBC}
		{666F1A4F-216F-40D3-900F-7BAA3FEC31A9} = {0550F45B-87E2-4CAA-B5D0-8898F5E50CBC}
		{3D185399-A7E6-4C67-9D3E-6B81E0D9EDA2} = {0550F45B-87E2-4CAA-B5D0-8898F5E50CBC}
		{B515ADDA-B172-4AFD-9434-7039AE31B892} = {0550F45B-87E2-4CAA-B5D0-8898F5E50CBC}
	EndGlobalSection
	GlobalSection(ExtensibilityGlobals) = postSolution
		SolutionGuid = {1A02EDF1-0605-49CD-92EB-0519FC070838}
	EndGlobalSection
EndGlobal
