
Microsoft Visual Studio Solution File, Format Version 10.00
# Visual Studio 2008
Project("{8BC9CEB8-8B4A-11D0-8D11-00A0C91BC942}") = "common", "common\win32\win32common.vcproj", "{F51D094D-FBE1-4773-89F0-1321C5210CEC}"
EndProject
Project("{8BC9CEB8-8B4A-11D0-8D11-00A0C91BC942}") = "ghttp", "ghttp\ghttp.vcproj", "{1338A207-2F4F-4FCA-9305-79A4609D7296}"
EndProject
Project("{8BC9CEB8-8B4A-11D0-8D11-00A0C91BC942}") = "GP", "GP\GP.vcproj", "{73FD8394-2799-4875-9B77-2DB5F5243CD2}"
EndProject
Global
	GlobalSection(SolutionConfigurationPlatforms) = preSolution
		Debug|Win32 = Debug|Win32
		Release|Win32 = Release|Win32
	EndGlobalSection
	GlobalSection(ProjectConfigurationPlatforms) = postSolution
		{F51D094D-FBE1-4773-89F0-1321C5210CEC}.Debug|Win32.ActiveCfg = Debug|Win32
		{F51D094D-FBE1-4773-89F0-1321C5210CEC}.Debug|Win32.Build.0 = Debug|Win32
		{F51D094D-FBE1-4773-89F0-1321C5210CEC}.Release|Win32.ActiveCfg = Release|Win32
		{F51D094D-FBE1-4773-89F0-1321C5210CEC}.Release|Win32.Build.0 = Release|Win32
		{1338A207-2F4F-4FCA-9305-79A4609D7296}.Debug|Win32.ActiveCfg = Debug|Win32
		{1338A207-2F4F-4FCA-9305-79A4609D7296}.Debug|Win32.Build.0 = Debug|Win32
		{1338A207-2F4F-4FCA-9305-79A4609D7296}.Release|Win32.ActiveCfg = Release|Win32
		{1338A207-2F4F-4FCA-9305-79A4609D7296}.Release|Win32.Build.0 = Release|Win32
		{73FD8394-2799-4875-9B77-2DB5F5243CD2}.Debug|Win32.ActiveCfg = Debug|Win32
		{73FD8394-2799-4875-9B77-2DB5F5243CD2}.Debug|Win32.Build.0 = Debug|Win32
		{73FD8394-2799-4875-9B77-2DB5F5243CD2}.Release|Win32.ActiveCfg = Release|Win32
		{73FD8394-2799-4875-9B77-2DB5F5243CD2}.Release|Win32.Build.0 = Release|Win32
	EndGlobalSection
	GlobalSection(SolutionProperties) = preSolution
		HideSolutionNode = FALSE
	EndGlobalSection
EndGlobal
