
Microsoft Visual Studio Solution File, Format Version 10.00
# Visual Studio 2008
Project("{8BC9CEB8-8B4A-11D0-8D11-00A0C91BC942}") = "common", "common\win32\win32common.vcproj", "{F51D094D-FBE1-4773-89F0-1321C5210CEC}"
EndProject
Project("{8BC9CEB8-8B4A-11D0-8D11-00A0C91BC942}") = "ghttp", "ghttp\ghttp.vcproj", "{1338A207-2F4F-4FCA-9305-79A4609D7296}"
EndProject
Project("{8BC9CEB8-8B4A-11D0-8D11-00A0C91BC942}") = "GP", "GP\GP.vcproj", "{73FD8394-2799-4875-9B77-2DB5F5243CD2}"
EndProject
Project("{8BC9CEB8-8B4A-11D0-8D11-00A0C91BC942}") = "gcdkey", "gcdkey\gcdkey.vcproj", "{F129C841-474D-4453-813C-3482996AB040}"
EndProject
Project("{8BC9CEB8-8B4A-11D0-8D11-00A0C91BC942}") = "Chat", "Chat\Chat.vcproj", "{783FE9C5-0EDD-4286-922D-A224D47ED561}"
EndProject
Project("{8BC9CEB8-8B4A-11D0-8D11-00A0C91BC942}") = "brigades", "brigades\brigades.vcproj", "{CCA3795B-81FB-472A-9BC3-F4034FC3935E}"
EndProject
Project("{8BC9CEB8-8B4A-11D0-8D11-00A0C91BC942}") = "gstats", "gstats\gstats.vcproj", "{EF3E3592-B5B3-4CB1-AFB7-F09A5E4E3A37}"
EndProject
Project("{8BC9CEB8-8B4A-11D0-8D11-00A0C91BC942}") = "gt2", "gt2\gt2.vcproj", "{E6C66FDF-1934-4A5F-A80E-01E0576ABFAC}"
EndProject
Project("{8BC9CEB8-8B4A-11D0-8D11-00A0C91BC942}") = "natneg", "natneg\natneg.vcproj", "{FE7DB30D-02B0-4E90-861A-30F76343E437}"
EndProject
Project("{8BC9CEB8-8B4A-11D0-8D11-00A0C91BC942}") = "Peer", "Peer\Peer.vcproj", "{8C2D3A6B-3345-44F4-B594-D707521BB260}"
EndProject
Project("{8BC9CEB8-8B4A-11D0-8D11-00A0C91BC942}") = "pinger", "pinger\pinger.vcproj", "{AACC2CBB-A075-43DD-B890-AE5E753C5AFE}"
EndProject
Project("{8BC9CEB8-8B4A-11D0-8D11-00A0C91BC942}") = "pt", "pt\pt.vcproj", "{F406B8A1-1BF3-41E0-8BAD-B5841221CE32}"
EndProject
Project("{8BC9CEB8-8B4A-11D0-8D11-00A0C91BC942}") = "qr2", "qr2\qr2.vcproj", "{77247CB4-15AB-464E-AEF1-BCE353A818DD}"
EndProject
Project("{8BC9CEB8-8B4A-11D0-8D11-00A0C91BC942}") = "sake", "sake\sake.vcproj", "{DD27BF89-DBA3-4070-A836-E39B91417EBB}"
EndProject
Project("{8BC9CEB8-8B4A-11D0-8D11-00A0C91BC942}") = "sc", "sc\sc.vcproj", "{249D7D84-AB2A-41A9-9814-644FDA85E469}"
EndProject
Project("{8BC9CEB8-8B4A-11D0-8D11-00A0C91BC942}") = "serverbrowsing", "serverbrowsing\serverbrowsing.vcproj", "{BA849CCC-A1BA-495B-94F6-57933C7D6181}"
EndProject
Project("{8BC9CEB8-8B4A-11D0-8D11-00A0C91BC942}") = "webservices", "webservices\webservices.vcproj", "{D869A1C6-9EA1-47E8-88AA-05E40EF63367}"
EndProject
Project("{8BC9CEB8-8B4A-11D0-8D11-00A0C91BC942}") = "Voice2", "Voice2\Voice2.vcproj", "{D8B7C126-A241-46F6-88DB-8B0281C0B735}"
EndProject
Project("{2150E333-8FDC-42A3-9474-1A3956D46DE8}") = "SDK Libraries", "SDK Libraries", "{77BE29CD-5665-46E9-B0F4-DD2BAA3C589E}"
EndProject
Project("{2150E333-8FDC-42A3-9474-1A3956D46DE8}") = "Speex", "Speex", "{DE5D0C12-E174-4B8A-A461-C4AF9DB1106A}"
EndProject
Project("{8BC9CEB8-8B4A-11D0-8D11-00A0C91BC942}") = "libspeex", "Voice2\libspeex\win32\VS2008\libspeex\libspeex.vcproj", "{E972C52F-9E85-4D65-B19C-031E511E9DB4}"
EndProject
Project("{2150E333-8FDC-42A3-9474-1A3956D46DE8}") = "Tests", "Tests", "{32928290-ABE5-45A4-859E-2885F476C26E}"
EndProject
Project("{8BC9CEB8-8B4A-11D0-8D11-00A0C91BC942}") = "ghttpc", "ghttp\ghttpc\ghttpc.vcproj", "{3575C6D2-9006-4391-9CB0-A614CA639A52}"
EndProject
Global
	GlobalSection(SolutionConfigurationPlatforms) = preSolution
		Debug_RTL_dll|Win32 = Debug_RTL_dll|Win32
		Debug_RTL_dll|Windows Mobile 5.0 Pocket PC SDK (ARMV4I) = Debug_RTL_dll|Windows Mobile 5.0 Pocket PC SDK (ARMV4I)
		Debug_WM5_PPC_ARM|Win32 = Debug_WM5_PPC_ARM|Win32
		Debug_WM5_PPC_ARM|Windows Mobile 5.0 Pocket PC SDK (ARMV4I) = Debug_WM5_PPC_ARM|Windows Mobile 5.0 Pocket PC SDK (ARMV4I)
		Debug|Win32 = Debug|Win32
		Debug|Windows Mobile 5.0 Pocket PC SDK (ARMV4I) = Debug|Windows Mobile 5.0 Pocket PC SDK (ARMV4I)
		Release_Dynamic|Win32 = Release_Dynamic|Win32
		Release_Dynamic|Windows Mobile 5.0 Pocket PC SDK (ARMV4I) = Release_Dynamic|Windows Mobile 5.0 Pocket PC SDK (ARMV4I)
		Release_RTL_dll|Win32 = Release_RTL_dll|Win32
		Release_RTL_dll|Windows Mobile 5.0 Pocket PC SDK (ARMV4I) = Release_RTL_dll|Windows Mobile 5.0 Pocket PC SDK (ARMV4I)
		Release_SSE|Win32 = Release_SSE|Win32
		Release_SSE|Windows Mobile 5.0 Pocket PC SDK (ARMV4I) = Release_SSE|Windows Mobile 5.0 Pocket PC SDK (ARMV4I)
		Release_SSE2|Win32 = Release_SSE2|Win32
		Release_SSE2|Windows Mobile 5.0 Pocket PC SDK (ARMV4I) = Release_SSE2|Windows Mobile 5.0 Pocket PC SDK (ARMV4I)
		Release_WM5_PPC_ARM|Win32 = Release_WM5_PPC_ARM|Win32
		Release_WM5_PPC_ARM|Windows Mobile 5.0 Pocket PC SDK (ARMV4I) = Release_WM5_PPC_ARM|Windows Mobile 5.0 Pocket PC SDK (ARMV4I)
		Release|Win32 = Release|Win32
		Release|Windows Mobile 5.0 Pocket PC SDK (ARMV4I) = Release|Windows Mobile 5.0 Pocket PC SDK (ARMV4I)
	EndGlobalSection
	GlobalSection(ProjectConfigurationPlatforms) = postSolution
		{F51D094D-FBE1-4773-89F0-1321C5210CEC}.Debug_RTL_dll|Win32.ActiveCfg = Debug|Win32
		{F51D094D-FBE1-4773-89F0-1321C5210CEC}.Debug_RTL_dll|Win32.Build.0 = Debug|Win32
		{F51D094D-FBE1-4773-89F0-1321C5210CEC}.Debug_RTL_dll|Windows Mobile 5.0 Pocket PC SDK (ARMV4I).ActiveCfg = Debug|Win32
		{F51D094D-FBE1-4773-89F0-1321C5210CEC}.Debug_WM5_PPC_ARM|Win32.ActiveCfg = Debug|Win32
		{F51D094D-FBE1-4773-89F0-1321C5210CEC}.Debug_WM5_PPC_ARM|Win32.Build.0 = Debug|Win32
		{F51D094D-FBE1-4773-89F0-1321C5210CEC}.Debug_WM5_PPC_ARM|Windows Mobile 5.0 Pocket PC SDK (ARMV4I).ActiveCfg = Debug|Win32
		{F51D094D-FBE1-4773-89F0-1321C5210CEC}.Debug|Win32.ActiveCfg = Debug|Win32
		{F51D094D-FBE1-4773-89F0-1321C5210CEC}.Debug|Win32.Build.0 = Debug|Win32
		{F51D094D-FBE1-4773-89F0-1321C5210CEC}.Debug|Windows Mobile 5.0 Pocket PC SDK (ARMV4I).ActiveCfg = Debug|Win32
		{F51D094D-FBE1-4773-89F0-1321C5210CEC}.Release_Dynamic|Win32.ActiveCfg = Release|Win32
		{F51D094D-FBE1-4773-89F0-1321C5210CEC}.Release_Dynamic|Win32.Build.0 = Release|Win32
		{F51D094D-FBE1-4773-89F0-1321C5210CEC}.Release_Dynamic|Windows Mobile 5.0 Pocket PC SDK (ARMV4I).ActiveCfg = Release|Win32
		{F51D094D-FBE1-4773-89F0-1321C5210CEC}.Release_RTL_dll|Win32.ActiveCfg = Release|Win32
		{F51D094D-FBE1-4773-89F0-1321C5210CEC}.Release_RTL_dll|Win32.Build.0 = Release|Win32
		{F51D094D-FBE1-4773-89F0-1321C5210CEC}.Release_RTL_dll|Windows Mobile 5.0 Pocket PC SDK (ARMV4I).ActiveCfg = Release|Win32
		{F51D094D-FBE1-4773-89F0-1321C5210CEC}.Release_SSE|Win32.ActiveCfg = Release|Win32
		{F51D094D-FBE1-4773-89F0-1321C5210CEC}.Release_SSE|Win32.Build.0 = Release|Win32
		{F51D094D-FBE1-4773-89F0-1321C5210CEC}.Release_SSE|Windows Mobile 5.0 Pocket PC SDK (ARMV4I).ActiveCfg = Release|Win32
		{F51D094D-FBE1-4773-89F0-1321C5210CEC}.Release_SSE2|Win32.ActiveCfg = Release|Win32
		{F51D094D-FBE1-4773-89F0-1321C5210CEC}.Release_SSE2|Win32.Build.0 = Release|Win32
		{F51D094D-FBE1-4773-89F0-1321C5210CEC}.Release_SSE2|Windows Mobile 5.0 Pocket PC SDK (ARMV4I).ActiveCfg = Release|Win32
		{F51D094D-FBE1-4773-89F0-1321C5210CEC}.Release_WM5_PPC_ARM|Win32.ActiveCfg = Release|Win32
		{F51D094D-FBE1-4773-89F0-1321C5210CEC}.Release_WM5_PPC_ARM|Win32.Build.0 = Release|Win32
		{F51D094D-FBE1-4773-89F0-1321C5210CEC}.Release_WM5_PPC_ARM|Windows Mobile 5.0 Pocket PC SDK (ARMV4I).ActiveCfg = Release|Win32
		{F51D094D-FBE1-4773-89F0-1321C5210CEC}.Release|Win32.ActiveCfg = Release|Win32
		{F51D094D-FBE1-4773-89F0-1321C5210CEC}.Release|Win32.Build.0 = Release|Win32
		{F51D094D-FBE1-4773-89F0-1321C5210CEC}.Release|Windows Mobile 5.0 Pocket PC SDK (ARMV4I).ActiveCfg = Release|Win32
		{1338A207-2F4F-4FCA-9305-79A4609D7296}.Debug_RTL_dll|Win32.ActiveCfg = Debug|Win32
		{1338A207-2F4F-4FCA-9305-79A4609D7296}.Debug_RTL_dll|Win32.Build.0 = Debug|Win32
		{1338A207-2F4F-4FCA-9305-79A4609D7296}.Debug_RTL_dll|Windows Mobile 5.0 Pocket PC SDK (ARMV4I).ActiveCfg = Debug|Win32
		{1338A207-2F4F-4FCA-9305-79A4609D7296}.Debug_WM5_PPC_ARM|Win32.ActiveCfg = Debug|Win32
		{1338A207-2F4F-4FCA-9305-79A4609D7296}.Debug_WM5_PPC_ARM|Win32.Build.0 = Debug|Win32
		{1338A207-2F4F-4FCA-9305-79A4609D7296}.Debug_WM5_PPC_ARM|Windows Mobile 5.0 Pocket PC SDK (ARMV4I).ActiveCfg = Debug|Win32
		{1338A207-2F4F-4FCA-9305-79A4609D7296}.Debug|Win32.ActiveCfg = Debug|Win32
		{1338A207-2F4F-4FCA-9305-79A4609D7296}.Debug|Win32.Build.0 = Debug|Win32
		{1338A207-2F4F-4FCA-9305-79A4609D7296}.Debug|Windows Mobile 5.0 Pocket PC SDK (ARMV4I).ActiveCfg = Debug|Win32
		{1338A207-2F4F-4FCA-9305-79A4609D7296}.Release_Dynamic|Win32.ActiveCfg = Release|Win32
		{1338A207-2F4F-4FCA-9305-79A4609D7296}.Release_Dynamic|Win32.Build.0 = Release|Win32
		{1338A207-2F4F-4FCA-9305-79A4609D7296}.Release_Dynamic|Windows Mobile 5.0 Pocket PC SDK (ARMV4I).ActiveCfg = Release|Win32
		{1338A207-2F4F-4FCA-9305-79A4609D7296}.Release_RTL_dll|Win32.ActiveCfg = Release|Win32
		{1338A207-2F4F-4FCA-9305-79A4609D7296}.Release_RTL_dll|Win32.Build.0 = Release|Win32
		{1338A207-2F4F-4FCA-9305-79A4609D7296}.Release_RTL_dll|Windows Mobile 5.0 Pocket PC SDK (ARMV4I).ActiveCfg = Release|Win32
		{1338A207-2F4F-4FCA-9305-79A4609D7296}.Release_SSE|Win32.ActiveCfg = Release|Win32
		{1338A207-2F4F-4FCA-9305-79A4609D7296}.Release_SSE|Win32.Build.0 = Release|Win32
		{1338A207-2F4F-4FCA-9305-79A4609D7296}.Release_SSE|Windows Mobile 5.0 Pocket PC SDK (ARMV4I).ActiveCfg = Release|Win32
		{1338A207-2F4F-4FCA-9305-79A4609D7296}.Release_SSE2|Win32.ActiveCfg = Release|Win32
		{1338A207-2F4F-4FCA-9305-79A4609D7296}.Release_SSE2|Win32.Build.0 = Release|Win32
		{1338A207-2F4F-4FCA-9305-79A4609D7296}.Release_SSE2|Windows Mobile 5.0 Pocket PC SDK (ARMV4I).ActiveCfg = Release|Win32
		{1338A207-2F4F-4FCA-9305-79A4609D7296}.Release_WM5_PPC_ARM|Win32.ActiveCfg = Release|Win32
		{1338A207-2F4F-4FCA-9305-79A4609D7296}.Release_WM5_PPC_ARM|Win32.Build.0 = Release|Win32
		{1338A207-2F4F-4FCA-9305-79A4609D7296}.Release_WM5_PPC_ARM|Windows Mobile 5.0 Pocket PC SDK (ARMV4I).ActiveCfg = Release|Win32
		{1338A207-2F4F-4FCA-9305-79A4609D7296}.Release|Win32.ActiveCfg = Release|Win32
		{1338A207-2F4F-4FCA-9305-79A4609D7296}.Release|Win32.Build.0 = Release|Win32
		{1338A207-2F4F-4FCA-9305-79A4609D7296}.Release|Windows Mobile 5.0 Pocket PC SDK (ARMV4I).ActiveCfg = Release|Win32
		{73FD8394-2799-4875-9B77-2DB5F5243CD2}.Debug_RTL_dll|Win32.ActiveCfg = Debug|Win32
		{73FD8394-2799-4875-9B77-2DB5F5243CD2}.Debug_RTL_dll|Win32.Build.0 = Debug|Win32
		{73FD8394-2799-4875-9B77-2DB5F5243CD2}.Debug_RTL_dll|Windows Mobile 5.0 Pocket PC SDK (ARMV4I).ActiveCfg = Debug|Win32
		{73FD8394-2799-4875-9B77-2DB5F5243CD2}.Debug_WM5_PPC_ARM|Win32.ActiveCfg = Debug|Win32
		{73FD8394-2799-4875-9B77-2DB5F5243CD2}.Debug_WM5_PPC_ARM|Win32.Build.0 = Debug|Win32
		{73FD8394-2799-4875-9B77-2DB5F5243CD2}.Debug_WM5_PPC_ARM|Windows Mobile 5.0 Pocket PC SDK (ARMV4I).ActiveCfg = Debug|Win32
		{73FD8394-2799-4875-9B77-2DB5F5243CD2}.Debug|Win32.ActiveCfg = Debug|Win32
		{73FD8394-2799-4875-9B77-2DB5F5243CD2}.Debug|Win32.Build.0 = Debug|Win32
		{73FD8394-2799-4875-9B77-2DB5F5243CD2}.Debug|Windows Mobile 5.0 Pocket PC SDK (ARMV4I).ActiveCfg = Debug|Win32
		{73FD8394-2799-4875-9B77-2DB5F5243CD2}.Release_Dynamic|Win32.ActiveCfg = Release|Win32
		{73FD8394-2799-4875-9B77-2DB5F5243CD2}.Release_Dynamic|Win32.Build.0 = Release|Win32
		{73FD8394-2799-4875-9B77-2DB5F5243CD2}.Release_Dynamic|Windows Mobile 5.0 Pocket PC SDK (ARMV4I).ActiveCfg = Release|Win32
		{73FD8394-2799-4875-9B77-2DB5F5243CD2}.Release_RTL_dll|Win32.ActiveCfg = Release|Win32
		{73FD8394-2799-4875-9B77-2DB5F5243CD2}.Release_RTL_dll|Win32.Build.0 = Release|Win32
		{73FD8394-2799-4875-9B77-2DB5F5243CD2}.Release_RTL_dll|Windows Mobile 5.0 Pocket PC SDK (ARMV4I).ActiveCfg = Release|Win32
		{73FD8394-2799-4875-9B77-2DB5F5243CD2}.Release_SSE|Win32.ActiveCfg = Release|Win32
		{73FD8394-2799-4875-9B77-2DB5F5243CD2}.Release_SSE|Win32.Build.0 = Release|Win32
		{73FD8394-2799-4875-9B77-2DB5F5243CD2}.Release_SSE|Windows Mobile 5.0 Pocket PC SDK (ARMV4I).ActiveCfg = Release|Win32
		{73FD8394-2799-4875-9B77-2DB5F5243CD2}.Release_SSE2|Win32.ActiveCfg = Release|Win32
		{73FD8394-2799-4875-9B77-2DB5F5243CD2}.Release_SSE2|Win32.Build.0 = Release|Win32
		{73FD8394-2799-4875-9B77-2DB5F5243CD2}.Release_SSE2|Windows Mobile 5.0 Pocket PC SDK (ARMV4I).ActiveCfg = Release|Win32
		{73FD8394-2799-4875-9B77-2DB5F5243CD2}.Release_WM5_PPC_ARM|Win32.ActiveCfg = Release|Win32
		{73FD8394-2799-4875-9B77-2DB5F5243CD2}.Release_WM5_PPC_ARM|Win32.Build.0 = Release|Win32
		{73FD8394-2799-4875-9B77-2DB5F5243CD2}.Release_WM5_PPC_ARM|Windows Mobile 5.0 Pocket PC SDK (ARMV4I).ActiveCfg = Release|Win32
		{73FD8394-2799-4875-9B77-2DB5F5243CD2}.Release|Win32.ActiveCfg = Release|Win32
		{73FD8394-2799-4875-9B77-2DB5F5243CD2}.Release|Win32.Build.0 = Release|Win32
		{73FD8394-2799-4875-9B77-2DB5F5243CD2}.Release|Windows Mobile 5.0 Pocket PC SDK (ARMV4I).ActiveCfg = Release|Win32
		{F129C841-474D-4453-813C-3482996AB040}.Debug_RTL_dll|Win32.ActiveCfg = Debug|Win32
		{F129C841-474D-4453-813C-3482996AB040}.Debug_RTL_dll|Win32.Build.0 = Debug|Win32
		{F129C841-474D-4453-813C-3482996AB040}.Debug_RTL_dll|Windows Mobile 5.0 Pocket PC SDK (ARMV4I).ActiveCfg = Debug|Win32
		{F129C841-474D-4453-813C-3482996AB040}.Debug_WM5_PPC_ARM|Win32.ActiveCfg = Debug|Win32
		{F129C841-474D-4453-813C-3482996AB040}.Debug_WM5_PPC_ARM|Win32.Build.0 = Debug|Win32
		{F129C841-474D-4453-813C-3482996AB040}.Debug_WM5_PPC_ARM|Windows Mobile 5.0 Pocket PC SDK (ARMV4I).ActiveCfg = Debug|Win32
		{F129C841-474D-4453-813C-3482996AB040}.Debug|Win32.ActiveCfg = Debug|Win32
		{F129C841-474D-4453-813C-3482996AB040}.Debug|Win32.Build.0 = Debug|Win32
		{F129C841-474D-4453-813C-3482996AB040}.Debug|Windows Mobile 5.0 Pocket PC SDK (ARMV4I).ActiveCfg = Debug|Win32
		{F129C841-474D-4453-813C-3482996AB040}.Release_Dynamic|Win32.ActiveCfg = Release|Win32
		{F129C841-474D-4453-813C-3482996AB040}.Release_Dynamic|Win32.Build.0 = Release|Win32
		{F129C841-474D-4453-813C-3482996AB040}.Release_Dynamic|Windows Mobile 5.0 Pocket PC SDK (ARMV4I).ActiveCfg = Release|Win32
		{F129C841-474D-4453-813C-3482996AB040}.Release_RTL_dll|Win32.ActiveCfg = Release|Win32
		{F129C841-474D-4453-813C-3482996AB040}.Release_RTL_dll|Win32.Build.0 = Release|Win32
		{F129C841-474D-4453-813C-3482996AB040}.Release_RTL_dll|Windows Mobile 5.0 Pocket PC SDK (ARMV4I).ActiveCfg = Release|Win32
		{F129C841-474D-4453-813C-3482996AB040}.Release_SSE|Win32.ActiveCfg = Release|Win32
		{F129C841-474D-4453-813C-3482996AB040}.Release_SSE|Win32.Build.0 = Release|Win32
		{F129C841-474D-4453-813C-3482996AB040}.Release_SSE|Windows Mobile 5.0 Pocket PC SDK (ARMV4I).ActiveCfg = Release|Win32
		{F129C841-474D-4453-813C-3482996AB040}.Release_SSE2|Win32.ActiveCfg = Release|Win32
		{F129C841-474D-4453-813C-3482996AB040}.Release_SSE2|Win32.Build.0 = Release|Win32
		{F129C841-474D-4453-813C-3482996AB040}.Release_SSE2|Windows Mobile 5.0 Pocket PC SDK (ARMV4I).ActiveCfg = Release|Win32
		{F129C841-474D-4453-813C-3482996AB040}.Release_WM5_PPC_ARM|Win32.ActiveCfg = Release|Win32
		{F129C841-474D-4453-813C-3482996AB040}.Release_WM5_PPC_ARM|Win32.Build.0 = Release|Win32
		{F129C841-474D-4453-813C-3482996AB040}.Release_WM5_PPC_ARM|Windows Mobile 5.0 Pocket PC SDK (ARMV4I).ActiveCfg = Release|Win32
		{F129C841-474D-4453-813C-3482996AB040}.Release|Win32.ActiveCfg = Release|Win32
		{F129C841-474D-4453-813C-3482996AB040}.Release|Win32.Build.0 = Release|Win32
		{F129C841-474D-4453-813C-3482996AB040}.Release|Windows Mobile 5.0 Pocket PC SDK (ARMV4I).ActiveCfg = Release|Win32
		{783FE9C5-0EDD-4286-922D-A224D47ED561}.Debug_RTL_dll|Win32.ActiveCfg = Debug|Win32
		{783FE9C5-0EDD-4286-922D-A224D47ED561}.Debug_RTL_dll|Win32.Build.0 = Debug|Win32
		{783FE9C5-0EDD-4286-922D-A224D47ED561}.Debug_RTL_dll|Windows Mobile 5.0 Pocket PC SDK (ARMV4I).ActiveCfg = Debug|Win32
		{783FE9C5-0EDD-4286-922D-A224D47ED561}.Debug_WM5_PPC_ARM|Win32.ActiveCfg = Debug|Win32
		{783FE9C5-0EDD-4286-922D-A224D47ED561}.Debug_WM5_PPC_ARM|Win32.Build.0 = Debug|Win32
		{783FE9C5-0EDD-4286-922D-A224D47ED561}.Debug_WM5_PPC_ARM|Windows Mobile 5.0 Pocket PC SDK (ARMV4I).ActiveCfg = Debug|Win32
		{783FE9C5-0EDD-4286-922D-A224D47ED561}.Debug|Win32.ActiveCfg = Debug|Win32
		{783FE9C5-0EDD-4286-922D-A224D47ED561}.Debug|Win32.Build.0 = Debug|Win32
		{783FE9C5-0EDD-4286-922D-A224D47ED561}.Debug|Windows Mobile 5.0 Pocket PC SDK (ARMV4I).ActiveCfg = Debug|Win32
		{783FE9C5-0EDD-4286-922D-A224D47ED561}.Release_Dynamic|Win32.ActiveCfg = Release|Win32
		{783FE9C5-0EDD-4286-922D-A224D47ED561}.Release_Dynamic|Win32.Build.0 = Release|Win32
		{783FE9C5-0EDD-4286-922D-A224D47ED561}.Release_Dynamic|Windows Mobile 5.0 Pocket PC SDK (ARMV4I).ActiveCfg = Release|Win32
		{783FE9C5-0EDD-4286-922D-A224D47ED561}.Release_RTL_dll|Win32.ActiveCfg = Release|Win32
		{783FE9C5-0EDD-4286-922D-A224D47ED561}.Release_RTL_dll|Win32.Build.0 = Release|Win32
		{783FE9C5-0EDD-4286-922D-A224D47ED561}.Release_RTL_dll|Windows Mobile 5.0 Pocket PC SDK (ARMV4I).ActiveCfg = Release|Win32
		{783FE9C5-0EDD-4286-922D-A224D47ED561}.Release_SSE|Win32.ActiveCfg = Release|Win32
		{783FE9C5-0EDD-4286-922D-A224D47ED561}.Release_SSE|Win32.Build.0 = Release|Win32
		{783FE9C5-0EDD-4286-922D-A224D47ED561}.Release_SSE|Windows Mobile 5.0 Pocket PC SDK (ARMV4I).ActiveCfg = Release|Win32
		{783FE9C5-0EDD-4286-922D-A224D47ED561}.Release_SSE2|Win32.ActiveCfg = Release|Win32
		{783FE9C5-0EDD-4286-922D-A224D47ED561}.Release_SSE2|Win32.Build.0 = Release|Win32
		{783FE9C5-0EDD-4286-922D-A224D47ED561}.Release_SSE2|Windows Mobile 5.0 Pocket PC SDK (ARMV4I).ActiveCfg = Release|Win32
		{783FE9C5-0EDD-4286-922D-A224D47ED561}.Release_WM5_PPC_ARM|Win32.ActiveCfg = Release|Win32
		{783FE9C5-0EDD-4286-922D-A224D47ED561}.Release_WM5_PPC_ARM|Win32.Build.0 = Release|Win32
		{783FE9C5-0EDD-4286-922D-A224D47ED561}.Release_WM5_PPC_ARM|Windows Mobile 5.0 Pocket PC SDK (ARMV4I).ActiveCfg = Release|Win32
		{783FE9C5-0EDD-4286-922D-A224D47ED561}.Release|Win32.ActiveCfg = Release|Win32
		{783FE9C5-0EDD-4286-922D-A224D47ED561}.Release|Win32.Build.0 = Release|Win32
		{783FE9C5-0EDD-4286-922D-A224D47ED561}.Release|Windows Mobile 5.0 Pocket PC SDK (ARMV4I).ActiveCfg = Release|Win32
		{CCA3795B-81FB-472A-9BC3-F4034FC3935E}.Debug_RTL_dll|Win32.ActiveCfg = Debug|Win32
		{CCA3795B-81FB-472A-9BC3-F4034FC3935E}.Debug_RTL_dll|Win32.Build.0 = Debug|Win32
		{CCA3795B-81FB-472A-9BC3-F4034FC3935E}.Debug_RTL_dll|Windows Mobile 5.0 Pocket PC SDK (ARMV4I).ActiveCfg = Debug|Win32
		{CCA3795B-81FB-472A-9BC3-F4034FC3935E}.Debug_WM5_PPC_ARM|Win32.ActiveCfg = Debug|Win32
		{CCA3795B-81FB-472A-9BC3-F4034FC3935E}.Debug_WM5_PPC_ARM|Win32.Build.0 = Debug|Win32
		{CCA3795B-81FB-472A-9BC3-F4034FC3935E}.Debug_WM5_PPC_ARM|Windows Mobile 5.0 Pocket PC SDK (ARMV4I).ActiveCfg = Debug|Win32
		{CCA3795B-81FB-472A-9BC3-F4034FC3935E}.Debug|Win32.ActiveCfg = Debug|Win32
		{CCA3795B-81FB-472A-9BC3-F4034FC3935E}.Debug|Win32.Build.0 = Debug|Win32
		{CCA3795B-81FB-472A-9BC3-F4034FC3935E}.Debug|Windows Mobile 5.0 Pocket PC SDK (ARMV4I).ActiveCfg = Debug|Win32
		{CCA3795B-81FB-472A-9BC3-F4034FC3935E}.Release_Dynamic|Win32.ActiveCfg = Release|Win32
		{CCA3795B-81FB-472A-9BC3-F4034FC3935E}.Release_Dynamic|Win32.Build.0 = Release|Win32
		{CCA3795B-81FB-472A-9BC3-F4034FC3935E}.Release_Dynamic|Windows Mobile 5.0 Pocket PC SDK (ARMV4I).ActiveCfg = Release|Win32
		{CCA3795B-81FB-472A-9BC3-F4034FC3935E}.Release_RTL_dll|Win32.ActiveCfg = Release|Win32
		{CCA3795B-81FB-472A-9BC3-F4034FC3935E}.Release_RTL_dll|Win32.Build.0 = Release|Win32
		{CCA3795B-81FB-472A-9BC3-F4034FC3935E}.Release_RTL_dll|Windows Mobile 5.0 Pocket PC SDK (ARMV4I).ActiveCfg = Release|Win32
		{CCA3795B-81FB-472A-9BC3-F4034FC3935E}.Release_SSE|Win32.ActiveCfg = Release|Win32
		{CCA3795B-81FB-472A-9BC3-F4034FC3935E}.Release_SSE|Win32.Build.0 = Release|Win32
		{CCA3795B-81FB-472A-9BC3-F4034FC3935E}.Release_SSE|Windows Mobile 5.0 Pocket PC SDK (ARMV4I).ActiveCfg = Release|Win32
		{CCA3795B-81FB-472A-9BC3-F4034FC3935E}.Release_SSE2|Win32.ActiveCfg = Release|Win32
		{CCA3795B-81FB-472A-9BC3-F4034FC3935E}.Release_SSE2|Win32.Build.0 = Release|Win32
		{CCA3795B-81FB-472A-9BC3-F4034FC3935E}.Release_SSE2|Windows Mobile 5.0 Pocket PC SDK (ARMV4I).ActiveCfg = Release|Win32
		{CCA3795B-81FB-472A-9BC3-F4034FC3935E}.Release_WM5_PPC_ARM|Win32.ActiveCfg = Release|Win32
		{CCA3795B-81FB-472A-9BC3-F4034FC3935E}.Release_WM5_PPC_ARM|Win32.Build.0 = Release|Win32
		{CCA3795B-81FB-472A-9BC3-F4034FC3935E}.Release_WM5_PPC_ARM|Windows Mobile 5.0 Pocket PC SDK (ARMV4I).ActiveCfg = Release|Win32
		{CCA3795B-81FB-472A-9BC3-F4034FC3935E}.Release|Win32.ActiveCfg = Release|Win32
		{CCA3795B-81FB-472A-9BC3-F4034FC3935E}.Release|Win32.Build.0 = Release|Win32
		{CCA3795B-81FB-472A-9BC3-F4034FC3935E}.Release|Windows Mobile 5.0 Pocket PC SDK (ARMV4I).ActiveCfg = Release|Win32
		{EF3E3592-B5B3-4CB1-AFB7-F09A5E4E3A37}.Debug_RTL_dll|Win32.ActiveCfg = Debug|Win32
		{EF3E3592-B5B3-4CB1-AFB7-F09A5E4E3A37}.Debug_RTL_dll|Win32.Build.0 = Debug|Win32
		{EF3E3592-B5B3-4CB1-AFB7-F09A5E4E3A37}.Debug_RTL_dll|Windows Mobile 5.0 Pocket PC SDK (ARMV4I).ActiveCfg = Debug|Win32
		{EF3E3592-B5B3-4CB1-AFB7-F09A5E4E3A37}.Debug_WM5_PPC_ARM|Win32.ActiveCfg = Debug|Win32
		{EF3E3592-B5B3-4CB1-AFB7-F09A5E4E3A37}.Debug_WM5_PPC_ARM|Win32.Build.0 = Debug|Win32
		{EF3E3592-B5B3-4CB1-AFB7-F09A5E4E3A37}.Debug_WM5_PPC_ARM|Windows Mobile 5.0 Pocket PC SDK (ARMV4I).ActiveCfg = Debug|Win32
		{EF3E3592-B5B3-4CB1-AFB7-F09A5E4E3A37}.Debug|Win32.ActiveCfg = Debug|Win32
		{EF3E3592-B5B3-4CB1-AFB7-F09A5E4E3A37}.Debug|Win32.Build.0 = Debug|Win32
		{EF3E3592-B5B3-4CB1-AFB7-F09A5E4E3A37}.Debug|Windows Mobile 5.0 Pocket PC SDK (ARMV4I).ActiveCfg = Debug|Win32
		{EF3E3592-B5B3-4CB1-AFB7-F09A5E4E3A37}.Release_Dynamic|Win32.ActiveCfg = Release|Win32
		{EF3E3592-B5B3-4CB1-AFB7-F09A5E4E3A37}.Release_Dynamic|Win32.Build.0 = Release|Win32
		{EF3E3592-B5B3-4CB1-AFB7-F09A5E4E3A37}.Release_Dynamic|Windows Mobile 5.0 Pocket PC SDK (ARMV4I).ActiveCfg = Release|Win32
		{EF3E3592-B5B3-4CB1-AFB7-F09A5E4E3A37}.Release_RTL_dll|Win32.ActiveCfg = Release|Win32
		{EF3E3592-B5B3-4CB1-AFB7-F09A5E4E3A37}.Release_RTL_dll|Win32.Build.0 = Release|Win32
		{EF3E3592-B5B3-4CB1-AFB7-F09A5E4E3A37}.Release_RTL_dll|Windows Mobile 5.0 Pocket PC SDK (ARMV4I).ActiveCfg = Release|Win32
		{EF3E3592-B5B3-4CB1-AFB7-F09A5E4E3A37}.Release_SSE|Win32.ActiveCfg = Release|Win32
		{EF3E3592-B5B3-4CB1-AFB7-F09A5E4E3A37}.Release_SSE|Win32.Build.0 = Release|Win32
		{EF3E3592-B5B3-4CB1-AFB7-F09A5E4E3A37}.Release_SSE|Windows Mobile 5.0 Pocket PC SDK (ARMV4I).ActiveCfg = Release|Win32
		{EF3E3592-B5B3-4CB1-AFB7-F09A5E4E3A37}.Release_SSE2|Win32.ActiveCfg = Release|Win32
		{EF3E3592-B5B3-4CB1-AFB7-F09A5E4E3A37}.Release_SSE2|Win32.Build.0 = Release|Win32
		{EF3E3592-B5B3-4CB1-AFB7-F09A5E4E3A37}.Release_SSE2|Windows Mobile 5.0 Pocket PC SDK (ARMV4I).ActiveCfg = Release|Win32
		{EF3E3592-B5B3-4CB1-AFB7-F09A5E4E3A37}.Release_WM5_PPC_ARM|Win32.ActiveCfg = Release|Win32
		{EF3E3592-B5B3-4CB1-AFB7-F09A5E4E3A37}.Release_WM5_PPC_ARM|Win32.Build.0 = Release|Win32
		{EF3E3592-B5B3-4CB1-AFB7-F09A5E4E3A37}.Release_WM5_PPC_ARM|Windows Mobile 5.0 Pocket PC SDK (ARMV4I).ActiveCfg = Release|Win32
		{EF3E3592-B5B3-4CB1-AFB7-F09A5E4E3A37}.Release|Win32.ActiveCfg = Release|Win32
		{EF3E3592-B5B3-4CB1-AFB7-F09A5E4E3A37}.Release|Win32.Build.0 = Release|Win32
		{EF3E3592-B5B3-4CB1-AFB7-F09A5E4E3A37}.Release|Windows Mobile 5.0 Pocket PC SDK (ARMV4I).ActiveCfg = Release|Win32
		{E6C66FDF-1934-4A5F-A80E-01E0576ABFAC}.Debug_RTL_dll|Win32.ActiveCfg = Debug|Win32
		{E6C66FDF-1934-4A5F-A80E-01E0576ABFAC}.Debug_RTL_dll|Win32.Build.0 = Debug|Win32
		{E6C66FDF-1934-4A5F-A80E-01E0576ABFAC}.Debug_RTL_dll|Windows Mobile 5.0 Pocket PC SDK (ARMV4I).ActiveCfg = Debug|Win32
		{E6C66FDF-1934-4A5F-A80E-01E0576ABFAC}.Debug_WM5_PPC_ARM|Win32.ActiveCfg = Debug|Win32
		{E6C66FDF-1934-4A5F-A80E-01E0576ABFAC}.Debug_WM5_PPC_ARM|Win32.Build.0 = Debug|Win32
		{E6C66FDF-1934-4A5F-A80E-01E0576ABFAC}.Debug_WM5_PPC_ARM|Windows Mobile 5.0 Pocket PC SDK (ARMV4I).ActiveCfg = Debug|Win32
		{E6C66FDF-1934-4A5F-A80E-01E0576ABFAC}.Debug|Win32.ActiveCfg = Debug|Win32
		{E6C66FDF-1934-4A5F-A80E-01E0576ABFAC}.Debug|Win32.Build.0 = Debug|Win32
		{E6C66FDF-1934-4A5F-A80E-01E0576ABFAC}.Debug|Windows Mobile 5.0 Pocket PC SDK (ARMV4I).ActiveCfg = Debug|Win32
		{E6C66FDF-1934-4A5F-A80E-01E0576ABFAC}.Release_Dynamic|Win32.ActiveCfg = Release|Win32
		{E6C66FDF-1934-4A5F-A80E-01E0576ABFAC}.Release_Dynamic|Win32.Build.0 = Release|Win32
		{E6C66FDF-1934-4A5F-A80E-01E0576ABFAC}.Release_Dynamic|Windows Mobile 5.0 Pocket PC SDK (ARMV4I).ActiveCfg = Release|Win32
		{E6C66FDF-1934-4A5F-A80E-01E0576ABFAC}.Release_RTL_dll|Win32.ActiveCfg = Release|Win32
		{E6C66FDF-1934-4A5F-A80E-01E0576ABFAC}.Release_RTL_dll|Win32.Build.0 = Release|Win32
		{E6C66FDF-1934-4A5F-A80E-01E0576ABFAC}.Release_RTL_dll|Windows Mobile 5.0 Pocket PC SDK (ARMV4I).ActiveCfg = Release|Win32
		{E6C66FDF-1934-4A5F-A80E-01E0576ABFAC}.Release_SSE|Win32.ActiveCfg = Release|Win32
		{E6C66FDF-1934-4A5F-A80E-01E0576ABFAC}.Release_SSE|Win32.Build.0 = Release|Win32
		{E6C66FDF-1934-4A5F-A80E-01E0576ABFAC}.Release_SSE|Windows Mobile 5.0 Pocket PC SDK (ARMV4I).ActiveCfg = Release|Win32
		{E6C66FDF-1934-4A5F-A80E-01E0576ABFAC}.Release_SSE2|Win32.ActiveCfg = Release|Win32
		{E6C66FDF-1934-4A5F-A80E-01E0576ABFAC}.Release_SSE2|Win32.Build.0 = Release|Win32
		{E6C66FDF-1934-4A5F-A80E-01E0576ABFAC}.Release_SSE2|Windows Mobile 5.0 Pocket PC SDK (ARMV4I).ActiveCfg = Release|Win32
		{E6C66FDF-1934-4A5F-A80E-01E0576ABFAC}.Release_WM5_PPC_ARM|Win32.ActiveCfg = Release|Win32
		{E6C66FDF-1934-4A5F-A80E-01E0576ABFAC}.Release_WM5_PPC_ARM|Win32.Build.0 = Release|Win32
		{E6C66FDF-1934-4A5F-A80E-01E0576ABFAC}.Release_WM5_PPC_ARM|Windows Mobile 5.0 Pocket PC SDK (ARMV4I).ActiveCfg = Release|Win32
		{E6C66FDF-1934-4A5F-A80E-01E0576ABFAC}.Release|Win32.ActiveCfg = Release|Win32
		{E6C66FDF-1934-4A5F-A80E-01E0576ABFAC}.Release|Win32.Build.0 = Release|Win32
		{E6C66FDF-1934-4A5F-A80E-01E0576ABFAC}.Release|Windows Mobile 5.0 Pocket PC SDK (ARMV4I).ActiveCfg = Release|Win32
		{FE7DB30D-02B0-4E90-861A-30F76343E437}.Debug_RTL_dll|Win32.ActiveCfg = Debug|Win32
		{FE7DB30D-02B0-4E90-861A-30F76343E437}.Debug_RTL_dll|Win32.Build.0 = Debug|Win32
		{FE7DB30D-02B0-4E90-861A-30F76343E437}.Debug_RTL_dll|Windows Mobile 5.0 Pocket PC SDK (ARMV4I).ActiveCfg = Debug|Win32
		{FE7DB30D-02B0-4E90-861A-30F76343E437}.Debug_WM5_PPC_ARM|Win32.ActiveCfg = Debug|Win32
		{FE7DB30D-02B0-4E90-861A-30F76343E437}.Debug_WM5_PPC_ARM|Win32.Build.0 = Debug|Win32
		{FE7DB30D-02B0-4E90-861A-30F76343E437}.Debug_WM5_PPC_ARM|Windows Mobile 5.0 Pocket PC SDK (ARMV4I).ActiveCfg = Debug|Win32
		{FE7DB30D-02B0-4E90-861A-30F76343E437}.Debug|Win32.ActiveCfg = Debug|Win32
		{FE7DB30D-02B0-4E90-861A-30F76343E437}.Debug|Win32.Build.0 = Debug|Win32
		{FE7DB30D-02B0-4E90-861A-30F76343E437}.Debug|Windows Mobile 5.0 Pocket PC SDK (ARMV4I).ActiveCfg = Debug|Win32
		{FE7DB30D-02B0-4E90-861A-30F76343E437}.Release_Dynamic|Win32.ActiveCfg = Release|Win32
		{FE7DB30D-02B0-4E90-861A-30F76343E437}.Release_Dynamic|Win32.Build.0 = Release|Win32
		{FE7DB30D-02B0-4E90-861A-30F76343E437}.Release_Dynamic|Windows Mobile 5.0 Pocket PC SDK (ARMV4I).ActiveCfg = Release|Win32
		{FE7DB30D-02B0-4E90-861A-30F76343E437}.Release_RTL_dll|Win32.ActiveCfg = Release|Win32
		{FE7DB30D-02B0-4E90-861A-30F76343E437}.Release_RTL_dll|Win32.Build.0 = Release|Win32
		{FE7DB30D-02B0-4E90-861A-30F76343E437}.Release_RTL_dll|Windows Mobile 5.0 Pocket PC SDK (ARMV4I).ActiveCfg = Release|Win32
		{FE7DB30D-02B0-4E90-861A-30F76343E437}.Release_SSE|Win32.ActiveCfg = Release|Win32
		{FE7DB30D-02B0-4E90-861A-30F76343E437}.Release_SSE|Win32.Build.0 = Release|Win32
		{FE7DB30D-02B0-4E90-861A-30F76343E437}.Release_SSE|Windows Mobile 5.0 Pocket PC SDK (ARMV4I).ActiveCfg = Release|Win32
		{FE7DB30D-02B0-4E90-861A-30F76343E437}.Release_SSE2|Win32.ActiveCfg = Release|Win32
		{FE7DB30D-02B0-4E90-861A-30F76343E437}.Release_SSE2|Win32.Build.0 = Release|Win32
		{FE7DB30D-02B0-4E90-861A-30F76343E437}.Release_SSE2|Windows Mobile 5.0 Pocket PC SDK (ARMV4I).ActiveCfg = Release|Win32
		{FE7DB30D-02B0-4E90-861A-30F76343E437}.Release_WM5_PPC_ARM|Win32.ActiveCfg = Release|Win32
		{FE7DB30D-02B0-4E90-861A-30F76343E437}.Release_WM5_PPC_ARM|Win32.Build.0 = Release|Win32
		{FE7DB30D-02B0-4E90-861A-30F76343E437}.Release_WM5_PPC_ARM|Windows Mobile 5.0 Pocket PC SDK (ARMV4I).ActiveCfg = Release|Win32
		{FE7DB30D-02B0-4E90-861A-30F76343E437}.Release|Win32.ActiveCfg = Release|Win32
		{FE7DB30D-02B0-4E90-861A-30F76343E437}.Release|Win32.Build.0 = Release|Win32
		{FE7DB30D-02B0-4E90-861A-30F76343E437}.Release|Windows Mobile 5.0 Pocket PC SDK (ARMV4I).ActiveCfg = Release|Win32
		{8C2D3A6B-3345-44F4-B594-D707521BB260}.Debug_RTL_dll|Win32.ActiveCfg = Debug|Win32
		{8C2D3A6B-3345-44F4-B594-D707521BB260}.Debug_RTL_dll|Win32.Build.0 = Debug|Win32
		{8C2D3A6B-3345-44F4-B594-D707521BB260}.Debug_RTL_dll|Windows Mobile 5.0 Pocket PC SDK (ARMV4I).ActiveCfg = Debug|Win32
		{8C2D3A6B-3345-44F4-B594-D707521BB260}.Debug_WM5_PPC_ARM|Win32.ActiveCfg = Debug|Win32
		{8C2D3A6B-3345-44F4-B594-D707521BB260}.Debug_WM5_PPC_ARM|Win32.Build.0 = Debug|Win32
		{8C2D3A6B-3345-44F4-B594-D707521BB260}.Debug_WM5_PPC_ARM|Windows Mobile 5.0 Pocket PC SDK (ARMV4I).ActiveCfg = Debug|Win32
		{8C2D3A6B-3345-44F4-B594-D707521BB260}.Debug|Win32.ActiveCfg = Debug|Win32
		{8C2D3A6B-3345-44F4-B594-D707521BB260}.Debug|Win32.Build.0 = Debug|Win32
		{8C2D3A6B-3345-44F4-B594-D707521BB260}.Debug|Windows Mobile 5.0 Pocket PC SDK (ARMV4I).ActiveCfg = Debug|Win32
		{8C2D3A6B-3345-44F4-B594-D707521BB260}.Release_Dynamic|Win32.ActiveCfg = Release|Win32
		{8C2D3A6B-3345-44F4-B594-D707521BB260}.Release_Dynamic|Win32.Build.0 = Release|Win32
		{8C2D3A6B-3345-44F4-B594-D707521BB260}.Release_Dynamic|Windows Mobile 5.0 Pocket PC SDK (ARMV4I).ActiveCfg = Release|Win32
		{8C2D3A6B-3345-44F4-B594-D707521BB260}.Release_RTL_dll|Win32.ActiveCfg = Release|Win32
		{8C2D3A6B-3345-44F4-B594-D707521BB260}.Release_RTL_dll|Win32.Build.0 = Release|Win32
		{8C2D3A6B-3345-44F4-B594-D707521BB260}.Release_RTL_dll|Windows Mobile 5.0 Pocket PC SDK (ARMV4I).ActiveCfg = Release|Win32
		{8C2D3A6B-3345-44F4-B594-D707521BB260}.Release_SSE|Win32.ActiveCfg = Release|Win32
		{8C2D3A6B-3345-44F4-B594-D707521BB260}.Release_SSE|Win32.Build.0 = Release|Win32
		{8C2D3A6B-3345-44F4-B594-D707521BB260}.Release_SSE|Windows Mobile 5.0 Pocket PC SDK (ARMV4I).ActiveCfg = Release|Win32
		{8C2D3A6B-3345-44F4-B594-D707521BB260}.Release_SSE2|Win32.ActiveCfg = Release|Win32
		{8C2D3A6B-3345-44F4-B594-D707521BB260}.Release_SSE2|Win32.Build.0 = Release|Win32
		{8C2D3A6B-3345-44F4-B594-D707521BB260}.Release_SSE2|Windows Mobile 5.0 Pocket PC SDK (ARMV4I).ActiveCfg = Release|Win32
		{8C2D3A6B-3345-44F4-B594-D707521BB260}.Release_WM5_PPC_ARM|Win32.ActiveCfg = Release|Win32
		{8C2D3A6B-3345-44F4-B594-D707521BB260}.Release_WM5_PPC_ARM|Win32.Build.0 = Release|Win32
		{8C2D3A6B-3345-44F4-B594-D707521BB260}.Release_WM5_PPC_ARM|Windows Mobile 5.0 Pocket PC SDK (ARMV4I).ActiveCfg = Release|Win32
		{8C2D3A6B-3345-44F4-B594-D707521BB260}.Release|Win32.ActiveCfg = Release|Win32
		{8C2D3A6B-3345-44F4-B594-D707521BB260}.Release|Win32.Build.0 = Release|Win32
		{8C2D3A6B-3345-44F4-B594-D707521BB260}.Release|Windows Mobile 5.0 Pocket PC SDK (ARMV4I).ActiveCfg = Release|Win32
		{AACC2CBB-A075-43DD-B890-AE5E753C5AFE}.Debug_RTL_dll|Win32.ActiveCfg = Debug|Win32
		{AACC2CBB-A075-43DD-B890-AE5E753C5AFE}.Debug_RTL_dll|Win32.Build.0 = Debug|Win32
		{AACC2CBB-A075-43DD-B890-AE5E753C5AFE}.Debug_RTL_dll|Windows Mobile 5.0 Pocket PC SDK (ARMV4I).ActiveCfg = Debug|Win32
		{AACC2CBB-A075-43DD-B890-AE5E753C5AFE}.Debug_WM5_PPC_ARM|Win32.ActiveCfg = Debug|Win32
		{AACC2CBB-A075-43DD-B890-AE5E753C5AFE}.Debug_WM5_PPC_ARM|Win32.Build.0 = Debug|Win32
		{AACC2CBB-A075-43DD-B890-AE5E753C5AFE}.Debug_WM5_PPC_ARM|Windows Mobile 5.0 Pocket PC SDK (ARMV4I).ActiveCfg = Debug|Win32
		{AACC2CBB-A075-43DD-B890-AE5E753C5AFE}.Debug|Win32.ActiveCfg = Debug|Win32
		{AACC2CBB-A075-43DD-B890-AE5E753C5AFE}.Debug|Win32.Build.0 = Debug|Win32
		{AACC2CBB-A075-43DD-B890-AE5E753C5AFE}.Debug|Windows Mobile 5.0 Pocket PC SDK (ARMV4I).ActiveCfg = Debug|Win32
		{AACC2CBB-A075-43DD-B890-AE5E753C5AFE}.Release_Dynamic|Win32.ActiveCfg = Release|Win32
		{AACC2CBB-A075-43DD-B890-AE5E753C5AFE}.Release_Dynamic|Win32.Build.0 = Release|Win32
		{AACC2CBB-A075-43DD-B890-AE5E753C5AFE}.Release_Dynamic|Windows Mobile 5.0 Pocket PC SDK (ARMV4I).ActiveCfg = Release|Win32
		{AACC2CBB-A075-43DD-B890-AE5E753C5AFE}.Release_RTL_dll|Win32.ActiveCfg = Release|Win32
		{AACC2CBB-A075-43DD-B890-AE5E753C5AFE}.Release_RTL_dll|Win32.Build.0 = Release|Win32
		{AACC2CBB-A075-43DD-B890-AE5E753C5AFE}.Release_RTL_dll|Windows Mobile 5.0 Pocket PC SDK (ARMV4I).ActiveCfg = Release|Win32
		{AACC2CBB-A075-43DD-B890-AE5E753C5AFE}.Release_SSE|Win32.ActiveCfg = Release|Win32
		{AACC2CBB-A075-43DD-B890-AE5E753C5AFE}.Release_SSE|Win32.Build.0 = Release|Win32
		{AACC2CBB-A075-43DD-B890-AE5E753C5AFE}.Release_SSE|Windows Mobile 5.0 Pocket PC SDK (ARMV4I).ActiveCfg = Release|Win32
		{AACC2CBB-A075-43DD-B890-AE5E753C5AFE}.Release_SSE2|Win32.ActiveCfg = Release|Win32
		{AACC2CBB-A075-43DD-B890-AE5E753C5AFE}.Release_SSE2|Win32.Build.0 = Release|Win32
		{AACC2CBB-A075-43DD-B890-AE5E753C5AFE}.Release_SSE2|Windows Mobile 5.0 Pocket PC SDK (ARMV4I).ActiveCfg = Release|Win32
		{AACC2CBB-A075-43DD-B890-AE5E753C5AFE}.Release_WM5_PPC_ARM|Win32.ActiveCfg = Release|Win32
		{AACC2CBB-A075-43DD-B890-AE5E753C5AFE}.Release_WM5_PPC_ARM|Win32.Build.0 = Release|Win32
		{AACC2CBB-A075-43DD-B890-AE5E753C5AFE}.Release_WM5_PPC_ARM|Windows Mobile 5.0 Pocket PC SDK (ARMV4I).ActiveCfg = Release|Win32
		{AACC2CBB-A075-43DD-B890-AE5E753C5AFE}.Release|Win32.ActiveCfg = Release|Win32
		{AACC2CBB-A075-43DD-B890-AE5E753C5AFE}.Release|Win32.Build.0 = Release|Win32
		{AACC2CBB-A075-43DD-B890-AE5E753C5AFE}.Release|Windows Mobile 5.0 Pocket PC SDK (ARMV4I).ActiveCfg = Release|Win32
		{F406B8A1-1BF3-41E0-8BAD-B5841221CE32}.Debug_RTL_dll|Win32.ActiveCfg = Debug|Win32
		{F406B8A1-1BF3-41E0-8BAD-B5841221CE32}.Debug_RTL_dll|Win32.Build.0 = Debug|Win32
		{F406B8A1-1BF3-41E0-8BAD-B5841221CE32}.Debug_RTL_dll|Windows Mobile 5.0 Pocket PC SDK (ARMV4I).ActiveCfg = Debug|Win32
		{F406B8A1-1BF3-41E0-8BAD-B5841221CE32}.Debug_WM5_PPC_ARM|Win32.ActiveCfg = Debug|Win32
		{F406B8A1-1BF3-41E0-8BAD-B5841221CE32}.Debug_WM5_PPC_ARM|Win32.Build.0 = Debug|Win32
		{F406B8A1-1BF3-41E0-8BAD-B5841221CE32}.Debug_WM5_PPC_ARM|Windows Mobile 5.0 Pocket PC SDK (ARMV4I).ActiveCfg = Debug|Win32
		{F406B8A1-1BF3-41E0-8BAD-B5841221CE32}.Debug|Win32.ActiveCfg = Debug|Win32
		{F406B8A1-1BF3-41E0-8BAD-B5841221CE32}.Debug|Win32.Build.0 = Debug|Win32
		{F406B8A1-1BF3-41E0-8BAD-B5841221CE32}.Debug|Windows Mobile 5.0 Pocket PC SDK (ARMV4I).ActiveCfg = Debug|Win32
		{F406B8A1-1BF3-41E0-8BAD-B5841221CE32}.Release_Dynamic|Win32.ActiveCfg = Release|Win32
		{F406B8A1-1BF3-41E0-8BAD-B5841221CE32}.Release_Dynamic|Win32.Build.0 = Release|Win32
		{F406B8A1-1BF3-41E0-8BAD-B5841221CE32}.Release_Dynamic|Windows Mobile 5.0 Pocket PC SDK (ARMV4I).ActiveCfg = Release|Win32
		{F406B8A1-1BF3-41E0-8BAD-B5841221CE32}.Release_RTL_dll|Win32.ActiveCfg = Release|Win32
		{F406B8A1-1BF3-41E0-8BAD-B5841221CE32}.Release_RTL_dll|Win32.Build.0 = Release|Win32
		{F406B8A1-1BF3-41E0-8BAD-B5841221CE32}.Release_RTL_dll|Windows Mobile 5.0 Pocket PC SDK (ARMV4I).ActiveCfg = Release|Win32
		{F406B8A1-1BF3-41E0-8BAD-B5841221CE32}.Release_SSE|Win32.ActiveCfg = Release|Win32
		{F406B8A1-1BF3-41E0-8BAD-B5841221CE32}.Release_SSE|Win32.Build.0 = Release|Win32
		{F406B8A1-1BF3-41E0-8BAD-B5841221CE32}.Release_SSE|Windows Mobile 5.0 Pocket PC SDK (ARMV4I).ActiveCfg = Release|Win32
		{F406B8A1-1BF3-41E0-8BAD-B5841221CE32}.Release_SSE2|Win32.ActiveCfg = Release|Win32
		{F406B8A1-1BF3-41E0-8BAD-B5841221CE32}.Release_SSE2|Win32.Build.0 = Release|Win32
		{F406B8A1-1BF3-41E0-8BAD-B5841221CE32}.Release_SSE2|Windows Mobile 5.0 Pocket PC SDK (ARMV4I).ActiveCfg = Release|Win32
		{F406B8A1-1BF3-41E0-8BAD-B5841221CE32}.Release_WM5_PPC_ARM|Win32.ActiveCfg = Release|Win32
		{F406B8A1-1BF3-41E0-8BAD-B5841221CE32}.Release_WM5_PPC_ARM|Win32.Build.0 = Release|Win32
		{F406B8A1-1BF3-41E0-8BAD-B5841221CE32}.Release_WM5_PPC_ARM|Windows Mobile 5.0 Pocket PC SDK (ARMV4I).ActiveCfg = Release|Win32
		{F406B8A1-1BF3-41E0-8BAD-B5841221CE32}.Release|Win32.ActiveCfg = Release|Win32
		{F406B8A1-1BF3-41E0-8BAD-B5841221CE32}.Release|Win32.Build.0 = Release|Win32
		{F406B8A1-1BF3-41E0-8BAD-B5841221CE32}.Release|Windows Mobile 5.0 Pocket PC SDK (ARMV4I).ActiveCfg = Release|Win32
		{77247CB4-15AB-464E-AEF1-BCE353A818DD}.Debug_RTL_dll|Win32.ActiveCfg = Debug|Win32
		{77247CB4-15AB-464E-AEF1-BCE353A818DD}.Debug_RTL_dll|Win32.Build.0 = Debug|Win32
		{77247CB4-15AB-464E-AEF1-BCE353A818DD}.Debug_RTL_dll|Windows Mobile 5.0 Pocket PC SDK (ARMV4I).ActiveCfg = Debug|Win32
		{77247CB4-15AB-464E-AEF1-BCE353A818DD}.Debug_WM5_PPC_ARM|Win32.ActiveCfg = Debug|Win32
		{77247CB4-15AB-464E-AEF1-BCE353A818DD}.Debug_WM5_PPC_ARM|Win32.Build.0 = Debug|Win32
		{77247CB4-15AB-464E-AEF1-BCE353A818DD}.Debug_WM5_PPC_ARM|Windows Mobile 5.0 Pocket PC SDK (ARMV4I).ActiveCfg = Debug|Win32
		{77247CB4-15AB-464E-AEF1-BCE353A818DD}.Debug|Win32.ActiveCfg = Debug|Win32
		{77247CB4-15AB-464E-AEF1-BCE353A818DD}.Debug|Win32.Build.0 = Debug|Win32
		{77247CB4-15AB-464E-AEF1-BCE353A818DD}.Debug|Windows Mobile 5.0 Pocket PC SDK (ARMV4I).ActiveCfg = Debug|Win32
		{77247CB4-15AB-464E-AEF1-BCE353A818DD}.Release_Dynamic|Win32.ActiveCfg = Release|Win32
		{77247CB4-15AB-464E-AEF1-BCE353A818DD}.Release_Dynamic|Win32.Build.0 = Release|Win32
		{77247CB4-15AB-464E-AEF1-BCE353A818DD}.Release_Dynamic|Windows Mobile 5.0 Pocket PC SDK (ARMV4I).ActiveCfg = Release|Win32
		{77247CB4-15AB-464E-AEF1-BCE353A818DD}.Release_RTL_dll|Win32.ActiveCfg = Release|Win32
		{77247CB4-15AB-464E-AEF1-BCE353A818DD}.Release_RTL_dll|Win32.Build.0 = Release|Win32
		{77247CB4-15AB-464E-AEF1-BCE353A818DD}.Release_RTL_dll|Windows Mobile 5.0 Pocket PC SDK (ARMV4I).ActiveCfg = Release|Win32
		{77247CB4-15AB-464E-AEF1-BCE353A818DD}.Release_SSE|Win32.ActiveCfg = Release|Win32
		{77247CB4-15AB-464E-AEF1-BCE353A818DD}.Release_SSE|Win32.Build.0 = Release|Win32
		{77247CB4-15AB-464E-AEF1-BCE353A818DD}.Release_SSE|Windows Mobile 5.0 Pocket PC SDK (ARMV4I).ActiveCfg = Release|Win32
		{77247CB4-15AB-464E-AEF1-BCE353A818DD}.Release_SSE2|Win32.ActiveCfg = Release|Win32
		{77247CB4-15AB-464E-AEF1-BCE353A818DD}.Release_SSE2|Win32.Build.0 = Release|Win32
		{77247CB4-15AB-464E-AEF1-BCE353A818DD}.Release_SSE2|Windows Mobile 5.0 Pocket PC SDK (ARMV4I).ActiveCfg = Release|Win32
		{77247CB4-15AB-464E-AEF1-BCE353A818DD}.Release_WM5_PPC_ARM|Win32.ActiveCfg = Release|Win32
		{77247CB4-15AB-464E-AEF1-BCE353A818DD}.Release_WM5_PPC_ARM|Win32.Build.0 = Release|Win32
		{77247CB4-15AB-464E-AEF1-BCE353A818DD}.Release_WM5_PPC_ARM|Windows Mobile 5.0 Pocket PC SDK (ARMV4I).ActiveCfg = Release|Win32
		{77247CB4-15AB-464E-AEF1-BCE353A818DD}.Release|Win32.ActiveCfg = Release|Win32
		{77247CB4-15AB-464E-AEF1-BCE353A818DD}.Release|Win32.Build.0 = Release|Win32
		{77247CB4-15AB-464E-AEF1-BCE353A818DD}.Release|Windows Mobile 5.0 Pocket PC SDK (ARMV4I).ActiveCfg = Release|Win32
		{DD27BF89-DBA3-4070-A836-E39B91417EBB}.Debug_RTL_dll|Win32.ActiveCfg = Debug|Win32
		{DD27BF89-DBA3-4070-A836-E39B91417EBB}.Debug_RTL_dll|Win32.Build.0 = Debug|Win32
		{DD27BF89-DBA3-4070-A836-E39B91417EBB}.Debug_RTL_dll|Windows Mobile 5.0 Pocket PC SDK (ARMV4I).ActiveCfg = Debug|Win32
		{DD27BF89-DBA3-4070-A836-E39B91417EBB}.Debug_WM5_PPC_ARM|Win32.ActiveCfg = Debug|Win32
		{DD27BF89-DBA3-4070-A836-E39B91417EBB}.Debug_WM5_PPC_ARM|Win32.Build.0 = Debug|Win32
		{DD27BF89-DBA3-4070-A836-E39B91417EBB}.Debug_WM5_PPC_ARM|Windows Mobile 5.0 Pocket PC SDK (ARMV4I).ActiveCfg = Debug|Win32
		{DD27BF89-DBA3-4070-A836-E39B91417EBB}.Debug|Win32.ActiveCfg = Debug|Win32
		{DD27BF89-DBA3-4070-A836-E39B91417EBB}.Debug|Win32.Build.0 = Debug|Win32
		{DD27BF89-DBA3-4070-A836-E39B91417EBB}.Debug|Windows Mobile 5.0 Pocket PC SDK (ARMV4I).ActiveCfg = Debug|Win32
		{DD27BF89-DBA3-4070-A836-E39B91417EBB}.Release_Dynamic|Win32.ActiveCfg = Release|Win32
		{DD27BF89-DBA3-4070-A836-E39B91417EBB}.Release_Dynamic|Win32.Build.0 = Release|Win32
		{DD27BF89-DBA3-4070-A836-E39B91417EBB}.Release_Dynamic|Windows Mobile 5.0 Pocket PC SDK (ARMV4I).ActiveCfg = Release|Win32
		{DD27BF89-DBA3-4070-A836-E39B91417EBB}.Release_RTL_dll|Win32.ActiveCfg = Release|Win32
		{DD27BF89-DBA3-4070-A836-E39B91417EBB}.Release_RTL_dll|Win32.Build.0 = Release|Win32
		{DD27BF89-DBA3-4070-A836-E39B91417EBB}.Release_RTL_dll|Windows Mobile 5.0 Pocket PC SDK (ARMV4I).ActiveCfg = Release|Win32
		{DD27BF89-DBA3-4070-A836-E39B91417EBB}.Release_SSE|Win32.ActiveCfg = Release|Win32
		{DD27BF89-DBA3-4070-A836-E39B91417EBB}.Release_SSE|Win32.Build.0 = Release|Win32
		{DD27BF89-DBA3-4070-A836-E39B91417EBB}.Release_SSE|Windows Mobile 5.0 Pocket PC SDK (ARMV4I).ActiveCfg = Release|Win32
		{DD27BF89-DBA3-4070-A836-E39B91417EBB}.Release_SSE2|Win32.ActiveCfg = Release|Win32
		{DD27BF89-DBA3-4070-A836-E39B91417EBB}.Release_SSE2|Win32.Build.0 = Release|Win32
		{DD27BF89-DBA3-4070-A836-E39B91417EBB}.Release_SSE2|Windows Mobile 5.0 Pocket PC SDK (ARMV4I).ActiveCfg = Release|Win32
		{DD27BF89-DBA3-4070-A836-E39B91417EBB}.Release_WM5_PPC_ARM|Win32.ActiveCfg = Release|Win32
		{DD27BF89-DBA3-4070-A836-E39B91417EBB}.Release_WM5_PPC_ARM|Win32.Build.0 = Release|Win32
		{DD27BF89-DBA3-4070-A836-E39B91417EBB}.Release_WM5_PPC_ARM|Windows Mobile 5.0 Pocket PC SDK (ARMV4I).ActiveCfg = Release|Win32
		{DD27BF89-DBA3-4070-A836-E39B91417EBB}.Release|Win32.ActiveCfg = Release|Win32
		{DD27BF89-DBA3-4070-A836-E39B91417EBB}.Release|Win32.Build.0 = Release|Win32
		{DD27BF89-DBA3-4070-A836-E39B91417EBB}.Release|Windows Mobile 5.0 Pocket PC SDK (ARMV4I).ActiveCfg = Release|Win32
		{249D7D84-AB2A-41A9-9814-644FDA85E469}.Debug_RTL_dll|Win32.ActiveCfg = Debug|Win32
		{249D7D84-AB2A-41A9-9814-644FDA85E469}.Debug_RTL_dll|Win32.Build.0 = Debug|Win32
		{249D7D84-AB2A-41A9-9814-644FDA85E469}.Debug_RTL_dll|Windows Mobile 5.0 Pocket PC SDK (ARMV4I).ActiveCfg = Debug|Win32
		{249D7D84-AB2A-41A9-9814-644FDA85E469}.Debug_WM5_PPC_ARM|Win32.ActiveCfg = Debug|Win32
		{249D7D84-AB2A-41A9-9814-644FDA85E469}.Debug_WM5_PPC_ARM|Win32.Build.0 = Debug|Win32
		{249D7D84-AB2A-41A9-9814-644FDA85E469}.Debug_WM5_PPC_ARM|Windows Mobile 5.0 Pocket PC SDK (ARMV4I).ActiveCfg = Debug|Win32
		{249D7D84-AB2A-41A9-9814-644FDA85E469}.Debug|Win32.ActiveCfg = Debug|Win32
		{249D7D84-AB2A-41A9-9814-644FDA85E469}.Debug|Win32.Build.0 = Debug|Win32
		{249D7D84-AB2A-41A9-9814-644FDA85E469}.Debug|Windows Mobile 5.0 Pocket PC SDK (ARMV4I).ActiveCfg = Debug|Win32
		{249D7D84-AB2A-41A9-9814-644FDA85E469}.Release_Dynamic|Win32.ActiveCfg = Release|Win32
		{249D7D84-AB2A-41A9-9814-644FDA85E469}.Release_Dynamic|Win32.Build.0 = Release|Win32
		{249D7D84-AB2A-41A9-9814-644FDA85E469}.Release_Dynamic|Windows Mobile 5.0 Pocket PC SDK (ARMV4I).ActiveCfg = Release|Win32
		{249D7D84-AB2A-41A9-9814-644FDA85E469}.Release_RTL_dll|Win32.ActiveCfg = Release|Win32
		{249D7D84-AB2A-41A9-9814-644FDA85E469}.Release_RTL_dll|Win32.Build.0 = Release|Win32
		{249D7D84-AB2A-41A9-9814-644FDA85E469}.Release_RTL_dll|Windows Mobile 5.0 Pocket PC SDK (ARMV4I).ActiveCfg = Release|Win32
		{249D7D84-AB2A-41A9-9814-644FDA85E469}.Release_SSE|Win32.ActiveCfg = Release|Win32
		{249D7D84-AB2A-41A9-9814-644FDA85E469}.Release_SSE|Win32.Build.0 = Release|Win32
		{249D7D84-AB2A-41A9-9814-644FDA85E469}.Release_SSE|Windows Mobile 5.0 Pocket PC SDK (ARMV4I).ActiveCfg = Release|Win32
		{249D7D84-AB2A-41A9-9814-644FDA85E469}.Release_SSE2|Win32.ActiveCfg = Release|Win32
		{249D7D84-AB2A-41A9-9814-644FDA85E469}.Release_SSE2|Win32.Build.0 = Release|Win32
		{249D7D84-AB2A-41A9-9814-644FDA85E469}.Release_SSE2|Windows Mobile 5.0 Pocket PC SDK (ARMV4I).ActiveCfg = Release|Win32
		{249D7D84-AB2A-41A9-9814-644FDA85E469}.Release_WM5_PPC_ARM|Win32.ActiveCfg = Release|Win32
		{249D7D84-AB2A-41A9-9814-644FDA85E469}.Release_WM5_PPC_ARM|Win32.Build.0 = Release|Win32
		{249D7D84-AB2A-41A9-9814-644FDA85E469}.Release_WM5_PPC_ARM|Windows Mobile 5.0 Pocket PC SDK (ARMV4I).ActiveCfg = Release|Win32
		{249D7D84-AB2A-41A9-9814-644FDA85E469}.Release|Win32.ActiveCfg = Release|Win32
		{249D7D84-AB2A-41A9-9814-644FDA85E469}.Release|Win32.Build.0 = Release|Win32
		{249D7D84-AB2A-41A9-9814-644FDA85E469}.Release|Windows Mobile 5.0 Pocket PC SDK (ARMV4I).ActiveCfg = Release|Win32
		{BA849CCC-A1BA-495B-94F6-57933C7D6181}.Debug_RTL_dll|Win32.ActiveCfg = Debug|Win32
		{BA849CCC-A1BA-495B-94F6-57933C7D6181}.Debug_RTL_dll|Win32.Build.0 = Debug|Win32
		{BA849CCC-A1BA-495B-94F6-57933C7D6181}.Debug_RTL_dll|Windows Mobile 5.0 Pocket PC SDK (ARMV4I).ActiveCfg = Debug|Win32
		{BA849CCC-A1BA-495B-94F6-57933C7D6181}.Debug_WM5_PPC_ARM|Win32.ActiveCfg = Debug|Win32
		{BA849CCC-A1BA-495B-94F6-57933C7D6181}.Debug_WM5_PPC_ARM|Win32.Build.0 = Debug|Win32
		{BA849CCC-A1BA-495B-94F6-57933C7D6181}.Debug_WM5_PPC_ARM|Windows Mobile 5.0 Pocket PC SDK (ARMV4I).ActiveCfg = Debug|Win32
		{BA849CCC-A1BA-495B-94F6-57933C7D6181}.Debug|Win32.ActiveCfg = Debug|Win32
		{BA849CCC-A1BA-495B-94F6-57933C7D6181}.Debug|Win32.Build.0 = Debug|Win32
		{BA849CCC-A1BA-495B-94F6-57933C7D6181}.Debug|Windows Mobile 5.0 Pocket PC SDK (ARMV4I).ActiveCfg = Debug|Win32
		{BA849CCC-A1BA-495B-94F6-57933C7D6181}.Release_Dynamic|Win32.ActiveCfg = Release|Win32
		{BA849CCC-A1BA-495B-94F6-57933C7D6181}.Release_Dynamic|Win32.Build.0 = Release|Win32
		{BA849CCC-A1BA-495B-94F6-57933C7D6181}.Release_Dynamic|Windows Mobile 5.0 Pocket PC SDK (ARMV4I).ActiveCfg = Release|Win32
		{BA849CCC-A1BA-495B-94F6-57933C7D6181}.Release_RTL_dll|Win32.ActiveCfg = Release|Win32
		{BA849CCC-A1BA-495B-94F6-57933C7D6181}.Release_RTL_dll|Win32.Build.0 = Release|Win32
		{BA849CCC-A1BA-495B-94F6-57933C7D6181}.Release_RTL_dll|Windows Mobile 5.0 Pocket PC SDK (ARMV4I).ActiveCfg = Release|Win32
		{BA849CCC-A1BA-495B-94F6-57933C7D6181}.Release_SSE|Win32.ActiveCfg = Release|Win32
		{BA849CCC-A1BA-495B-94F6-57933C7D6181}.Release_SSE|Win32.Build.0 = Release|Win32
		{BA849CCC-A1BA-495B-94F6-57933C7D6181}.Release_SSE|Windows Mobile 5.0 Pocket PC SDK (ARMV4I).ActiveCfg = Release|Win32
		{BA849CCC-A1BA-495B-94F6-57933C7D6181}.Release_SSE2|Win32.ActiveCfg = Release|Win32
		{BA849CCC-A1BA-495B-94F6-57933C7D6181}.Release_SSE2|Win32.Build.0 = Release|Win32
		{BA849CCC-A1BA-495B-94F6-57933C7D6181}.Release_SSE2|Windows Mobile 5.0 Pocket PC SDK (ARMV4I).ActiveCfg = Release|Win32
		{BA849CCC-A1BA-495B-94F6-57933C7D6181}.Release_WM5_PPC_ARM|Win32.ActiveCfg = Release|Win32
		{BA849CCC-A1BA-495B-94F6-57933C7D6181}.Release_WM5_PPC_ARM|Win32.Build.0 = Release|Win32
		{BA849CCC-A1BA-495B-94F6-57933C7D6181}.Release_WM5_PPC_ARM|Windows Mobile 5.0 Pocket PC SDK (ARMV4I).ActiveCfg = Release|Win32
		{BA849CCC-A1BA-495B-94F6-57933C7D6181}.Release|Win32.ActiveCfg = Release|Win32
		{BA849CCC-A1BA-495B-94F6-57933C7D6181}.Release|Win32.Build.0 = Release|Win32
		{BA849CCC-A1BA-495B-94F6-57933C7D6181}.Release|Windows Mobile 5.0 Pocket PC SDK (ARMV4I).ActiveCfg = Release|Win32
		{D869A1C6-9EA1-47E8-88AA-05E40EF63367}.Debug_RTL_dll|Win32.ActiveCfg = Debug|Win32
		{D869A1C6-9EA1-47E8-88AA-05E40EF63367}.Debug_RTL_dll|Win32.Build.0 = Debug|Win32
		{D869A1C6-9EA1-47E8-88AA-05E40EF63367}.Debug_RTL_dll|Windows Mobile 5.0 Pocket PC SDK (ARMV4I).ActiveCfg = Debug|Win32
		{D869A1C6-9EA1-47E8-88AA-05E40EF63367}.Debug_WM5_PPC_ARM|Win32.ActiveCfg = Debug|Win32
		{D869A1C6-9EA1-47E8-88AA-05E40EF63367}.Debug_WM5_PPC_ARM|Win32.Build.0 = Debug|Win32
		{D869A1C6-9EA1-47E8-88AA-05E40EF63367}.Debug_WM5_PPC_ARM|Windows Mobile 5.0 Pocket PC SDK (ARMV4I).ActiveCfg = Debug|Win32
		{D869A1C6-9EA1-47E8-88AA-05E40EF63367}.Debug|Win32.ActiveCfg = Debug|Win32
		{D869A1C6-9EA1-47E8-88AA-05E40EF63367}.Debug|Win32.Build.0 = Debug|Win32
		{D869A1C6-9EA1-47E8-88AA-05E40EF63367}.Debug|Windows Mobile 5.0 Pocket PC SDK (ARMV4I).ActiveCfg = Debug|Win32
		{D869A1C6-9EA1-47E8-88AA-05E40EF63367}.Release_Dynamic|Win32.ActiveCfg = Release|Win32
		{D869A1C6-9EA1-47E8-88AA-05E40EF63367}.Release_Dynamic|Win32.Build.0 = Release|Win32
		{D869A1C6-9EA1-47E8-88AA-05E40EF63367}.Release_Dynamic|Windows Mobile 5.0 Pocket PC SDK (ARMV4I).ActiveCfg = Release|Win32
		{D869A1C6-9EA1-47E8-88AA-05E40EF63367}.Release_RTL_dll|Win32.ActiveCfg = Release|Win32
		{D869A1C6-9EA1-47E8-88AA-05E40EF63367}.Release_RTL_dll|Win32.Build.0 = Release|Win32
		{D869A1C6-9EA1-47E8-88AA-05E40EF63367}.Release_RTL_dll|Windows Mobile 5.0 Pocket PC SDK (ARMV4I).ActiveCfg = Release|Win32
		{D869A1C6-9EA1-47E8-88AA-05E40EF63367}.Release_SSE|Win32.ActiveCfg = Release|Win32
		{D869A1C6-9EA1-47E8-88AA-05E40EF63367}.Release_SSE|Win32.Build.0 = Release|Win32
		{D869A1C6-9EA1-47E8-88AA-05E40EF63367}.Release_SSE|Windows Mobile 5.0 Pocket PC SDK (ARMV4I).ActiveCfg = Release|Win32
		{D869A1C6-9EA1-47E8-88AA-05E40EF63367}.Release_SSE2|Win32.ActiveCfg = Release|Win32
		{D869A1C6-9EA1-47E8-88AA-05E40EF63367}.Release_SSE2|Win32.Build.0 = Release|Win32
		{D869A1C6-9EA1-47E8-88AA-05E40EF63367}.Release_SSE2|Windows Mobile 5.0 Pocket PC SDK (ARMV4I).ActiveCfg = Release|Win32
		{D869A1C6-9EA1-47E8-88AA-05E40EF63367}.Release_WM5_PPC_ARM|Win32.ActiveCfg = Release|Win32
		{D869A1C6-9EA1-47E8-88AA-05E40EF63367}.Release_WM5_PPC_ARM|Win32.Build.0 = Release|Win32
		{D869A1C6-9EA1-47E8-88AA-05E40EF63367}.Release_WM5_PPC_ARM|Windows Mobile 5.0 Pocket PC SDK (ARMV4I).ActiveCfg = Release|Win32
		{D869A1C6-9EA1-47E8-88AA-05E40EF63367}.Release|Win32.ActiveCfg = Release|Win32
		{D869A1C6-9EA1-47E8-88AA-05E40EF63367}.Release|Win32.Build.0 = Release|Win32
		{D869A1C6-9EA1-47E8-88AA-05E40EF63367}.Release|Windows Mobile 5.0 Pocket PC SDK (ARMV4I).ActiveCfg = Release|Win32
		{D8B7C126-A241-46F6-88DB-8B0281C0B735}.Debug_RTL_dll|Win32.ActiveCfg = Debug|Win32
		{D8B7C126-A241-46F6-88DB-8B0281C0B735}.Debug_RTL_dll|Win32.Build.0 = Debug|Win32
		{D8B7C126-A241-46F6-88DB-8B0281C0B735}.Debug_RTL_dll|Windows Mobile 5.0 Pocket PC SDK (ARMV4I).ActiveCfg = Debug|Win32
		{D8B7C126-A241-46F6-88DB-8B0281C0B735}.Debug_WM5_PPC_ARM|Win32.ActiveCfg = Debug|Win32
		{D8B7C126-A241-46F6-88DB-8B0281C0B735}.Debug_WM5_PPC_ARM|Win32.Build.0 = Debug|Win32
		{D8B7C126-A241-46F6-88DB-8B0281C0B735}.Debug_WM5_PPC_ARM|Windows Mobile 5.0 Pocket PC SDK (ARMV4I).ActiveCfg = Debug|Win32
		{D8B7C126-A241-46F6-88DB-8B0281C0B735}.Debug|Win32.ActiveCfg = Debug|Win32
		{D8B7C126-A241-46F6-88DB-8B0281C0B735}.Debug|Win32.Build.0 = Debug|Win32
		{D8B7C126-A241-46F6-88DB-8B0281C0B735}.Debug|Windows Mobile 5.0 Pocket PC SDK (ARMV4I).ActiveCfg = Debug|Win32
		{D8B7C126-A241-46F6-88DB-8B0281C0B735}.Release_Dynamic|Win32.ActiveCfg = Release|Win32
		{D8B7C126-A241-46F6-88DB-8B0281C0B735}.Release_Dynamic|Win32.Build.0 = Release|Win32
		{D8B7C126-A241-46F6-88DB-8B0281C0B735}.Release_Dynamic|Windows Mobile 5.0 Pocket PC SDK (ARMV4I).ActiveCfg = Release|Win32
		{D8B7C126-A241-46F6-88DB-8B0281C0B735}.Release_RTL_dll|Win32.ActiveCfg = Release|Win32
		{D8B7C126-A241-46F6-88DB-8B0281C0B735}.Release_RTL_dll|Win32.Build.0 = Release|Win32
		{D8B7C126-A241-46F6-88DB-8B0281C0B735}.Release_RTL_dll|Windows Mobile 5.0 Pocket PC SDK (ARMV4I).ActiveCfg = Release|Win32
		{D8B7C126-A241-46F6-88DB-8B0281C0B735}.Release_SSE|Win32.ActiveCfg = Release|Win32
		{D8B7C126-A241-46F6-88DB-8B0281C0B735}.Release_SSE|Win32.Build.0 = Release|Win32
		{D8B7C126-A241-46F6-88DB-8B0281C0B735}.Release_SSE|Windows Mobile 5.0 Pocket PC SDK (ARMV4I).ActiveCfg = Release|Win32
		{D8B7C126-A241-46F6-88DB-8B0281C0B735}.Release_SSE2|Win32.ActiveCfg = Release|Win32
		{D8B7C126-A241-46F6-88DB-8B0281C0B735}.Release_SSE2|Win32.Build.0 = Release|Win32
		{D8B7C126-A241-46F6-88DB-8B0281C0B735}.Release_SSE2|Windows Mobile 5.0 Pocket PC SDK (ARMV4I).ActiveCfg = Release|Win32
		{D8B7C126-A241-46F6-88DB-8B0281C0B735}.Release_WM5_PPC_ARM|Win32.ActiveCfg = Release|Win32
		{D8B7C126-A241-46F6-88DB-8B0281C0B735}.Release_WM5_PPC_ARM|Win32.Build.0 = Release|Win32
		{D8B7C126-A241-46F6-88DB-8B0281C0B735}.Release_WM5_PPC_ARM|Windows Mobile 5.0 Pocket PC SDK (ARMV4I).ActiveCfg = Release|Win32
		{D8B7C126-A241-46F6-88DB-8B0281C0B735}.Release|Win32.ActiveCfg = Release|Win32
		{D8B7C126-A241-46F6-88DB-8B0281C0B735}.Release|Win32.Build.0 = Release|Win32
		{D8B7C126-A241-46F6-88DB-8B0281C0B735}.Release|Windows Mobile 5.0 Pocket PC SDK (ARMV4I).ActiveCfg = Release|Win32
		{E972C52F-9E85-4D65-B19C-031E511E9DB4}.Debug_RTL_dll|Win32.ActiveCfg = Debug_RTL_dll|Win32
		{E972C52F-9E85-4D65-B19C-031E511E9DB4}.Debug_RTL_dll|Win32.Build.0 = Debug_RTL_dll|Win32
		{E972C52F-9E85-4D65-B19C-031E511E9DB4}.Debug_RTL_dll|Windows Mobile 5.0 Pocket PC SDK (ARMV4I).ActiveCfg = Debug_RTL_dll|Windows Mobile 5.0 Pocket PC SDK (ARMV4I)
		{E972C52F-9E85-4D65-B19C-031E511E9DB4}.Debug_RTL_dll|Windows Mobile 5.0 Pocket PC SDK (ARMV4I).Build.0 = Debug_RTL_dll|Windows Mobile 5.0 Pocket PC SDK (ARMV4I)
		{E972C52F-9E85-4D65-B19C-031E511E9DB4}.Debug_RTL_dll|Windows Mobile 5.0 Pocket PC SDK (ARMV4I).Deploy.0 = Debug_RTL_dll|Windows Mobile 5.0 Pocket PC SDK (ARMV4I)
		{E972C52F-9E85-4D65-B19C-031E511E9DB4}.Debug_WM5_PPC_ARM|Win32.ActiveCfg = Debug_WM5_PPC_ARM|Win32
		{E972C52F-9E85-4D65-B19C-031E511E9DB4}.Debug_WM5_PPC_ARM|Win32.Build.0 = Debug_WM5_PPC_ARM|Win32
		{E972C52F-9E85-4D65-B19C-031E511E9DB4}.Debug_WM5_PPC_ARM|Windows Mobile 5.0 Pocket PC SDK (ARMV4I).ActiveCfg = Debug_WM5_PPC_ARM|Windows Mobile 5.0 Pocket PC SDK (ARMV4I)
		{E972C52F-9E85-4D65-B19C-031E511E9DB4}.Debug_WM5_PPC_ARM|Windows Mobile 5.0 Pocket PC SDK (ARMV4I).Build.0 = Debug_WM5_PPC_ARM|Windows Mobile 5.0 Pocket PC SDK (ARMV4I)
		{E972C52F-9E85-4D65-B19C-031E511E9DB4}.Debug_WM5_PPC_ARM|Windows Mobile 5.0 Pocket PC SDK (ARMV4I).Deploy.0 = Debug_WM5_PPC_ARM|Windows Mobile 5.0 Pocket PC SDK (ARMV4I)
		{E972C52F-9E85-4D65-B19C-031E511E9DB4}.Debug|Win32.ActiveCfg = Debug|Win32
		{E972C52F-9E85-4D65-B19C-031E511E9DB4}.Debug|Win32.Build.0 = Debug|Win32
		{E972C52F-9E85-4D65-B19C-031E511E9DB4}.Debug|Windows Mobile 5.0 Pocket PC SDK (ARMV4I).ActiveCfg = Debug|Windows Mobile 5.0 Pocket PC SDK (ARMV4I)
		{E972C52F-9E85-4D65-B19C-031E511E9DB4}.Debug|Windows Mobile 5.0 Pocket PC SDK (ARMV4I).Build.0 = Debug|Windows Mobile 5.0 Pocket PC SDK (ARMV4I)
		{E972C52F-9E85-4D65-B19C-031E511E9DB4}.Debug|Windows Mobile 5.0 Pocket PC SDK (ARMV4I).Deploy.0 = Debug|Windows Mobile 5.0 Pocket PC SDK (ARMV4I)
		{E972C52F-9E85-4D65-B19C-031E511E9DB4}.Release_Dynamic|Win32.ActiveCfg = Release_Dynamic|Win32
		{E972C52F-9E85-4D65-B19C-031E511E9DB4}.Release_Dynamic|Win32.Build.0 = Release_Dynamic|Win32
		{E972C52F-9E85-4D65-B19C-031E511E9DB4}.Release_Dynamic|Windows Mobile 5.0 Pocket PC SDK (ARMV4I).ActiveCfg = Release_Dynamic|Windows Mobile 5.0 Pocket PC SDK (ARMV4I)
		{E972C52F-9E85-4D65-B19C-031E511E9DB4}.Release_Dynamic|Windows Mobile 5.0 Pocket PC SDK (ARMV4I).Build.0 = Release_Dynamic|Windows Mobile 5.0 Pocket PC SDK (ARMV4I)
		{E972C52F-9E85-4D65-B19C-031E511E9DB4}.Release_Dynamic|Windows Mobile 5.0 Pocket PC SDK (ARMV4I).Deploy.0 = Release_Dynamic|Windows Mobile 5.0 Pocket PC SDK (ARMV4I)
		{E972C52F-9E85-4D65-B19C-031E511E9DB4}.Release_RTL_dll|Win32.ActiveCfg = Release_RTL_dll|Win32
		{E972C52F-9E85-4D65-B19C-031E511E9DB4}.Release_RTL_dll|Win32.Build.0 = Release_RTL_dll|Win32
		{E972C52F-9E85-4D65-B19C-031E511E9DB4}.Release_RTL_dll|Windows Mobile 5.0 Pocket PC SDK (ARMV4I).ActiveCfg = Release_RTL_dll|Windows Mobile 5.0 Pocket PC SDK (ARMV4I)
		{E972C52F-9E85-4D65-B19C-031E511E9DB4}.Release_RTL_dll|Windows Mobile 5.0 Pocket PC SDK (ARMV4I).Build.0 = Release_RTL_dll|Windows Mobile 5.0 Pocket PC SDK (ARMV4I)
		{E972C52F-9E85-4D65-B19C-031E511E9DB4}.Release_RTL_dll|Windows Mobile 5.0 Pocket PC SDK (ARMV4I).Deploy.0 = Release_RTL_dll|Windows Mobile 5.0 Pocket PC SDK (ARMV4I)
		{E972C52F-9E85-4D65-B19C-031E511E9DB4}.Release_SSE|Win32.ActiveCfg = Release_SSE|Win32
		{E972C52F-9E85-4D65-B19C-031E511E9DB4}.Release_SSE|Win32.Build.0 = Release_SSE|Win32
		{E972C52F-9E85-4D65-B19C-031E511E9DB4}.Release_SSE|Windows Mobile 5.0 Pocket PC SDK (ARMV4I).ActiveCfg = Release_SSE|Windows Mobile 5.0 Pocket PC SDK (ARMV4I)
		{E972C52F-9E85-4D65-B19C-031E511E9DB4}.Release_SSE|Windows Mobile 5.0 Pocket PC SDK (ARMV4I).Build.0 = Release_SSE|Windows Mobile 5.0 Pocket PC SDK (ARMV4I)
		{E972C52F-9E85-4D65-B19C-031E511E9DB4}.Release_SSE|Windows Mobile 5.0 Pocket PC SDK (ARMV4I).Deploy.0 = Release_SSE|Windows Mobile 5.0 Pocket PC SDK (ARMV4I)
		{E972C52F-9E85-4D65-B19C-031E511E9DB4}.Release_SSE2|Win32.ActiveCfg = Release_SSE2|Win32
		{E972C52F-9E85-4D65-B19C-031E511E9DB4}.Release_SSE2|Win32.Build.0 = Release_SSE2|Win32
		{E972C52F-9E85-4D65-B19C-031E511E9DB4}.Release_SSE2|Windows Mobile 5.0 Pocket PC SDK (ARMV4I).ActiveCfg = Release_SSE2|Windows Mobile 5.0 Pocket PC SDK (ARMV4I)
		{E972C52F-9E85-4D65-B19C-031E511E9DB4}.Release_SSE2|Windows Mobile 5.0 Pocket PC SDK (ARMV4I).Build.0 = Release_SSE2|Windows Mobile 5.0 Pocket PC SDK (ARMV4I)
		{E972C52F-9E85-4D65-B19C-031E511E9DB4}.Release_SSE2|Windows Mobile 5.0 Pocket PC SDK (ARMV4I).Deploy.0 = Release_SSE2|Windows Mobile 5.0 Pocket PC SDK (ARMV4I)
		{E972C52F-9E85-4D65-B19C-031E511E9DB4}.Release_WM5_PPC_ARM|Win32.ActiveCfg = Release_WM5_PPC_ARM|Win32
		{E972C52F-9E85-4D65-B19C-031E511E9DB4}.Release_WM5_PPC_ARM|Win32.Build.0 = Release_WM5_PPC_ARM|Win32
		{E972C52F-9E85-4D65-B19C-031E511E9DB4}.Release_WM5_PPC_ARM|Windows Mobile 5.0 Pocket PC SDK (ARMV4I).ActiveCfg = Release_WM5_PPC_ARM|Windows Mobile 5.0 Pocket PC SDK (ARMV4I)
		{E972C52F-9E85-4D65-B19C-031E511E9DB4}.Release_WM5_PPC_ARM|Windows Mobile 5.0 Pocket PC SDK (ARMV4I).Build.0 = Release_WM5_PPC_ARM|Windows Mobile 5.0 Pocket PC SDK (ARMV4I)
		{E972C52F-9E85-4D65-B19C-031E511E9DB4}.Release_WM5_PPC_ARM|Windows Mobile 5.0 Pocket PC SDK (ARMV4I).Deploy.0 = Release_WM5_PPC_ARM|Windows Mobile 5.0 Pocket PC SDK (ARMV4I)
		{E972C52F-9E85-4D65-B19C-031E511E9DB4}.Release|Win32.ActiveCfg = Release|Win32
		{E972C52F-9E85-4D65-B19C-031E511E9DB4}.Release|Win32.Build.0 = Release|Win32
		{E972C52F-9E85-4D65-B19C-031E511E9DB4}.Release|Windows Mobile 5.0 Pocket PC SDK (ARMV4I).ActiveCfg = Release|Windows Mobile 5.0 Pocket PC SDK (ARMV4I)
		{E972C52F-9E85-4D65-B19C-031E511E9DB4}.Release|Windows Mobile 5.0 Pocket PC SDK (ARMV4I).Build.0 = Release|Windows Mobile 5.0 Pocket PC SDK (ARMV4I)
		{E972C52F-9E85-4D65-B19C-031E511E9DB4}.Release|Windows Mobile 5.0 Pocket PC SDK (ARMV4I).Deploy.0 = Release|Windows Mobile 5.0 Pocket PC SDK (ARMV4I)
		{3575C6D2-9006-4391-9CB0-A614CA639A52}.Debug_RTL_dll|Win32.ActiveCfg = Debug|Win32
		{3575C6D2-9006-4391-9CB0-A614CA639A52}.Debug_RTL_dll|Win32.Build.0 = Debug|Win32
		{3575C6D2-9006-4391-9CB0-A614CA639A52}.Debug_RTL_dll|Windows Mobile 5.0 Pocket PC SDK (ARMV4I).ActiveCfg = Debug|Win32
		{3575C6D2-9006-4391-9CB0-A614CA639A52}.Debug_WM5_PPC_ARM|Win32.ActiveCfg = Debug|Win32
		{3575C6D2-9006-4391-9CB0-A614CA639A52}.Debug_WM5_PPC_ARM|Win32.Build.0 = Debug|Win32
		{3575C6D2-9006-4391-9CB0-A614CA639A52}.Debug_WM5_PPC_ARM|Windows Mobile 5.0 Pocket PC SDK (ARMV4I).ActiveCfg = Debug|Win32
		{3575C6D2-9006-4391-9CB0-A614CA639A52}.Debug|Win32.ActiveCfg = Debug|Win32
		{3575C6D2-9006-4391-9CB0-A614CA639A52}.Debug|Win32.Build.0 = Debug|Win32
		{3575C6D2-9006-4391-9CB0-A614CA639A52}.Debug|Windows Mobile 5.0 Pocket PC SDK (ARMV4I).ActiveCfg = Debug|Win32
		{3575C6D2-9006-4391-9CB0-A614CA639A52}.Release_Dynamic|Win32.ActiveCfg = Release|Win32
		{3575C6D2-9006-4391-9CB0-A614CA639A52}.Release_Dynamic|Win32.Build.0 = Release|Win32
		{3575C6D2-9006-4391-9CB0-A614CA639A52}.Release_Dynamic|Windows Mobile 5.0 Pocket PC SDK (ARMV4I).ActiveCfg = Release|Win32
		{3575C6D2-9006-4391-9CB0-A614CA639A52}.Release_RTL_dll|Win32.ActiveCfg = Release|Win32
		{3575C6D2-9006-4391-9CB0-A614CA639A52}.Release_RTL_dll|Win32.Build.0 = Release|Win32
		{3575C6D2-9006-4391-9CB0-A614CA639A52}.Release_RTL_dll|Windows Mobile 5.0 Pocket PC SDK (ARMV4I).ActiveCfg = Release|Win32
		{3575C6D2-9006-4391-9CB0-A614CA639A52}.Release_SSE|Win32.ActiveCfg = Release|Win32
		{3575C6D2-9006-4391-9CB0-A614CA639A52}.Release_SSE|Win32.Build.0 = Release|Win32
		{3575C6D2-9006-4391-9CB0-A614CA639A52}.Release_SSE|Windows Mobile 5.0 Pocket PC SDK (ARMV4I).ActiveCfg = Release|Win32
		{3575C6D2-9006-4391-9CB0-A614CA639A52}.Release_SSE2|Win32.ActiveCfg = Release|Win32
		{3575C6D2-9006-4391-9CB0-A614CA639A52}.Release_SSE2|Win32.Build.0 = Release|Win32
		{3575C6D2-9006-4391-9CB0-A614CA639A52}.Release_SSE2|Windows Mobile 5.0 Pocket PC SDK (ARMV4I).ActiveCfg = Release|Win32
		{3575C6D2-9006-4391-9CB0-A614CA639A52}.Release_WM5_PPC_ARM|Win32.ActiveCfg = Release|Win32
		{3575C6D2-9006-4391-9CB0-A614CA639A52}.Release_WM5_PPC_ARM|Win32.Build.0 = Release|Win32
		{3575C6D2-9006-4391-9CB0-A614CA639A52}.Release_WM5_PPC_ARM|Windows Mobile 5.0 Pocket PC SDK (ARMV4I).ActiveCfg = Release|Win32
		{3575C6D2-9006-4391-9CB0-A614CA639A52}.Release|Win32.ActiveCfg = Release|Win32
		{3575C6D2-9006-4391-9CB0-A614CA639A52}.Release|Win32.Build.0 = Release|Win32
		{3575C6D2-9006-4391-9CB0-A614CA639A52}.Release|Windows Mobile 5.0 Pocket PC SDK (ARMV4I).ActiveCfg = Release|Win32
	EndGlobalSection
	GlobalSection(SolutionProperties) = preSolution
		HideSolutionNode = FALSE
	EndGlobalSection
	GlobalSection(NestedProjects) = preSolution
		{D869A1C6-9EA1-47E8-88AA-05E40EF63367} = {77BE29CD-5665-46E9-B0F4-DD2BAA3C589E}
		{CCA3795B-81FB-472A-9BC3-F4034FC3935E} = {77BE29CD-5665-46E9-B0F4-DD2BAA3C589E}
		{783FE9C5-0EDD-4286-922D-A224D47ED561} = {77BE29CD-5665-46E9-B0F4-DD2BAA3C589E}
		{F51D094D-FBE1-4773-89F0-1321C5210CEC} = {77BE29CD-5665-46E9-B0F4-DD2BAA3C589E}
		{F129C841-474D-4453-813C-3482996AB040} = {77BE29CD-5665-46E9-B0F4-DD2BAA3C589E}
		{1338A207-2F4F-4FCA-9305-79A4609D7296} = {77BE29CD-5665-46E9-B0F4-DD2BAA3C589E}
		{73FD8394-2799-4875-9B77-2DB5F5243CD2} = {77BE29CD-5665-46E9-B0F4-DD2BAA3C589E}
		{EF3E3592-B5B3-4CB1-AFB7-F09A5E4E3A37} = {77BE29CD-5665-46E9-B0F4-DD2BAA3C589E}
		{E6C66FDF-1934-4A5F-A80E-01E0576ABFAC} = {77BE29CD-5665-46E9-B0F4-DD2BAA3C589E}
		{FE7DB30D-02B0-4E90-861A-30F76343E437} = {77BE29CD-5665-46E9-B0F4-DD2BAA3C589E}
		{8C2D3A6B-3345-44F4-B594-D707521BB260} = {77BE29CD-5665-46E9-B0F4-DD2BAA3C589E}
		{AACC2CBB-A075-43DD-B890-AE5E753C5AFE} = {77BE29CD-5665-46E9-B0F4-DD2BAA3C589E}
		{F406B8A1-1BF3-41E0-8BAD-B5841221CE32} = {77BE29CD-5665-46E9-B0F4-DD2BAA3C589E}
		{77247CB4-15AB-464E-AEF1-BCE353A818DD} = {77BE29CD-5665-46E9-B0F4-DD2BAA3C589E}
		{DD27BF89-DBA3-4070-A836-E39B91417EBB} = {77BE29CD-5665-46E9-B0F4-DD2BAA3C589E}
		{249D7D84-AB2A-41A9-9814-644FDA85E469} = {77BE29CD-5665-46E9-B0F4-DD2BAA3C589E}
		{BA849CCC-A1BA-495B-94F6-57933C7D6181} = {77BE29CD-5665-46E9-B0F4-DD2BAA3C589E}
		{D8B7C126-A241-46F6-88DB-8B0281C0B735} = {77BE29CD-5665-46E9-B0F4-DD2BAA3C589E}
		{E972C52F-9E85-4D65-B19C-031E511E9DB4} = {DE5D0C12-E174-4B8A-A461-C4AF9DB1106A}
		{3575C6D2-9006-4391-9CB0-A614CA639A52} = {32928290-ABE5-45A4-859E-2885F476C26E}
	EndGlobalSection
EndGlobal
