
Microsoft Visual Studio Solution File, Format Version 10.00
# Visual Studio 2008
Project("{8BC9CEB8-8B4A-11D0-8D11-00A0C91BC942}") = "common", "common\win32\win32common.vcproj", "{F51D094D-FBE1-4773-89F0-1321C5210CEC}"
EndProject
Project("{8BC9CEB8-8B4A-11D0-8D11-00A0C91BC942}") = "ghttp", "ghttp\ghttp.vcproj", "{1338A207-2F4F-4FCA-9305-79A4609D7296}"
EndProject
Project("{8BC9CEB8-8B4A-11D0-8D11-00A0C91BC942}") = "GP", "GP\GP.vcproj", "{73FD8394-2799-4875-9B77-2DB5F5243CD2}"
EndProject
Project("{8BC9CEB8-8B4A-11D0-8D11-00A0C91BC942}") = "gcdkey", "gcdkey\gcdkey.vcproj", "{F129C841-474D-4453-813C-3482996AB040}"
EndProject
Project("{8BC9CEB8-8B4A-11D0-8D11-00A0C91BC942}") = "Chat", "Chat\Chat.vcproj", "{783FE9C5-0EDD-4286-922D-A224D47ED561}"
EndProject
Project("{8BC9CEB8-8B4A-11D0-8D11-00A0C91BC942}") = "brigades", "brigades\brigades.vcproj", "{CCA3795B-81FB-472A-9BC3-F4034FC3935E}"
EndProject
Project("{8BC9CEB8-8B4A-11D0-8D11-00A0C91BC942}") = "gstats", "gstats\gstats.vcproj", "{EF3E3592-B5B3-4CB1-AFB7-F09A5E4E3A37}"
EndProject
Project("{8BC9CEB8-8B4A-11D0-8D11-00A0C91BC942}") = "gt2", "gt2\gt2.vcproj", "{E6C66FDF-1934-4A5F-A80E-01E0576ABFAC}"
EndProject
Project("{8BC9CEB8-8B4A-11D0-8D11-00A0C91BC942}") = "natneg", "natneg\natneg.vcproj", "{FE7DB30D-02B0-4E90-861A-30F76343E437}"
EndProject
Project("{8BC9CEB8-8B4A-11D0-8D11-00A0C91BC942}") = "Peer", "Peer\Peer.vcproj", "{8C2D3A6B-3345-44F4-B594-D707521BB260}"
EndProject
Project("{8BC9CEB8-8B4A-11D0-8D11-00A0C91BC942}") = "pinger", "pinger\pinger.vcproj", "{AACC2CBB-A075-43DD-B890-AE5E753C5AFE}"
EndProject
Project("{8BC9CEB8-8B4A-11D0-8D11-00A0C91BC942}") = "pt", "pt\pt.vcproj", "{F406B8A1-1BF3-41E0-8BAD-B5841221CE32}"
EndProject
Project("{8BC9CEB8-8B4A-11D0-8D11-00A0C91BC942}") = "qr2", "qr2\qr2.vcproj", "{77247CB4-15AB-464E-AEF1-BCE353A818DD}"
EndProject
Project("{8BC9CEB8-8B4A-11D0-8D11-00A0C91BC942}") = "sake", "sake\sake.vcproj", "{DD27BF89-DBA3-4070-A836-E39B91417EBB}"
EndProject
Project("{8BC9CEB8-8B4A-11D0-8D11-00A0C91BC942}") = "sc", "sc\sc.vcproj", "{249D7D84-AB2A-41A9-9814-644FDA85E469}"
EndProject
Project("{8BC9CEB8-8B4A-11D0-8D11-00A0C91BC942}") = "serverbrowsing", "serverbrowsing\serverbrowsing.vcproj", "{BA849CCC-A1BA-495B-94F6-57933C7D6181}"
EndProject
Project("{8BC9CEB8-8B4A-11D0-8D11-00A0C91BC942}") = "webservices", "webservices\webservices.vcproj", "{D869A1C6-9EA1-47E8-88AA-05E40EF63367}"
EndProject
Project("{8BC9CEB8-8B4A-11D0-8D11-00A0C91BC942}") = "Voice2", "Voice2\Voice2.vcproj", "{D8B7C126-A241-46F6-88DB-8B0281C0B735}"
EndProject
Global
	GlobalSection(SolutionConfigurationPlatforms) = preSolution
		Debug|Win32 = Debug|Win32
		Release|Win32 = Release|Win32
	EndGlobalSection
	GlobalSection(ProjectConfigurationPlatforms) = postSolution
		{F51D094D-FBE1-4773-89F0-1321C5210CEC}.Debug|Win32.ActiveCfg = Debug|Win32
		{F51D094D-FBE1-4773-89F0-1321C5210CEC}.Debug|Win32.Build.0 = Debug|Win32
		{F51D094D-FBE1-4773-89F0-1321C5210CEC}.Release|Win32.ActiveCfg = Release|Win32
		{F51D094D-FBE1-4773-89F0-1321C5210CEC}.Release|Win32.Build.0 = Release|Win32
		{1338A207-2F4F-4FCA-9305-79A4609D7296}.Debug|Win32.ActiveCfg = Debug|Win32
		{1338A207-2F4F-4FCA-9305-79A4609D7296}.Debug|Win32.Build.0 = Debug|Win32
		{1338A207-2F4F-4FCA-9305-79A4609D7296}.Release|Win32.ActiveCfg = Release|Win32
		{1338A207-2F4F-4FCA-9305-79A4609D7296}.Release|Win32.Build.0 = Release|Win32
		{73FD8394-2799-4875-9B77-2DB5F5243CD2}.Debug|Win32.ActiveCfg = Debug|Win32
		{73FD8394-2799-4875-9B77-2DB5F5243CD2}.Debug|Win32.Build.0 = Debug|Win32
		{73FD8394-2799-4875-9B77-2DB5F5243CD2}.Release|Win32.ActiveCfg = Release|Win32
		{73FD8394-2799-4875-9B77-2DB5F5243CD2}.Release|Win32.Build.0 = Release|Win32
		{F129C841-474D-4453-813C-3482996AB040}.Debug|Win32.ActiveCfg = Debug|Win32
		{F129C841-474D-4453-813C-3482996AB040}.Debug|Win32.Build.0 = Debug|Win32
		{F129C841-474D-4453-813C-3482996AB040}.Release|Win32.ActiveCfg = Release|Win32
		{F129C841-474D-4453-813C-3482996AB040}.Release|Win32.Build.0 = Release|Win32
		{783FE9C5-0EDD-4286-922D-A224D47ED561}.Debug|Win32.ActiveCfg = Debug|Win32
		{783FE9C5-0EDD-4286-922D-A224D47ED561}.Debug|Win32.Build.0 = Debug|Win32
		{783FE9C5-0EDD-4286-922D-A224D47ED561}.Release|Win32.ActiveCfg = Release|Win32
		{783FE9C5-0EDD-4286-922D-A224D47ED561}.Release|Win32.Build.0 = Release|Win32
		{CCA3795B-81FB-472A-9BC3-F4034FC3935E}.Debug|Win32.ActiveCfg = Debug|Win32
		{CCA3795B-81FB-472A-9BC3-F4034FC3935E}.Debug|Win32.Build.0 = Debug|Win32
		{CCA3795B-81FB-472A-9BC3-F4034FC3935E}.Release|Win32.ActiveCfg = Release|Win32
		{CCA3795B-81FB-472A-9BC3-F4034FC3935E}.Release|Win32.Build.0 = Release|Win32
		{EF3E3592-B5B3-4CB1-AFB7-F09A5E4E3A37}.Debug|Win32.ActiveCfg = Debug|Win32
		{EF3E3592-B5B3-4CB1-AFB7-F09A5E4E3A37}.Debug|Win32.Build.0 = Debug|Win32
		{EF3E3592-B5B3-4CB1-AFB7-F09A5E4E3A37}.Release|Win32.ActiveCfg = Release|Win32
		{EF3E3592-B5B3-4CB1-AFB7-F09A5E4E3A37}.Release|Win32.Build.0 = Release|Win32
		{E6C66FDF-1934-4A5F-A80E-01E0576ABFAC}.Debug|Win32.ActiveCfg = Debug|Win32
		{E6C66FDF-1934-4A5F-A80E-01E0576ABFAC}.Debug|Win32.Build.0 = Debug|Win32
		{E6C66FDF-1934-4A5F-A80E-01E0576ABFAC}.Release|Win32.ActiveCfg = Release|Win32
		{E6C66FDF-1934-4A5F-A80E-01E0576ABFAC}.Release|Win32.Build.0 = Release|Win32
		{FE7DB30D-02B0-4E90-861A-30F76343E437}.Debug|Win32.ActiveCfg = Debug|Win32
		{FE7DB30D-02B0-4E90-861A-30F76343E437}.Debug|Win32.Build.0 = Debug|Win32
		{FE7DB30D-02B0-4E90-861A-30F76343E437}.Release|Win32.ActiveCfg = Release|Win32
		{FE7DB30D-02B0-4E90-861A-30F76343E437}.Release|Win32.Build.0 = Release|Win32
		{8C2D3A6B-3345-44F4-B594-D707521BB260}.Debug|Win32.ActiveCfg = Debug|Win32
		{8C2D3A6B-3345-44F4-B594-D707521BB260}.Debug|Win32.Build.0 = Debug|Win32
		{8C2D3A6B-3345-44F4-B594-D707521BB260}.Release|Win32.ActiveCfg = Release|Win32
		{8C2D3A6B-3345-44F4-B594-D707521BB260}.Release|Win32.Build.0 = Release|Win32
		{AACC2CBB-A075-43DD-B890-AE5E753C5AFE}.Debug|Win32.ActiveCfg = Debug|Win32
		{AACC2CBB-A075-43DD-B890-AE5E753C5AFE}.Debug|Win32.Build.0 = Debug|Win32
		{AACC2CBB-A075-43DD-B890-AE5E753C5AFE}.Release|Win32.ActiveCfg = Release|Win32
		{AACC2CBB-A075-43DD-B890-AE5E753C5AFE}.Release|Win32.Build.0 = Release|Win32
		{F406B8A1-1BF3-41E0-8BAD-B5841221CE32}.Debug|Win32.ActiveCfg = Debug|Win32
		{F406B8A1-1BF3-41E0-8BAD-B5841221CE32}.Debug|Win32.Build.0 = Debug|Win32
		{F406B8A1-1BF3-41E0-8BAD-B5841221CE32}.Release|Win32.ActiveCfg = Release|Win32
		{F406B8A1-1BF3-41E0-8BAD-B5841221CE32}.Release|Win32.Build.0 = Release|Win32
		{77247CB4-15AB-464E-AEF1-BCE353A818DD}.Debug|Win32.ActiveCfg = Debug|Win32
		{77247CB4-15AB-464E-AEF1-BCE353A818DD}.Debug|Win32.Build.0 = Debug|Win32
		{77247CB4-15AB-464E-AEF1-BCE353A818DD}.Release|Win32.ActiveCfg = Release|Win32
		{77247CB4-15AB-464E-AEF1-BCE353A818DD}.Release|Win32.Build.0 = Release|Win32
		{DD27BF89-DBA3-4070-A836-E39B91417EBB}.Debug|Win32.ActiveCfg = Debug|Win32
		{DD27BF89-DBA3-4070-A836-E39B91417EBB}.Debug|Win32.Build.0 = Debug|Win32
		{DD27BF89-DBA3-4070-A836-E39B91417EBB}.Release|Win32.ActiveCfg = Release|Win32
		{DD27BF89-DBA3-4070-A836-E39B91417EBB}.Release|Win32.Build.0 = Release|Win32
		{249D7D84-AB2A-41A9-9814-644FDA85E469}.Debug|Win32.ActiveCfg = Debug|Win32
		{249D7D84-AB2A-41A9-9814-644FDA85E469}.Debug|Win32.Build.0 = Debug|Win32
		{249D7D84-AB2A-41A9-9814-644FDA85E469}.Release|Win32.ActiveCfg = Release|Win32
		{249D7D84-AB2A-41A9-9814-644FDA85E469}.Release|Win32.Build.0 = Release|Win32
		{BA849CCC-A1BA-495B-94F6-57933C7D6181}.Debug|Win32.ActiveCfg = Debug|Win32
		{BA849CCC-A1BA-495B-94F6-57933C7D6181}.Debug|Win32.Build.0 = Debug|Win32
		{BA849CCC-A1BA-495B-94F6-57933C7D6181}.Release|Win32.ActiveCfg = Release|Win32
		{BA849CCC-A1BA-495B-94F6-57933C7D6181}.Release|Win32.Build.0 = Release|Win32
		{D869A1C6-9EA1-47E8-88AA-05E40EF63367}.Debug|Win32.ActiveCfg = Debug|Win32
		{D869A1C6-9EA1-47E8-88AA-05E40EF63367}.Debug|Win32.Build.0 = Debug|Win32
		{D869A1C6-9EA1-47E8-88AA-05E40EF63367}.Release|Win32.ActiveCfg = Release|Win32
		{D869A1C6-9EA1-47E8-88AA-05E40EF63367}.Release|Win32.Build.0 = Release|Win32
		{D8B7C126-A241-46F6-88DB-8B0281C0B735}.Debug|Win32.ActiveCfg = Debug|Win32
		{D8B7C126-A241-46F6-88DB-8B0281C0B735}.Debug|Win32.Build.0 = Debug|Win32
		{D8B7C126-A241-46F6-88DB-8B0281C0B735}.Release|Win32.ActiveCfg = Release|Win32
		{D8B7C126-A241-46F6-88DB-8B0281C0B735}.Release|Win32.Build.0 = Release|Win32
	EndGlobalSection
	GlobalSection(SolutionProperties) = preSolution
		HideSolutionNode = FALSE
	EndGlobalSection
EndGlobal
