<?xml version="1.0" encoding="utf-8"?>
<Project ToolsVersion="4.0" xmlns="http://schemas.microsoft.com/developer/msbuild/2003">
  <ItemGroup>
    <Filter Include="Source Files">
      <UniqueIdentifier>{4FC737F1-C7A5-4376-A066-2A32D752A2FF}</UniqueIdentifier>
      <Extensions>cpp;c;cc;cxx;def;odl;idl;hpj;bat;asm;asmx</Extensions>
    </Filter>
    <Filter Include="Header Files">
      <UniqueIdentifier>{93995380-89BD-4b04-88EB-625FBE52EBFB}</UniqueIdentifier>
      <Extensions>h;hpp;hxx;hm;inl;inc;xsd</Extensions>
    </Filter>
    <Filter Include="Resource Files">
      <UniqueIdentifier>{67DA6AB6-F800-4c08-8B7A-83BB121AAD01}</UniqueIdentifier>
      <Extensions>rc;ico;cur;bmp;dlg;rc2;rct;bin;rgs;gif;jpg;jpeg;jpe;resx;tiff;tif;png;wav</Extensions>
    </Filter>
  </ItemGroup>
  <ItemGroup>
    <ClCompile Include="gp.c">
      <Filter>Source Files</Filter>
    </ClCompile>
    <ClCompile Include="gpi.c">
      <Filter>Source Files</Filter>
    </ClCompile>
    <ClCompile Include="gpiBuddy.c">
      <Filter>Source Files</Filter>
    </ClCompile>
    <ClCompile Include="gpiBuffer.c">
      <Filter>Source Files</Filter>
    </ClCompile>
    <ClCompile Include="gpiCallback.c">
      <Filter>Source Files</Filter>
    </ClCompile>
    <ClCompile Include="gpiConnect.c">
      <Filter>Source Files</Filter>
    </ClCompile>
    <ClCompile Include="gpiInfo.c">
      <Filter>Source Files</Filter>
    </ClCompile>
    <ClCompile Include="gpiKeys.c">
      <Filter>Source Files</Filter>
    </ClCompile>
    <ClCompile Include="gpiOperation.c">
      <Filter>Source Files</Filter>
    </ClCompile>
    <ClCompile Include="gpiPeer.c">
      <Filter>Source Files</Filter>
    </ClCompile>
    <ClCompile Include="gpiProfile.c">
      <Filter>Source Files</Filter>
    </ClCompile>
    <ClCompile Include="gpiPS3.c">
      <Filter>Source Files</Filter>
    </ClCompile>
    <ClCompile Include="gpiSearch.c">
      <Filter>Source Files</Filter>
    </ClCompile>
    <ClCompile Include="gpiTransfer.c">
      <Filter>Source Files</Filter>
    </ClCompile>
    <ClCompile Include="gpiUnique.c">
      <Filter>Source Files</Filter>
    </ClCompile>
    <ClCompile Include="gpiUtility.c">
      <Filter>Source Files</Filter>
    </ClCompile>
  </ItemGroup>
  <ItemGroup>
    <ClInclude Include="gp.h">
      <Filter>Header Files</Filter>
    </ClInclude>
    <ClInclude Include="gpi.h">
      <Filter>Header Files</Filter>
    </ClInclude>
    <ClInclude Include="gpiBuddy.h">
      <Filter>Header Files</Filter>
    </ClInclude>
    <ClInclude Include="gpiBuffer.h">
      <Filter>Header Files</Filter>
    </ClInclude>
    <ClInclude Include="gpiCallback.h">
      <Filter>Header Files</Filter>
    </ClInclude>
    <ClInclude Include="gpiConnect.h">
      <Filter>Header Files</Filter>
    </ClInclude>
    <ClInclude Include="gpiInfo.h">
      <Filter>Header Files</Filter>
    </ClInclude>
    <ClInclude Include="gpiKeys.h">
      <Filter>Header Files</Filter>
    </ClInclude>
    <ClInclude Include="gpiOperation.h">
      <Filter>Header Files</Filter>
    </ClInclude>
    <ClInclude Include="gpiPeer.h">
      <Filter>Header Files</Filter>
    </ClInclude>
    <ClInclude Include="gpiProfile.h">
      <Filter>Header Files</Filter>
    </ClInclude>
    <ClInclude Include="gpiPS3.h">
      <Filter>Header Files</Filter>
    </ClInclude>
    <ClInclude Include="gpiSearch.h">
      <Filter>Header Files</Filter>
    </ClInclude>
    <ClInclude Include="gpiTransfer.h">
      <Filter>Header Files</Filter>
    </ClInclude>
    <ClInclude Include="gpiUnique.h">
      <Filter>Header Files</Filter>
    </ClInclude>
    <ClInclude Include="gpiUtility.h">
      <Filter>Header Files</Filter>
    </ClInclude>
  </ItemGroup>
</Project>