<?xml version="1.0" encoding="utf-8"?>
<Project ToolsVersion="4.0" xmlns="http://schemas.microsoft.com/developer/msbuild/2003">
  <ItemGroup>
    <Filter Include="Source Files">
      <UniqueIdentifier>{4FC737F1-C7A5-4376-A066-2A32D752A2FF}</UniqueIdentifier>
      <Extensions>cpp;c;cc;cxx;def;odl;idl;hpj;bat;asm;asmx</Extensions>
    </Filter>
    <Filter Include="Header Files">
      <UniqueIdentifier>{93995380-89BD-4b04-88EB-625FBE52EBFB}</UniqueIdentifier>
      <Extensions>h;hpp;hxx;hm;inl;inc;xsd</Extensions>
    </Filter>
    <Filter Include="Resource Files">
      <UniqueIdentifier>{67DA6AB6-F800-4c08-8B7A-83BB121AAD01}</UniqueIdentifier>
      <Extensions>rc;ico;cur;bmp;dlg;rc2;rct;bin;rgs;gif;jpg;jpeg;jpe;resx;tiff;tif;png;wav</Extensions>
    </Filter>
  </ItemGroup>
  <ItemGroup>
    <ClCompile Include="..\darray.c">
      <Filter>Source Files</Filter>
    </ClCompile>
    <ClCompile Include="..\gsAssert.c">
      <Filter>Source Files</Filter>
    </ClCompile>
    <ClCompile Include="..\gsAvailable.c">
      <Filter>Source Files</Filter>
    </ClCompile>
    <ClCompile Include="..\gsCore.c">
      <Filter>Source Files</Filter>
    </ClCompile>
    <ClCompile Include="..\gsCrypt.c">
      <Filter>Source Files</Filter>
    </ClCompile>
    <ClCompile Include="..\gsDebug.c">
      <Filter>Source Files</Filter>
    </ClCompile>
    <ClCompile Include="..\gsLargeInt.c">
      <Filter>Source Files</Filter>
    </ClCompile>
    <ClCompile Include="..\gsMemory.c">
      <Filter>Source Files</Filter>
    </ClCompile>
    <ClCompile Include="..\gsPlatform.c">
      <Filter>Source Files</Filter>
    </ClCompile>
    <ClCompile Include="..\gsPlatformSocket.c">
      <Filter>Source Files</Filter>
    </ClCompile>
    <ClCompile Include="..\gsPlatformThread.c">
      <Filter>Source Files</Filter>
    </ClCompile>
    <ClCompile Include="..\gsPlatformUtil.c">
      <Filter>Source Files</Filter>
    </ClCompile>
    <ClCompile Include="..\gsRC4.c">
      <Filter>Source Files</Filter>
    </ClCompile>
    <ClCompile Include="..\gsResultCodes.c">
      <Filter>Source Files</Filter>
    </ClCompile>
    <ClCompile Include="..\gsSHA1.c">
      <Filter>Source Files</Filter>
    </ClCompile>
    <ClCompile Include="..\gsSoap.c">
      <Filter>Source Files</Filter>
    </ClCompile>
    <ClCompile Include="..\gsSSL.c">
      <Filter>Source Files</Filter>
    </ClCompile>
    <ClCompile Include="..\gsStringUtil.c">
      <Filter>Source Files</Filter>
    </ClCompile>
    <ClCompile Include="..\gsUdpEngine.c">
      <Filter>Source Files</Filter>
    </ClCompile>
    <ClCompile Include="..\gsXML.c">
      <Filter>Source Files</Filter>
    </ClCompile>
    <ClCompile Include="..\hashtable.c">
      <Filter>Source Files</Filter>
    </ClCompile>
    <ClCompile Include="..\md5c.c">
      <Filter>Source Files</Filter>
    </ClCompile>
    <ClCompile Include="Win32Common.c">
      <Filter>Source Files</Filter>
    </ClCompile>
  </ItemGroup>
  <ItemGroup>
    <ClInclude Include="..\darray.h">
      <Filter>Header Files</Filter>
    </ClInclude>
    <ClInclude Include="..\gsAssert.h">
      <Filter>Header Files</Filter>
    </ClInclude>
    <ClInclude Include="..\gsAvailable.h">
      <Filter>Header Files</Filter>
    </ClInclude>
    <ClInclude Include="..\gsCommon.h">
      <Filter>Header Files</Filter>
    </ClInclude>
    <ClInclude Include="..\gsCore.h">
      <Filter>Header Files</Filter>
    </ClInclude>
    <ClInclude Include="..\gsCrypt.h">
      <Filter>Header Files</Filter>
    </ClInclude>
    <ClInclude Include="..\gsDebug.h">
      <Filter>Header Files</Filter>
    </ClInclude>
    <ClInclude Include="..\gsLargeInt.h">
      <Filter>Header Files</Filter>
    </ClInclude>
    <ClInclude Include="..\gsMemory.h">
      <Filter>Header Files</Filter>
    </ClInclude>
    <ClInclude Include="..\gsPlatform.h">
      <Filter>Header Files</Filter>
    </ClInclude>
    <ClInclude Include="..\gsPlatformSocket.h">
      <Filter>Header Files</Filter>
    </ClInclude>
    <ClInclude Include="..\gsPlatformThread.h">
      <Filter>Header Files</Filter>
    </ClInclude>
    <ClInclude Include="..\gsPlatformUtil.h">
      <Filter>Header Files</Filter>
    </ClInclude>
    <ClInclude Include="..\gsRC4.h">
      <Filter>Header Files</Filter>
    </ClInclude>
    <ClInclude Include="..\gsResultCodes.h">
      <Filter>Header Files</Filter>
    </ClInclude>
    <ClInclude Include="..\gsSHA1.h">
      <Filter>Header Files</Filter>
    </ClInclude>
    <ClInclude Include="..\gsSoap.h">
      <Filter>Header Files</Filter>
    </ClInclude>
    <ClInclude Include="..\gsSSL.h">
      <Filter>Header Files</Filter>
    </ClInclude>
    <ClInclude Include="..\gsStringUtil.h">
      <Filter>Header Files</Filter>
    </ClInclude>
    <ClInclude Include="..\gsUdpEngine.h">
      <Filter>Header Files</Filter>
    </ClInclude>
    <ClInclude Include="..\gsXML.h">
      <Filter>Header Files</Filter>
    </ClInclude>
    <ClInclude Include="..\hashtable.h">
      <Filter>Header Files</Filter>
    </ClInclude>
    <ClInclude Include="..\md5.h">
      <Filter>Header Files</Filter>
    </ClInclude>
    <ClInclude Include="..\nonport.h">
      <Filter>Header Files</Filter>
    </ClInclude>
  </ItemGroup>
</Project>