
Microsoft Visual Studio Solution File, Format Version 9.00
# Visual Studio 2005
Project("{8BC9CEB8-8B4A-11D0-8D11-00A0C91BC942}") = "authpspprodg", "authpspprodg.vcproj", "{28A39C63-00E9-4C9E-AA1A-D6C71A6F1F34}"
EndProject
Global
	GlobalSection(TeamFoundationVersionControl) = preSolution
		SccNumberOfProjects = 2
		SccEnterpriseProvider = {4CA58AB2-18FA-4F8D-95D4-32DDF27D184C}
		SccTeamFoundationServer = http://tfssql:8080/
		SccLocalPath0 = .
		SccProjectUniqueName1 = authpspprodg.vcproj
		SccLocalPath1 = .
	EndGlobalSection
	GlobalSection(SolutionConfigurationPlatforms) = preSolution
		PSP Debug|Win32 = PSP Debug|Win32
		PSP Release|Win32 = PSP Release|Win32
	EndGlobalSection
	GlobalSection(ProjectConfigurationPlatforms) = postSolution
		{28A39C63-00E9-4C9E-AA1A-D6C71A6F1F34}.PSP Debug|Win32.ActiveCfg = PSP Debug|Win32
		{28A39C63-00E9-4C9E-AA1A-D6C71A6F1F34}.PSP Debug|Win32.Build.0 = PSP Debug|Win32
		{28A39C63-00E9-4C9E-AA1A-D6C71A6F1F34}.PSP Release|Win32.ActiveCfg = PSP Release|Win32
		{28A39C63-00E9-4C9E-AA1A-D6C71A6F1F34}.PSP Release|Win32.Build.0 = PSP Release|Win32
	EndGlobalSection
	GlobalSection(SolutionProperties) = preSolution
		HideSolutionNode = FALSE
	EndGlobalSection
EndGlobal
