<?xml version="1.0" encoding="utf-8"?>
<Project ToolsVersion="4.0" xmlns="http://schemas.microsoft.com/developer/msbuild/2003">
  <ItemGroup>
    <Filter Include="Source Files">
      <UniqueIdentifier>{794e9836-09d7-4e93-a038-878274925d65}</UniqueIdentifier>
      <Extensions>cpp;c;cxx;rc;def;r;odl;idl;hpj;bat</Extensions>
    </Filter>
    <Filter Include="Header Files">
      <UniqueIdentifier>{95d8ab9a-2c88-4788-b937-ff0eaa9bf3a1}</UniqueIdentifier>
      <Extensions>h;hpp;hxx;hm;inl</Extensions>
    </Filter>
    <Filter Include="Resource Files">
      <UniqueIdentifier>{e41f4bbc-c7db-4321-b32b-b36b878e9db9}</UniqueIdentifier>
      <Extensions>ico;cur;bmp;dlg;rc2;rct;bin;rgs;gif;jpg;jpeg;jpe</Extensions>
    </Filter>
  </ItemGroup>
  <ItemGroup>
    <ClCompile Include="LoginDlg.cpp">
      <Filter>Source Files</Filter>
    </ClCompile>
    <ClCompile Include="SetupDlg.cpp">
      <Filter>Source Files</Filter>
    </ClCompile>
    <ClCompile Include="StdAfx.cpp">
      <Filter>Source Files</Filter>
    </ClCompile>
    <ClCompile Include="Voice2BuddyMFC.cpp">
      <Filter>Source Files</Filter>
    </ClCompile>
    <ClCompile Include="Voice2BuddyMFCDlg.cpp">
      <Filter>Source Files</Filter>
    </ClCompile>
    <ClCompile Include="VoiceSessionDlg.cpp">
      <Filter>Source Files</Filter>
    </ClCompile>
  </ItemGroup>
  <ItemGroup>
    <ResourceCompile Include="Voice2BuddyMFC.rc">
      <Filter>Source Files</Filter>
    </ResourceCompile>
  </ItemGroup>
  <ItemGroup>
    <ClInclude Include="LoginDlg.h">
      <Filter>Header Files</Filter>
    </ClInclude>
    <ClInclude Include="Resource.h">
      <Filter>Header Files</Filter>
    </ClInclude>
    <ClInclude Include="SetupDlg.h">
      <Filter>Header Files</Filter>
    </ClInclude>
    <ClInclude Include="StdAfx.h">
      <Filter>Header Files</Filter>
    </ClInclude>
    <ClInclude Include="Voice2BuddyMFC.h">
      <Filter>Header Files</Filter>
    </ClInclude>
    <ClInclude Include="Voice2BuddyMFCDlg.h">
      <Filter>Header Files</Filter>
    </ClInclude>
    <ClInclude Include="VoiceSessionDlg.h">
      <Filter>Header Files</Filter>
    </ClInclude>
  </ItemGroup>
  <ItemGroup>
    <Image Include="res\gamespyl.bmp">
      <Filter>Resource Files</Filter>
    </Image>
    <Image Include="res\logo270x83.bmp">
      <Filter>Resource Files</Filter>
    </Image>
    <Image Include="res\microsoft-microphone.bmp">
      <Filter>Resource Files</Filter>
    </Image>
    <Image Include="res\microsoft-speaker.bmp">
      <Filter>Resource Files</Filter>
    </Image>
    <Image Include="res\speaking.bmp">
      <Filter>Resource Files</Filter>
    </Image>
    <Image Include="res\speaking2.bmp">
      <Filter>Resource Files</Filter>
    </Image>
    <Image Include="res\Voice2BuddyMFC.ico">
      <Filter>Resource Files</Filter>
    </Image>
  </ItemGroup>
  <ItemGroup>
    <CustomBuild Include="res\Voice2BuddyMFC.rc2">
      <Filter>Resource Files</Filter>
    </CustomBuild>
  </ItemGroup>
</Project>