<?xml version="1.0" encoding="utf-8"?>
<Project ToolsVersion="4.0" xmlns="http://schemas.microsoft.com/developer/msbuild/2003">
  <ItemGroup>
    <Filter Include="Source Files">
      <UniqueIdentifier>{addff761-105f-45dd-92b6-dce63a7e3998}</UniqueIdentifier>
      <Extensions>cpp;c;cxx;rc;def;r;odl;idl;hpj;bat</Extensions>
    </Filter>
    <Filter Include="Profiles">
      <UniqueIdentifier>{550f3311-e532-4346-be0a-a30151254fbd}</UniqueIdentifier>
    </Filter>
  </ItemGroup>
  <ItemGroup>
    <ClCompile Include="gpstress.c">
      <Filter>Source Files</Filter>
    </ClCompile>
  </ItemGroup>
  <ItemGroup>
    <None Include="profiles.csv">
      <Filter>Profiles</Filter>
    </None>
  </ItemGroup>
  <ItemGroup>
    <Text Include="gpstress.log" />
  </ItemGroup>
</Project>